// !$*UTF8*$!
{
	archiveVersion = 1;
	classes = {
	};
	objectVersion = 46;
	objects = {

/* Begin PBXBuildFile section */
		75BD17221ADB80F900DE6491 /* main.m in Sources */ = {isa = PBXBuildFile; fileRef = 75BD17211ADB80F900DE6491 /* main.m */; };
		75BD17251ADB80F900DE6491 /* AppDelegate.m in Sources */ = {isa = PBXBuildFile; fileRef = 75BD17241ADB80F900DE6491 /* AppDelegate.m */; };
		75BD17281ADB80F900DE6491 /* ViewController.m in Sources */ = {isa = PBXBuildFile; fileRef = 75BD17271ADB80F900DE6491 /* ViewController.m */; };
		75BD172B1ADB80F900DE6491 /* Main.storyboard in Resources */ = {isa = PBXBuildFile; fileRef = 75BD17291ADB80F900DE6491 /* Main.storyboard */; };
		75BD172D1ADB80F900DE6491 /* Images.xcassets in Resources */ = {isa = PBXBuildFile; fileRef = 75BD172C1ADB80F900DE6491 /* Images.xcassets */; };
		75BD17301ADB80F900DE6491 /* LaunchScreen.xib in Resources */ = {isa = PBXBuildFile; fileRef = 75BD172E1ADB80F900DE6491 /* LaunchScreen.xib */; };
		75BD173C1ADB80F900DE6491 /* TComponentsTests.m in Sources */ = {isa = PBXBuildFile; fileRef = 75BD173B1ADB80F900DE6491 /* TComponentsTests.m */; };
		75BD17EB1ADB850700DE6491 /* FMDatabase.m in Sources */ = {isa = PBXBuildFile; fileRef = 75BD174B1ADB850700DE6491 /* FMDatabase.m */; };
		75BD17EC1ADB850700DE6491 /* FMDatabaseAdditions.m in Sources */ = {isa = PBXBuildFile; fileRef = 75BD174D1ADB850700DE6491 /* FMDatabaseAdditions.m */; };
		75BD17ED1ADB850700DE6491 /* FMDatabasePool.m in Sources */ = {isa = PBXBuildFile; fileRef = 75BD174F1ADB850700DE6491 /* FMDatabasePool.m */; };
		75BD17EE1ADB850700DE6491 /* FMDatabaseQueue.m in Sources */ = {isa = PBXBuildFile; fileRef = 75BD17511ADB850700DE6491 /* FMDatabaseQueue.m */; };
		75BD17EF1ADB850700DE6491 /* FMResultSet.m in Sources */ = {isa = PBXBuildFile; fileRef = 75BD17541ADB850700DE6491 /* FMResultSet.m */; };
		75BD17F01ADB850700DE6491 /* FBDMMigration.m in Sources */ = {isa = PBXBuildFile; fileRef = 75BD17561ADB850700DE6491 /* FBDMMigration.m */; };
		75BD17F11ADB850700DE6491 /* FMDBMigrationColumn.m in Sources */ = {isa = PBXBuildFile; fileRef = 75BD17591ADB850700DE6491 /* FMDBMigrationColumn.m */; };
		75BD17F21ADB850700DE6491 /* FMDBMigrationManager.m in Sources */ = {isa = PBXBuildFile; fileRef = 75BD175B1ADB850700DE6491 /* FMDBMigrationManager.m */; };
		75BD17F31ADB850700DE6491 /* FAKFontAwesome.m in Sources */ = {isa = PBXBuildFile; fileRef = 75BD175E1ADB850700DE6491 /* FAKFontAwesome.m */; };
		75BD17F41ADB850700DE6491 /* FAKFoundationIcons.m in Sources */ = {isa = PBXBuildFile; fileRef = 75BD17601ADB850700DE6491 /* FAKFoundationIcons.m */; };
		75BD17F51ADB850700DE6491 /* FAKIcon.m in Sources */ = {isa = PBXBuildFile; fileRef = 75BD17621ADB850700DE6491 /* FAKIcon.m */; };
		75BD17F61ADB850700DE6491 /* FAKIonIcons.m in Sources */ = {isa = PBXBuildFile; fileRef = 75BD17641ADB850700DE6491 /* FAKIonIcons.m */; };
		75BD17F71ADB850700DE6491 /* FAKZocial.m in Sources */ = {isa = PBXBuildFile; fileRef = 75BD17661ADB850700DE6491 /* FAKZocial.m */; };
		75BD17F81ADB850700DE6491 /* FontAwesome.otf in Resources */ = {isa = PBXBuildFile; fileRef = 75BD17671ADB850700DE6491 /* FontAwesome.otf */; };
		75BD17F91ADB850700DE6491 /* foundation-icons.ttf in Resources */ = {isa = PBXBuildFile; fileRef = 75BD17691ADB850700DE6491 /* foundation-icons.ttf */; };
		75BD17FA1ADB850700DE6491 /* ionicons.ttf in Resources */ = {isa = PBXBuildFile; fileRef = 75BD176A1ADB850700DE6491 /* ionicons.ttf */; };
		75BD17FB1ADB850700DE6491 /* zocial-regular-webfont.ttf in Resources */ = {isa = PBXBuildFile; fileRef = 75BD176B1ADB850700DE6491 /* zocial-regular-webfont.ttf */; };
		75BD17FC1ADB850700DE6491 /* .gitignore in Resources */ = {isa = PBXBuildFile; fileRef = 75BD176D1ADB850700DE6491 /* .gitignore */; };
		75BD17FD1ADB850700DE6491 /* beep-beep.caf in Resources */ = {isa = PBXBuildFile; fileRef = 75BD176E1ADB850700DE6491 /* beep-beep.caf */; };
		75BD17FE1ADB850700DE6491 /* AddContactAction.m in Sources */ = {isa = PBXBuildFile; fileRef = 75BD17721ADB850700DE6491 /* AddContactAction.m */; };
		75BD17FF1ADB850700DE6491 /* CallAction.m in Sources */ = {isa = PBXBuildFile; fileRef = 75BD17741ADB850700DE6491 /* CallAction.m */; };
		75BD18001ADB850700DE6491 /* EmailAction.m in Sources */ = {isa = PBXBuildFile; fileRef = 75BD17761ADB850700DE6491 /* EmailAction.m */; };
		75BD18011ADB850700DE6491 /* OpenUrlAction.m in Sources */ = {isa = PBXBuildFile; fileRef = 75BD17781ADB850700DE6491 /* OpenUrlAction.m */; };
		75BD18021ADB850700DE6491 /* ResultAction.m in Sources */ = {isa = PBXBuildFile; fileRef = 75BD177A1ADB850700DE6491 /* ResultAction.m */; };
		75BD18031ADB850700DE6491 /* ShowMapAction.m in Sources */ = {isa = PBXBuildFile; fileRef = 75BD177C1ADB850700DE6491 /* ShowMapAction.m */; };
		75BD18041ADB850700DE6491 /* SMSAction.m in Sources */ = {isa = PBXBuildFile; fileRef = 75BD177E1ADB850700DE6491 /* SMSAction.m */; };
		75BD18051ADB850700DE6491 /* ArrayAndStringCategories.m in Sources */ = {isa = PBXBuildFile; fileRef = 75BD17801ADB850700DE6491 /* ArrayAndStringCategories.m */; };
		75BD18061ADB850700DE6491 /* AztecReader.mm in Sources */ = {isa = PBXBuildFile; fileRef = 75BD17821ADB850700DE6491 /* AztecReader.mm */; };
		75BD18071ADB850700DE6491 /* CBarcodeFormat.mm in Sources */ = {isa = PBXBuildFile; fileRef = 75BD17841ADB850700DE6491 /* CBarcodeFormat.mm */; };
		75BD18081ADB850700DE6491 /* DataMatrixReader.mm in Sources */ = {isa = PBXBuildFile; fileRef = 75BD17861ADB850700DE6491 /* DataMatrixReader.mm */; };
		75BD18091ADB850700DE6491 /* Decoder.mm in Sources */ = {isa = PBXBuildFile; fileRef = 75BD17881ADB850700DE6491 /* Decoder.mm */; };
		75BD180A1ADB850700DE6491 /* FormatReader.mm in Sources */ = {isa = PBXBuildFile; fileRef = 75BD178B1ADB850700DE6491 /* FormatReader.mm */; };
		75BD180B1ADB850700DE6491 /* MultiFormatOneDReader.mm in Sources */ = {isa = PBXBuildFile; fileRef = 75BD178D1ADB850700DE6491 /* MultiFormatOneDReader.mm */; };
		75BD180C1ADB850700DE6491 /* MultiFormatReader.mm in Sources */ = {isa = PBXBuildFile; fileRef = 75BD178F1ADB850700DE6491 /* MultiFormatReader.mm */; };
		75BD180D1ADB850700DE6491 /* MultiFormatUPCEANReader.mm in Sources */ = {isa = PBXBuildFile; fileRef = 75BD17911ADB850700DE6491 /* MultiFormatUPCEANReader.mm */; };
		75BD180E1ADB850700DE6491 /* NSString+HTML.m in Sources */ = {isa = PBXBuildFile; fileRef = 75BD17931ADB850700DE6491 /* NSString+HTML.m */; };
		75BD180F1ADB850700DE6491 /* OverlayView.m in Sources */ = {isa = PBXBuildFile; fileRef = 75BD17951ADB850700DE6491 /* OverlayView.m */; };
		75BD18101ADB850700DE6491 /* BusinessCardParsedResult.m in Sources */ = {isa = PBXBuildFile; fileRef = 75BD17981ADB850700DE6491 /* BusinessCardParsedResult.m */; };
		75BD18111ADB850700DE6491 /* EmailParsedResult.m in Sources */ = {isa = PBXBuildFile; fileRef = 75BD179A1ADB850700DE6491 /* EmailParsedResult.m */; };
		75BD18121ADB850700DE6491 /* GeoParsedResult.m in Sources */ = {isa = PBXBuildFile; fileRef = 75BD179C1ADB850700DE6491 /* GeoParsedResult.m */; };
		75BD18131ADB850700DE6491 /* ISBNParsedResult.m in Sources */ = {isa = PBXBuildFile; fileRef = 75BD179E1ADB850700DE6491 /* ISBNParsedResult.m */; };
		75BD18141ADB850700DE6491 /* ParsedResult.m in Sources */ = {isa = PBXBuildFile; fileRef = 75BD17A01ADB850700DE6491 /* ParsedResult.m */; };
		75BD18151ADB850700DE6491 /* ProductParsedResult.m in Sources */ = {isa = PBXBuildFile; fileRef = 75BD17A21ADB850700DE6491 /* ProductParsedResult.m */; };
		75BD18161ADB850700DE6491 /* SMSParsedResult.m in Sources */ = {isa = PBXBuildFile; fileRef = 75BD17A41ADB850700DE6491 /* SMSParsedResult.m */; };
		75BD18171ADB850700DE6491 /* TelParsedResult.m in Sources */ = {isa = PBXBuildFile; fileRef = 75BD17A61ADB850700DE6491 /* TelParsedResult.m */; };
		75BD18181ADB850700DE6491 /* TextParsedResult.m in Sources */ = {isa = PBXBuildFile; fileRef = 75BD17A81ADB850700DE6491 /* TextParsedResult.m */; };
		75BD18191ADB850700DE6491 /* URIParsedResult.m in Sources */ = {isa = PBXBuildFile; fileRef = 75BD17AA1ADB850700DE6491 /* URIParsedResult.m */; };
		75BD181A1ADB850700DE6491 /* QRCodeReader.mm in Sources */ = {isa = PBXBuildFile; fileRef = 75BD17AC1ADB850700DE6491 /* QRCodeReader.mm */; };
		75BD181B1ADB850700DE6491 /* AddressBookAUResultParser.m in Sources */ = {isa = PBXBuildFile; fileRef = 75BD17AF1ADB850700DE6491 /* AddressBookAUResultParser.m */; };
		75BD181C1ADB850700DE6491 /* BizcardResultParser.m in Sources */ = {isa = PBXBuildFile; fileRef = 75BD17B11ADB850700DE6491 /* BizcardResultParser.m */; };
		75BD181D1ADB850700DE6491 /* BookmarkDoCoMoResultParser.m in Sources */ = {isa = PBXBuildFile; fileRef = 75BD17B31ADB850700DE6491 /* BookmarkDoCoMoResultParser.m */; };
		75BD181E1ADB850700DE6491 /* EmailAddressResultParser.m in Sources */ = {isa = PBXBuildFile; fileRef = 75BD17B51ADB850700DE6491 /* EmailAddressResultParser.m */; };
		75BD181F1ADB850700DE6491 /* EmailDoCoMoResultParser.m in Sources */ = {isa = PBXBuildFile; fileRef = 75BD17B71ADB850700DE6491 /* EmailDoCoMoResultParser.m */; };
		75BD18201ADB850700DE6491 /* GeoResultParser.m in Sources */ = {isa = PBXBuildFile; fileRef = 75BD17B91ADB850700DE6491 /* GeoResultParser.m */; };
		75BD18211ADB850700DE6491 /* ISBNResultParser.m in Sources */ = {isa = PBXBuildFile; fileRef = 75BD17BB1ADB850700DE6491 /* ISBNResultParser.m */; };
		75BD18221ADB850700DE6491 /* MeCardParser.m in Sources */ = {isa = PBXBuildFile; fileRef = 75BD17BD1ADB850700DE6491 /* MeCardParser.m */; };
		75BD18231ADB850700DE6491 /* PlainEmailResultParser.m in Sources */ = {isa = PBXBuildFile; fileRef = 75BD17BF1ADB850700DE6491 /* PlainEmailResultParser.m */; };
		75BD18241ADB850700DE6491 /* ProductResultParser.mm in Sources */ = {isa = PBXBuildFile; fileRef = 75BD17C11ADB850700DE6491 /* ProductResultParser.mm */; };
		75BD18251ADB850700DE6491 /* ResultParser.m in Sources */ = {isa = PBXBuildFile; fileRef = 75BD17C31ADB850700DE6491 /* ResultParser.m */; };
		75BD18261ADB850700DE6491 /* SMSResultParser.m in Sources */ = {isa = PBXBuildFile; fileRef = 75BD17C51ADB850700DE6491 /* SMSResultParser.m */; };
		75BD18271ADB850700DE6491 /* SMSTOResultParser.m in Sources */ = {isa = PBXBuildFile; fileRef = 75BD17C71ADB850700DE6491 /* SMSTOResultParser.m */; };
		75BD18281ADB850700DE6491 /* SMTPResultParser.m in Sources */ = {isa = PBXBuildFile; fileRef = 75BD17C91ADB850700DE6491 /* SMTPResultParser.m */; };
		75BD18291ADB850700DE6491 /* TelResultParser.m in Sources */ = {isa = PBXBuildFile; fileRef = 75BD17CB1ADB850700DE6491 /* TelResultParser.m */; };
		75BD182A1ADB850700DE6491 /* TextResultParser.m in Sources */ = {isa = PBXBuildFile; fileRef = 75BD17CD1ADB850700DE6491 /* TextResultParser.m */; };
		75BD182B1ADB850700DE6491 /* UniversalResultParser.m in Sources */ = {isa = PBXBuildFile; fileRef = 75BD17CF1ADB850700DE6491 /* UniversalResultParser.m */; };
		75BD182C1ADB850700DE6491 /* URLResultParser.m in Sources */ = {isa = PBXBuildFile; fileRef = 75BD17D11ADB850700DE6491 /* URLResultParser.m */; };
		75BD182D1ADB850700DE6491 /* URLTOResultParser.m in Sources */ = {isa = PBXBuildFile; fileRef = 75BD17D31ADB850700DE6491 /* URLTOResultParser.m */; };
		75BD182E1ADB850700DE6491 /* VCardResultParser.m in Sources */ = {isa = PBXBuildFile; fileRef = 75BD17D51ADB850700DE6491 /* VCardResultParser.m */; };
		75BD182F1ADB850700DE6491 /* TwoDDecoderResult.m in Sources */ = {isa = PBXBuildFile; fileRef = 75BD17D71ADB850700DE6491 /* TwoDDecoderResult.m */; };
		75BD18301ADB850700DE6491 /* ZXingWidgetController.m in Sources */ = {isa = PBXBuildFile; fileRef = 75BD17D91ADB850700DE6491 /* ZXingWidgetController.m */; };
		75BD18311ADB850700DE6491 /* ZXingWidgetController1.m in Sources */ = {isa = PBXBuildFile; fileRef = 75BD17DA1ADB850700DE6491 /* ZXingWidgetController1.m */; };
		75BD18321ADB850700DE6491 /* exportList in Resources */ = {isa = PBXBuildFile; fileRef = 75BD17DB1ADB850700DE6491 /* exportList */; };
		75BD18331ADB850700DE6491 /* AddressBookAUResultParserTests.m in Sources */ = {isa = PBXBuildFile; fileRef = 75BD17DD1ADB850700DE6491 /* AddressBookAUResultParserTests.m */; };
		75BD18341ADB850700DE6491 /* BizcardResultParserTests.m in Sources */ = {isa = PBXBuildFile; fileRef = 75BD17DE1ADB850700DE6491 /* BizcardResultParserTests.m */; };
		75BD18351ADB850700DE6491 /* BookmarkDoCoMoTests.m in Sources */ = {isa = PBXBuildFile; fileRef = 75BD17DF1ADB850700DE6491 /* BookmarkDoCoMoTests.m */; };
		75BD18361ADB850700DE6491 /* EmailAddressResultParserTests.m in Sources */ = {isa = PBXBuildFile; fileRef = 75BD17E01ADB850700DE6491 /* EmailAddressResultParserTests.m */; };
		75BD18371ADB850700DE6491 /* EmailDoCoMoResultParserTests.m in Sources */ = {isa = PBXBuildFile; fileRef = 75BD17E11ADB850700DE6491 /* EmailDoCoMoResultParserTests.m */; };
		75BD18381ADB850700DE6491 /* ISBNResultParserTests.m in Sources */ = {isa = PBXBuildFile; fileRef = 75BD17E21ADB850700DE6491 /* ISBNResultParserTests.m */; };
		75BD18391ADB850700DE6491 /* MeCardParserTests.m in Sources */ = {isa = PBXBuildFile; fileRef = 75BD17E31ADB850700DE6491 /* MeCardParserTests.m */; };
		75BD183A1ADB850700DE6491 /* SMTPResultParserTests.m in Sources */ = {isa = PBXBuildFile; fileRef = 75BD17E41ADB850700DE6491 /* SMTPResultParserTests.m */; };
		75BD183B1ADB850700DE6491 /* VCardResultParserTests.m in Sources */ = {isa = PBXBuildFile; fileRef = 75BD17E51ADB850700DE6491 /* VCardResultParserTests.m */; };
		75BD183C1ADB850700DE6491 /* ZXingTests-Info.plist in Resources */ = {isa = PBXBuildFile; fileRef = 75BD17E61ADB850700DE6491 /* ZXingTests-Info.plist */; };
		75BD18451ADB853D00DE6491 /* TTableView.m in Sources */ = {isa = PBXBuildFile; fileRef = 75BD18441ADB853D00DE6491 /* TTableView.m */; };
		75BD18481ADB854D00DE6491 /* TGroupTableView.m in Sources */ = {isa = PBXBuildFile; fileRef = 75BD18471ADB854D00DE6491 /* TGroupTableView.m */; };
		75BD184C1ADB85D600DE6491 /* TViewCell.m in Sources */ = {isa = PBXBuildFile; fileRef = 75BD184B1ADB85D600DE6491 /* TViewCell.m */; };
		75BD18541ADB85F900DE6491 /* TUtils.m in Sources */ = {isa = PBXBuildFile; fileRef = 75BD18531ADB85F900DE6491 /* TUtils.m */; };
		75BD18601ADB862300DE6491 /* NSData+Util.m in Sources */ = {isa = PBXBuildFile; fileRef = 75BD18571ADB862300DE6491 /* NSData+Util.m */; };
		75BD18611ADB862300DE6491 /* NSString+Util.m in Sources */ = {isa = PBXBuildFile; fileRef = 75BD18591ADB862300DE6491 /* NSString+Util.m */; };
		75BD18621ADB862300DE6491 /* UIColor+BFPaperColors.m in Sources */ = {isa = PBXBuildFile; fileRef = 75BD185B1ADB862300DE6491 /* UIColor+BFPaperColors.m */; };
		75BD18631ADB862300DE6491 /* UILabel+DynamicHeight.m in Sources */ = {isa = PBXBuildFile; fileRef = 75BD185D1ADB862300DE6491 /* UILabel+DynamicHeight.m */; };
		75BD18641ADB862300DE6491 /* UIView+Util.m in Sources */ = {isa = PBXBuildFile; fileRef = 75BD185F1ADB862300DE6491 /* UIView+Util.m */; };
		75BD18771ADB86A000DE6491 /* BFPaperButton.m in Sources */ = {isa = PBXBuildFile; fileRef = 75BD18661ADB86A000DE6491 /* BFPaperButton.m */; };
		75BD18781ADB86A000DE6491 /* INSInfiniteScrollBackgroundView.m in Sources */ = {isa = PBXBuildFile; fileRef = 75BD18691ADB86A000DE6491 /* INSInfiniteScrollBackgroundView.m */; };
		75BD18791ADB86A000DE6491 /* INSPullToRefreshBackgroundView.m in Sources */ = {isa = PBXBuildFile; fileRef = 75BD186B1ADB86A000DE6491 /* INSPullToRefreshBackgroundView.m */; };
		75BD187A1ADB86A000DE6491 /* INSPinterestPullToRefresh.m in Sources */ = {isa = PBXBuildFile; fileRef = 75BD186F1ADB86A000DE6491 /* INSPinterestPullToRefresh.m */; };
		75BD187B1ADB86A000DE6491 /* UIScrollView+INSPullToRefresh.m in Sources */ = {isa = PBXBuildFile; fileRef = 75BD18711ADB86A000DE6491 /* UIScrollView+INSPullToRefresh.m */; };
		75BD187C1ADB86A000DE6491 /* MBProgressHUD.m in Sources */ = {isa = PBXBuildFile; fileRef = 75BD18741ADB86A000DE6491 /* MBProgressHUD.m */; };
		75BD187D1ADB86A000DE6491 /* Reachability.m in Sources */ = {isa = PBXBuildFile; fileRef = 75BD18761ADB86A000DE6491 /* Reachability.m */; };
		75BD187E1ADB879C00DE6491 /* libZXingWidget.a in Frameworks */ = {isa = PBXBuildFile; fileRef = 75BD18401ADB850700DE6491 /* libZXingWidget.a */; };
		75BD18801ADB87A300DE6491 /* libz.dylib in Frameworks */ = {isa = PBXBuildFile; fileRef = 75BD187F1ADB87A300DE6491 /* libz.dylib */; };
		75BD18821ADB87A900DE6491 /* CoreTelephony.framework in Frameworks */ = {isa = PBXBuildFile; fileRef = 75BD18811ADB87A900DE6491 /* CoreTelephony.framework */; };
		75BD18841ADB87AF00DE6491 /* SystemConfiguration.framework in Frameworks */ = {isa = PBXBuildFile; fileRef = 75BD18831ADB87AF00DE6491 /* SystemConfiguration.framework */; };
		75BD18861ADB87B700DE6491 /* CoreGraphics.framework in Frameworks */ = {isa = PBXBuildFile; fileRef = 75BD18851ADB87B700DE6491 /* CoreGraphics.framework */; };
		75BD18881ADB87BC00DE6491 /* AddressBook.framework in Frameworks */ = {isa = PBXBuildFile; fileRef = 75BD18871ADB87BC00DE6491 /* AddressBook.framework */; };
		75BD188A1ADB87C000DE6491 /* AddressBookUI.framework in Frameworks */ = {isa = PBXBuildFile; fileRef = 75BD18891ADB87C000DE6491 /* AddressBookUI.framework */; };
		75BD188C1ADB87C600DE6491 /* CoreMedia.framework in Frameworks */ = {isa = PBXBuildFile; fileRef = 75BD188B1ADB87C600DE6491 /* CoreMedia.framework */; };
		75BD188E1ADB87D100DE6491 /* libc++.dylib in Frameworks */ = {isa = PBXBuildFile; fileRef = 75BD188D1ADB87D100DE6491 /* libc++.dylib */; };
		75BD18901ADB87D600DE6491 /* libsqlite3.dylib in Frameworks */ = {isa = PBXBuildFile; fileRef = 75BD188F1ADB87D600DE6491 /* libsqlite3.dylib */; };
		75BD18921ADB87E800DE6491 /* CoreVideo.framework in Frameworks */ = {isa = PBXBuildFile; fileRef = 75BD18911ADB87E800DE6491 /* CoreVideo.framework */; };
		75BD18941ADB87ED00DE6491 /* AVFoundation.framework in Frameworks */ = {isa = PBXBuildFile; fileRef = 75BD18931ADB87ED00DE6491 /* AVFoundation.framework */; };
		75BD18961ADB87F200DE6491 /* UIKit.framework in Frameworks */ = {isa = PBXBuildFile; fileRef = 75BD18951ADB87F200DE6491 /* UIKit.framework */; };
		75BD18991ADBA1CB00DE6491 /* AudioToolbox.framework in Frameworks */ = {isa = PBXBuildFile; fileRef = 75BD18981ADBA1CB00DE6491 /* AudioToolbox.framework */; };
		75BD1A651ADBA3F500DE6491 /* libstdc++.dylib in Frameworks */ = {isa = PBXBuildFile; fileRef = 75BD1A641ADBA3F500DE6491 /* libstdc++.dylib */; };
		75BD1A671ADBA3FB00DE6491 /* libiconv.dylib in Frameworks */ = {isa = PBXBuildFile; fileRef = 75BD1A661ADBA3FB00DE6491 /* libiconv.dylib */; };
		75BD1A691ADBA40F00DE6491 /* MobileCoreServices.framework in Frameworks */ = {isa = PBXBuildFile; fileRef = 75BD1A681ADBA40F00DE6491 /* MobileCoreServices.framework */; };
		75BD1A6B1ADBA41800DE6491 /* Security.framework in Frameworks */ = {isa = PBXBuildFile; fileRef = 75BD1A6A1ADBA41800DE6491 /* Security.framework */; };
/* End PBXBuildFile section */

/* Begin PBXContainerItemProxy section */
		75BD17361ADB80F900DE6491 /* PBXContainerItemProxy */ = {
			isa = PBXContainerItemProxy;
			containerPortal = 75BD17141ADB80F900DE6491 /* Project object */;
			proxyType = 1;
			remoteGlobalIDString = 75BD171B1ADB80F900DE6491;
			remoteInfo = TComponents;
		};
		75BD183F1ADB850700DE6491 /* PBXContainerItemProxy */ = {
			isa = PBXContainerItemProxy;
			containerPortal = 75BD17E71ADB850700DE6491 /* ZXingWidget.xcodeproj */;
			proxyType = 2;
			remoteGlobalIDString = D2AAC07E0554694100DB518D;
			remoteInfo = ZXingWidget;
		};
		75BD18411ADB850700DE6491 /* PBXContainerItemProxy */ = {
			isa = PBXContainerItemProxy;
			containerPortal = 75BD17E71ADB850700DE6491 /* ZXingWidget.xcodeproj */;
			proxyType = 2;
			remoteGlobalIDString = 1D60398D13DF7CAD006F4B51;
			remoteInfo = ZXingTests;
		};
		75BD1A711ADBA56C00DE6491 /* PBXContainerItemProxy */ = {
			isa = PBXContainerItemProxy;
			containerPortal = 75BD1A6C1ADBA56B00DE6491 /* ZXingWidget.xcodeproj */;
			proxyType = 2;
			remoteGlobalIDString = D2AAC07E0554694100DB518D;
			remoteInfo = ZXingWidget;
		};
		75BD1A731ADBA56C00DE6491 /* PBXContainerItemProxy */ = {
			isa = PBXContainerItemProxy;
			containerPortal = 75BD1A6C1ADBA56B00DE6491 /* ZXingWidget.xcodeproj */;
			proxyType = 2;
			remoteGlobalIDString = 1D60398D13DF7CAD006F4B51;
			remoteInfo = ZXingTests;
		};
		75BD1A751ADBA58000DE6491 /* PBXContainerItemProxy */ = {
			isa = PBXContainerItemProxy;
			containerPortal = 75BD17E71ADB850700DE6491 /* ZXingWidget.xcodeproj */;
			proxyType = 1;
			remoteGlobalIDString = D2AAC07D0554694100DB518D;
			remoteInfo = ZXingWidget;
		};
/* End PBXContainerItemProxy section */

/* Begin PBXFileReference section */
		75BD171C1ADB80F900DE6491 /* TComponents.app */ = {isa = PBXFileReference; explicitFileType = wrapper.application; includeInIndex = 0; path = TComponents.app; sourceTree = BUILT_PRODUCTS_DIR; };
		75BD17201ADB80F900DE6491 /* Info.plist */ = {isa = PBXFileReference; lastKnownFileType = text.plist.xml; path = Info.plist; sourceTree = "<group>"; };
		75BD17211ADB80F900DE6491 /* main.m */ = {isa = PBXFileReference; lastKnownFileType = sourcecode.c.objc; path = main.m; sourceTree = "<group>"; };
		75BD17231ADB80F900DE6491 /* AppDelegate.h */ = {isa = PBXFileReference; lastKnownFileType = sourcecode.c.h; path = AppDelegate.h; sourceTree = "<group>"; };
		75BD17241ADB80F900DE6491 /* AppDelegate.m */ = {isa = PBXFileReference; lastKnownFileType = sourcecode.c.objc; path = AppDelegate.m; sourceTree = "<group>"; };
		75BD17261ADB80F900DE6491 /* ViewController.h */ = {isa = PBXFileReference; lastKnownFileType = sourcecode.c.h; path = ViewController.h; sourceTree = "<group>"; };
		75BD17271ADB80F900DE6491 /* ViewController.m */ = {isa = PBXFileReference; lastKnownFileType = sourcecode.c.objc; path = ViewController.m; sourceTree = "<group>"; };
		75BD172A1ADB80F900DE6491 /* Base */ = {isa = PBXFileReference; lastKnownFileType = file.storyboard; name = Base; path = Base.lproj/Main.storyboard; sourceTree = "<group>"; };
		75BD172C1ADB80F900DE6491 /* Images.xcassets */ = {isa = PBXFileReference; lastKnownFileType = folder.assetcatalog; path = Images.xcassets; sourceTree = "<group>"; };
		75BD172F1ADB80F900DE6491 /* Base */ = {isa = PBXFileReference; lastKnownFileType = file.xib; name = Base; path = Base.lproj/LaunchScreen.xib; sourceTree = "<group>"; };
		75BD17351ADB80F900DE6491 /* TComponentsTests.xctest */ = {isa = PBXFileReference; explicitFileType = wrapper.cfbundle; includeInIndex = 0; path = TComponentsTests.xctest; sourceTree = BUILT_PRODUCTS_DIR; };
		75BD173A1ADB80F900DE6491 /* Info.plist */ = {isa = PBXFileReference; lastKnownFileType = text.plist.xml; path = Info.plist; sourceTree = "<group>"; };
		75BD173B1ADB80F900DE6491 /* TComponentsTests.m */ = {isa = PBXFileReference; lastKnownFileType = sourcecode.c.objc; path = TComponentsTests.m; sourceTree = "<group>"; };
		75BD174A1ADB850700DE6491 /* FMDatabase.h */ = {isa = PBXFileReference; fileEncoding = 4; lastKnownFileType = sourcecode.c.h; path = FMDatabase.h; sourceTree = "<group>"; };
		75BD174B1ADB850700DE6491 /* FMDatabase.m */ = {isa = PBXFileReference; fileEncoding = 4; lastKnownFileType = sourcecode.c.objc; path = FMDatabase.m; sourceTree = "<group>"; };
		75BD174C1ADB850700DE6491 /* FMDatabaseAdditions.h */ = {isa = PBXFileReference; fileEncoding = 4; lastKnownFileType = sourcecode.c.h; path = FMDatabaseAdditions.h; sourceTree = "<group>"; };
		75BD174D1ADB850700DE6491 /* FMDatabaseAdditions.m */ = {isa = PBXFileReference; fileEncoding = 4; lastKnownFileType = sourcecode.c.objc; path = FMDatabaseAdditions.m; sourceTree = "<group>"; };
		75BD174E1ADB850700DE6491 /* FMDatabasePool.h */ = {isa = PBXFileReference; fileEncoding = 4; lastKnownFileType = sourcecode.c.h; path = FMDatabasePool.h; sourceTree = "<group>"; };
		75BD174F1ADB850700DE6491 /* FMDatabasePool.m */ = {isa = PBXFileReference; fileEncoding = 4; lastKnownFileType = sourcecode.c.objc; path = FMDatabasePool.m; sourceTree = "<group>"; };
		75BD17501ADB850700DE6491 /* FMDatabaseQueue.h */ = {isa = PBXFileReference; fileEncoding = 4; lastKnownFileType = sourcecode.c.h; path = FMDatabaseQueue.h; sourceTree = "<group>"; };
		75BD17511ADB850700DE6491 /* FMDatabaseQueue.m */ = {isa = PBXFileReference; fileEncoding = 4; lastKnownFileType = sourcecode.c.objc; path = FMDatabaseQueue.m; sourceTree = "<group>"; };
		75BD17521ADB850700DE6491 /* FMDB.h */ = {isa = PBXFileReference; fileEncoding = 4; lastKnownFileType = sourcecode.c.h; path = FMDB.h; sourceTree = "<group>"; };
		75BD17531ADB850700DE6491 /* FMResultSet.h */ = {isa = PBXFileReference; fileEncoding = 4; lastKnownFileType = sourcecode.c.h; path = FMResultSet.h; sourceTree = "<group>"; };
		75BD17541ADB850700DE6491 /* FMResultSet.m */ = {isa = PBXFileReference; fileEncoding = 4; lastKnownFileType = sourcecode.c.objc; path = FMResultSet.m; sourceTree = "<group>"; };
		75BD17561ADB850700DE6491 /* FBDMMigration.m */ = {isa = PBXFileReference; fileEncoding = 4; lastKnownFileType = sourcecode.c.objc; path = FBDMMigration.m; sourceTree = "<group>"; };
		75BD17571ADB850700DE6491 /* FMDBMigration.h */ = {isa = PBXFileReference; fileEncoding = 4; lastKnownFileType = sourcecode.c.h; path = FMDBMigration.h; sourceTree = "<group>"; };
		75BD17581ADB850700DE6491 /* FMDBMigrationColumn.h */ = {isa = PBXFileReference; fileEncoding = 4; lastKnownFileType = sourcecode.c.h; path = FMDBMigrationColumn.h; sourceTree = "<group>"; };
		75BD17591ADB850700DE6491 /* FMDBMigrationColumn.m */ = {isa = PBXFileReference; fileEncoding = 4; lastKnownFileType = sourcecode.c.objc; path = FMDBMigrationColumn.m; sourceTree = "<group>"; };
		75BD175A1ADB850700DE6491 /* FMDBMigrationManager.h */ = {isa = PBXFileReference; fileEncoding = 4; lastKnownFileType = sourcecode.c.h; path = FMDBMigrationManager.h; sourceTree = "<group>"; };
		75BD175B1ADB850700DE6491 /* FMDBMigrationManager.m */ = {isa = PBXFileReference; fileEncoding = 4; lastKnownFileType = sourcecode.c.objc; path = FMDBMigrationManager.m; sourceTree = "<group>"; };
		75BD175D1ADB850700DE6491 /* FAKFontAwesome.h */ = {isa = PBXFileReference; fileEncoding = 4; lastKnownFileType = sourcecode.c.h; path = FAKFontAwesome.h; sourceTree = "<group>"; };
		75BD175E1ADB850700DE6491 /* FAKFontAwesome.m */ = {isa = PBXFileReference; fileEncoding = 4; lastKnownFileType = sourcecode.c.objc; path = FAKFontAwesome.m; sourceTree = "<group>"; };
		75BD175F1ADB850700DE6491 /* FAKFoundationIcons.h */ = {isa = PBXFileReference; fileEncoding = 4; lastKnownFileType = sourcecode.c.h; path = FAKFoundationIcons.h; sourceTree = "<group>"; };
		75BD17601ADB850700DE6491 /* FAKFoundationIcons.m */ = {isa = PBXFileReference; fileEncoding = 4; lastKnownFileType = sourcecode.c.objc; path = FAKFoundationIcons.m; sourceTree = "<group>"; };
		75BD17611ADB850700DE6491 /* FAKIcon.h */ = {isa = PBXFileReference; fileEncoding = 4; lastKnownFileType = sourcecode.c.h; path = FAKIcon.h; sourceTree = "<group>"; };
		75BD17621ADB850700DE6491 /* FAKIcon.m */ = {isa = PBXFileReference; fileEncoding = 4; lastKnownFileType = sourcecode.c.objc; path = FAKIcon.m; sourceTree = "<group>"; };
		75BD17631ADB850700DE6491 /* FAKIonIcons.h */ = {isa = PBXFileReference; fileEncoding = 4; lastKnownFileType = sourcecode.c.h; path = FAKIonIcons.h; sourceTree = "<group>"; };
		75BD17641ADB850700DE6491 /* FAKIonIcons.m */ = {isa = PBXFileReference; fileEncoding = 4; lastKnownFileType = sourcecode.c.objc; path = FAKIonIcons.m; sourceTree = "<group>"; };
		75BD17651ADB850700DE6491 /* FAKZocial.h */ = {isa = PBXFileReference; fileEncoding = 4; lastKnownFileType = sourcecode.c.h; path = FAKZocial.h; sourceTree = "<group>"; };
		75BD17661ADB850700DE6491 /* FAKZocial.m */ = {isa = PBXFileReference; fileEncoding = 4; lastKnownFileType = sourcecode.c.objc; path = FAKZocial.m; sourceTree = "<group>"; };
		75BD17671ADB850700DE6491 /* FontAwesome.otf */ = {isa = PBXFileReference; lastKnownFileType = file; path = FontAwesome.otf; sourceTree = "<group>"; };
		75BD17681ADB850700DE6491 /* FontAwesomeKit.h */ = {isa = PBXFileReference; fileEncoding = 4; lastKnownFileType = sourcecode.c.h; path = FontAwesomeKit.h; sourceTree = "<group>"; };
		75BD17691ADB850700DE6491 /* foundation-icons.ttf */ = {isa = PBXFileReference; lastKnownFileType = file; path = "foundation-icons.ttf"; sourceTree = "<group>"; };
		75BD176A1ADB850700DE6491 /* ionicons.ttf */ = {isa = PBXFileReference; lastKnownFileType = file; path = ionicons.ttf; sourceTree = "<group>"; };
		75BD176B1ADB850700DE6491 /* zocial-regular-webfont.ttf */ = {isa = PBXFileReference; lastKnownFileType = file; path = "zocial-regular-webfont.ttf"; sourceTree = "<group>"; };
		75BD176D1ADB850700DE6491 /* .gitignore */ = {isa = PBXFileReference; fileEncoding = 4; lastKnownFileType = text; path = .gitignore; sourceTree = "<group>"; };
		75BD176E1ADB850700DE6491 /* beep-beep.caf */ = {isa = PBXFileReference; lastKnownFileType = file; path = "beep-beep.caf"; sourceTree = "<group>"; };
		75BD17711ADB850700DE6491 /* AddContactAction.h */ = {isa = PBXFileReference; fileEncoding = 4; lastKnownFileType = sourcecode.c.h; path = AddContactAction.h; sourceTree = "<group>"; };
		75BD17721ADB850700DE6491 /* AddContactAction.m */ = {isa = PBXFileReference; fileEncoding = 4; lastKnownFileType = sourcecode.c.objc; path = AddContactAction.m; sourceTree = "<group>"; };
		75BD17731ADB850700DE6491 /* CallAction.h */ = {isa = PBXFileReference; fileEncoding = 4; lastKnownFileType = sourcecode.c.h; path = CallAction.h; sourceTree = "<group>"; };
		75BD17741ADB850700DE6491 /* CallAction.m */ = {isa = PBXFileReference; fileEncoding = 4; lastKnownFileType = sourcecode.c.objc; path = CallAction.m; sourceTree = "<group>"; };
		75BD17751ADB850700DE6491 /* EmailAction.h */ = {isa = PBXFileReference; fileEncoding = 4; lastKnownFileType = sourcecode.c.h; path = EmailAction.h; sourceTree = "<group>"; };
		75BD17761ADB850700DE6491 /* EmailAction.m */ = {isa = PBXFileReference; fileEncoding = 4; lastKnownFileType = sourcecode.c.objc; path = EmailAction.m; sourceTree = "<group>"; };
		75BD17771ADB850700DE6491 /* OpenUrlAction.h */ = {isa = PBXFileReference; fileEncoding = 4; lastKnownFileType = sourcecode.c.h; path = OpenUrlAction.h; sourceTree = "<group>"; };
		75BD17781ADB850700DE6491 /* OpenUrlAction.m */ = {isa = PBXFileReference; fileEncoding = 4; lastKnownFileType = sourcecode.c.objc; path = OpenUrlAction.m; sourceTree = "<group>"; };
		75BD17791ADB850700DE6491 /* ResultAction.h */ = {isa = PBXFileReference; fileEncoding = 4; lastKnownFileType = sourcecode.c.h; path = ResultAction.h; sourceTree = "<group>"; };
		75BD177A1ADB850700DE6491 /* ResultAction.m */ = {isa = PBXFileReference; fileEncoding = 4; lastKnownFileType = sourcecode.c.objc; path = ResultAction.m; sourceTree = "<group>"; };
		75BD177B1ADB850700DE6491 /* ShowMapAction.h */ = {isa = PBXFileReference; fileEncoding = 4; lastKnownFileType = sourcecode.c.h; path = ShowMapAction.h; sourceTree = "<group>"; };
		75BD177C1ADB850700DE6491 /* ShowMapAction.m */ = {isa = PBXFileReference; fileEncoding = 4; lastKnownFileType = sourcecode.c.objc; path = ShowMapAction.m; sourceTree = "<group>"; };
		75BD177D1ADB850700DE6491 /* SMSAction.h */ = {isa = PBXFileReference; fileEncoding = 4; lastKnownFileType = sourcecode.c.h; path = SMSAction.h; sourceTree = "<group>"; };
		75BD177E1ADB850700DE6491 /* SMSAction.m */ = {isa = PBXFileReference; fileEncoding = 4; lastKnownFileType = sourcecode.c.objc; path = SMSAction.m; sourceTree = "<group>"; };
		75BD177F1ADB850700DE6491 /* ArrayAndStringCategories.h */ = {isa = PBXFileReference; fileEncoding = 4; lastKnownFileType = sourcecode.c.h; path = ArrayAndStringCategories.h; sourceTree = "<group>"; };
		75BD17801ADB850700DE6491 /* ArrayAndStringCategories.m */ = {isa = PBXFileReference; fileEncoding = 4; lastKnownFileType = sourcecode.c.objc; path = ArrayAndStringCategories.m; sourceTree = "<group>"; };
		75BD17811ADB850700DE6491 /* AztecReader.h */ = {isa = PBXFileReference; fileEncoding = 4; lastKnownFileType = sourcecode.c.h; path = AztecReader.h; sourceTree = "<group>"; };
		75BD17821ADB850700DE6491 /* AztecReader.mm */ = {isa = PBXFileReference; fileEncoding = 4; lastKnownFileType = sourcecode.cpp.objcpp; path = AztecReader.mm; sourceTree = "<group>"; };
		75BD17831ADB850700DE6491 /* CBarcodeFormat.h */ = {isa = PBXFileReference; fileEncoding = 4; lastKnownFileType = sourcecode.c.h; path = CBarcodeFormat.h; sourceTree = "<group>"; };
		75BD17841ADB850700DE6491 /* CBarcodeFormat.mm */ = {isa = PBXFileReference; fileEncoding = 4; lastKnownFileType = sourcecode.cpp.objcpp; path = CBarcodeFormat.mm; sourceTree = "<group>"; };
		75BD17851ADB850700DE6491 /* DataMatrixReader.h */ = {isa = PBXFileReference; fileEncoding = 4; lastKnownFileType = sourcecode.c.h; path = DataMatrixReader.h; sourceTree = "<group>"; };
		75BD17861ADB850700DE6491 /* DataMatrixReader.mm */ = {isa = PBXFileReference; fileEncoding = 4; lastKnownFileType = sourcecode.cpp.objcpp; path = DataMatrixReader.mm; sourceTree = "<group>"; };
		75BD17871ADB850700DE6491 /* Decoder.h */ = {isa = PBXFileReference; fileEncoding = 4; lastKnownFileType = sourcecode.c.h; path = Decoder.h; sourceTree = "<group>"; };
		75BD17881ADB850700DE6491 /* Decoder.mm */ = {isa = PBXFileReference; fileEncoding = 4; lastKnownFileType = sourcecode.cpp.objcpp; path = Decoder.mm; sourceTree = "<group>"; };
		75BD17891ADB850700DE6491 /* DecoderDelegate.h */ = {isa = PBXFileReference; fileEncoding = 4; lastKnownFileType = sourcecode.c.h; path = DecoderDelegate.h; sourceTree = "<group>"; };
		75BD178A1ADB850700DE6491 /* FormatReader.h */ = {isa = PBXFileReference; fileEncoding = 4; lastKnownFileType = sourcecode.c.h; path = FormatReader.h; sourceTree = "<group>"; };
		75BD178B1ADB850700DE6491 /* FormatReader.mm */ = {isa = PBXFileReference; fileEncoding = 4; lastKnownFileType = sourcecode.cpp.objcpp; path = FormatReader.mm; sourceTree = "<group>"; };
		75BD178C1ADB850700DE6491 /* MultiFormatOneDReader.h */ = {isa = PBXFileReference; fileEncoding = 4; lastKnownFileType = sourcecode.c.h; path = MultiFormatOneDReader.h; sourceTree = "<group>"; };
		75BD178D1ADB850700DE6491 /* MultiFormatOneDReader.mm */ = {isa = PBXFileReference; fileEncoding = 4; lastKnownFileType = sourcecode.cpp.objcpp; path = MultiFormatOneDReader.mm; sourceTree = "<group>"; };
		75BD178E1ADB850700DE6491 /* MultiFormatReader.h */ = {isa = PBXFileReference; fileEncoding = 4; lastKnownFileType = sourcecode.c.h; path = MultiFormatReader.h; sourceTree = "<group>"; };
		75BD178F1ADB850700DE6491 /* MultiFormatReader.mm */ = {isa = PBXFileReference; fileEncoding = 4; lastKnownFileType = sourcecode.cpp.objcpp; path = MultiFormatReader.mm; sourceTree = "<group>"; };
		75BD17901ADB850700DE6491 /* MultiFormatUPCEANReader.h */ = {isa = PBXFileReference; fileEncoding = 4; lastKnownFileType = sourcecode.c.h; path = MultiFormatUPCEANReader.h; sourceTree = "<group>"; };
		75BD17911ADB850700DE6491 /* MultiFormatUPCEANReader.mm */ = {isa = PBXFileReference; fileEncoding = 4; lastKnownFileType = sourcecode.cpp.objcpp; path = MultiFormatUPCEANReader.mm; sourceTree = "<group>"; };
		75BD17921ADB850700DE6491 /* NSString+HTML.h */ = {isa = PBXFileReference; fileEncoding = 4; lastKnownFileType = sourcecode.c.h; path = "NSString+HTML.h"; sourceTree = "<group>"; };
		75BD17931ADB850700DE6491 /* NSString+HTML.m */ = {isa = PBXFileReference; fileEncoding = 4; lastKnownFileType = sourcecode.c.objc; path = "NSString+HTML.m"; sourceTree = "<group>"; };
		75BD17941ADB850700DE6491 /* OverlayView.h */ = {isa = PBXFileReference; fileEncoding = 4; lastKnownFileType = sourcecode.c.h; path = OverlayView.h; sourceTree = "<group>"; };
		75BD17951ADB850700DE6491 /* OverlayView.m */ = {isa = PBXFileReference; fileEncoding = 4; lastKnownFileType = sourcecode.c.objc; path = OverlayView.m; sourceTree = "<group>"; };
		75BD17971ADB850700DE6491 /* BusinessCardParsedResult.h */ = {isa = PBXFileReference; fileEncoding = 4; lastKnownFileType = sourcecode.c.h; path = BusinessCardParsedResult.h; sourceTree = "<group>"; };
		75BD17981ADB850700DE6491 /* BusinessCardParsedResult.m */ = {isa = PBXFileReference; fileEncoding = 4; lastKnownFileType = sourcecode.c.objc; path = BusinessCardParsedResult.m; sourceTree = "<group>"; };
		75BD17991ADB850700DE6491 /* EmailParsedResult.h */ = {isa = PBXFileReference; fileEncoding = 4; lastKnownFileType = sourcecode.c.h; path = EmailParsedResult.h; sourceTree = "<group>"; };
		75BD179A1ADB850700DE6491 /* EmailParsedResult.m */ = {isa = PBXFileReference; fileEncoding = 4; lastKnownFileType = sourcecode.c.objc; path = EmailParsedResult.m; sourceTree = "<group>"; };
		75BD179B1ADB850700DE6491 /* GeoParsedResult.h */ = {isa = PBXFileReference; fileEncoding = 4; lastKnownFileType = sourcecode.c.h; path = GeoParsedResult.h; sourceTree = "<group>"; };
		75BD179C1ADB850700DE6491 /* GeoParsedResult.m */ = {isa = PBXFileReference; fileEncoding = 4; lastKnownFileType = sourcecode.c.objc; path = GeoParsedResult.m; sourceTree = "<group>"; };
		75BD179D1ADB850700DE6491 /* ISBNParsedResult.h */ = {isa = PBXFileReference; fileEncoding = 4; lastKnownFileType = sourcecode.c.h; path = ISBNParsedResult.h; sourceTree = "<group>"; };
		75BD179E1ADB850700DE6491 /* ISBNParsedResult.m */ = {isa = PBXFileReference; fileEncoding = 4; lastKnownFileType = sourcecode.c.objc; path = ISBNParsedResult.m; sourceTree = "<group>"; };
		75BD179F1ADB850700DE6491 /* ParsedResult.h */ = {isa = PBXFileReference; fileEncoding = 4; lastKnownFileType = sourcecode.c.h; path = ParsedResult.h; sourceTree = "<group>"; };
		75BD17A01ADB850700DE6491 /* ParsedResult.m */ = {isa = PBXFileReference; fileEncoding = 4; lastKnownFileType = sourcecode.c.objc; path = ParsedResult.m; sourceTree = "<group>"; };
		75BD17A11ADB850700DE6491 /* ProductParsedResult.h */ = {isa = PBXFileReference; fileEncoding = 4; lastKnownFileType = sourcecode.c.h; path = ProductParsedResult.h; sourceTree = "<group>"; };
		75BD17A21ADB850700DE6491 /* ProductParsedResult.m */ = {isa = PBXFileReference; fileEncoding = 4; lastKnownFileType = sourcecode.c.objc; path = ProductParsedResult.m; sourceTree = "<group>"; };
		75BD17A31ADB850700DE6491 /* SMSParsedResult.h */ = {isa = PBXFileReference; fileEncoding = 4; lastKnownFileType = sourcecode.c.h; path = SMSParsedResult.h; sourceTree = "<group>"; };
		75BD17A41ADB850700DE6491 /* SMSParsedResult.m */ = {isa = PBXFileReference; fileEncoding = 4; lastKnownFileType = sourcecode.c.objc; path = SMSParsedResult.m; sourceTree = "<group>"; };
		75BD17A51ADB850700DE6491 /* TelParsedResult.h */ = {isa = PBXFileReference; fileEncoding = 4; lastKnownFileType = sourcecode.c.h; path = TelParsedResult.h; sourceTree = "<group>"; };
		75BD17A61ADB850700DE6491 /* TelParsedResult.m */ = {isa = PBXFileReference; fileEncoding = 4; lastKnownFileType = sourcecode.c.objc; path = TelParsedResult.m; sourceTree = "<group>"; };
		75BD17A71ADB850700DE6491 /* TextParsedResult.h */ = {isa = PBXFileReference; fileEncoding = 4; lastKnownFileType = sourcecode.c.h; path = TextParsedResult.h; sourceTree = "<group>"; };
		75BD17A81ADB850700DE6491 /* TextParsedResult.m */ = {isa = PBXFileReference; fileEncoding = 4; lastKnownFileType = sourcecode.c.objc; path = TextParsedResult.m; sourceTree = "<group>"; };
		75BD17A91ADB850700DE6491 /* URIParsedResult.h */ = {isa = PBXFileReference; fileEncoding = 4; lastKnownFileType = sourcecode.c.h; path = URIParsedResult.h; sourceTree = "<group>"; };
		75BD17AA1ADB850700DE6491 /* URIParsedResult.m */ = {isa = PBXFileReference; fileEncoding = 4; lastKnownFileType = sourcecode.c.objc; path = URIParsedResult.m; sourceTree = "<group>"; };
		75BD17AB1ADB850700DE6491 /* QRCodeReader.h */ = {isa = PBXFileReference; fileEncoding = 4; lastKnownFileType = sourcecode.c.h; path = QRCodeReader.h; sourceTree = "<group>"; };
		75BD17AC1ADB850700DE6491 /* QRCodeReader.mm */ = {isa = PBXFileReference; fileEncoding = 4; lastKnownFileType = sourcecode.cpp.objcpp; path = QRCodeReader.mm; sourceTree = "<group>"; };
		75BD17AE1ADB850700DE6491 /* AddressBookAUResultParser.h */ = {isa = PBXFileReference; fileEncoding = 4; lastKnownFileType = sourcecode.c.h; path = AddressBookAUResultParser.h; sourceTree = "<group>"; };
		75BD17AF1ADB850700DE6491 /* AddressBookAUResultParser.m */ = {isa = PBXFileReference; fileEncoding = 4; lastKnownFileType = sourcecode.c.objc; path = AddressBookAUResultParser.m; sourceTree = "<group>"; };
		75BD17B01ADB850700DE6491 /* BizcardResultParser.h */ = {isa = PBXFileReference; fileEncoding = 4; lastKnownFileType = sourcecode.c.h; path = BizcardResultParser.h; sourceTree = "<group>"; };
		75BD17B11ADB850700DE6491 /* BizcardResultParser.m */ = {isa = PBXFileReference; fileEncoding = 4; lastKnownFileType = sourcecode.c.objc; path = BizcardResultParser.m; sourceTree = "<group>"; };
		75BD17B21ADB850700DE6491 /* BookmarkDoCoMoResultParser.h */ = {isa = PBXFileReference; fileEncoding = 4; lastKnownFileType = sourcecode.c.h; path = BookmarkDoCoMoResultParser.h; sourceTree = "<group>"; };
		75BD17B31ADB850700DE6491 /* BookmarkDoCoMoResultParser.m */ = {isa = PBXFileReference; fileEncoding = 4; lastKnownFileType = sourcecode.c.objc; path = BookmarkDoCoMoResultParser.m; sourceTree = "<group>"; };
		75BD17B41ADB850700DE6491 /* EmailAddressResultParser.h */ = {isa = PBXFileReference; fileEncoding = 4; lastKnownFileType = sourcecode.c.h; path = EmailAddressResultParser.h; sourceTree = "<group>"; };
		75BD17B51ADB850700DE6491 /* EmailAddressResultParser.m */ = {isa = PBXFileReference; fileEncoding = 4; lastKnownFileType = sourcecode.c.objc; path = EmailAddressResultParser.m; sourceTree = "<group>"; };
		75BD17B61ADB850700DE6491 /* EmailDoCoMoResultParser.h */ = {isa = PBXFileReference; fileEncoding = 4; lastKnownFileType = sourcecode.c.h; path = EmailDoCoMoResultParser.h; sourceTree = "<group>"; };
		75BD17B71ADB850700DE6491 /* EmailDoCoMoResultParser.m */ = {isa = PBXFileReference; fileEncoding = 4; lastKnownFileType = sourcecode.c.objc; path = EmailDoCoMoResultParser.m; sourceTree = "<group>"; };
		75BD17B81ADB850700DE6491 /* GeoResultParser.h */ = {isa = PBXFileReference; fileEncoding = 4; lastKnownFileType = sourcecode.c.h; path = GeoResultParser.h; sourceTree = "<group>"; };
		75BD17B91ADB850700DE6491 /* GeoResultParser.m */ = {isa = PBXFileReference; fileEncoding = 4; lastKnownFileType = sourcecode.c.objc; path = GeoResultParser.m; sourceTree = "<group>"; };
		75BD17BA1ADB850700DE6491 /* ISBNResultParser.h */ = {isa = PBXFileReference; fileEncoding = 4; lastKnownFileType = sourcecode.c.h; path = ISBNResultParser.h; sourceTree = "<group>"; };
		75BD17BB1ADB850700DE6491 /* ISBNResultParser.m */ = {isa = PBXFileReference; fileEncoding = 4; lastKnownFileType = sourcecode.c.objc; path = ISBNResultParser.m; sourceTree = "<group>"; };
		75BD17BC1ADB850700DE6491 /* MeCardParser.h */ = {isa = PBXFileReference; fileEncoding = 4; lastKnownFileType = sourcecode.c.h; path = MeCardParser.h; sourceTree = "<group>"; };
		75BD17BD1ADB850700DE6491 /* MeCardParser.m */ = {isa = PBXFileReference; fileEncoding = 4; lastKnownFileType = sourcecode.c.objc; path = MeCardParser.m; sourceTree = "<group>"; };
		75BD17BE1ADB850700DE6491 /* PlainEmailResultParser.h */ = {isa = PBXFileReference; fileEncoding = 4; lastKnownFileType = sourcecode.c.h; path = PlainEmailResultParser.h; sourceTree = "<group>"; };
		75BD17BF1ADB850700DE6491 /* PlainEmailResultParser.m */ = {isa = PBXFileReference; fileEncoding = 4; lastKnownFileType = sourcecode.c.objc; path = PlainEmailResultParser.m; sourceTree = "<group>"; };
		75BD17C01ADB850700DE6491 /* ProductResultParser.h */ = {isa = PBXFileReference; fileEncoding = 4; lastKnownFileType = sourcecode.c.h; path = ProductResultParser.h; sourceTree = "<group>"; };
		75BD17C11ADB850700DE6491 /* ProductResultParser.mm */ = {isa = PBXFileReference; fileEncoding = 4; lastKnownFileType = sourcecode.cpp.objcpp; path = ProductResultParser.mm; sourceTree = "<group>"; };
		75BD17C21ADB850700DE6491 /* ResultParser.h */ = {isa = PBXFileReference; fileEncoding = 4; lastKnownFileType = sourcecode.c.h; path = ResultParser.h; sourceTree = "<group>"; };
		75BD17C31ADB850700DE6491 /* ResultParser.m */ = {isa = PBXFileReference; fileEncoding = 4; lastKnownFileType = sourcecode.c.objc; path = ResultParser.m; sourceTree = "<group>"; };
		75BD17C41ADB850700DE6491 /* SMSResultParser.h */ = {isa = PBXFileReference; fileEncoding = 4; lastKnownFileType = sourcecode.c.h; path = SMSResultParser.h; sourceTree = "<group>"; };
		75BD17C51ADB850700DE6491 /* SMSResultParser.m */ = {isa = PBXFileReference; fileEncoding = 4; lastKnownFileType = sourcecode.c.objc; path = SMSResultParser.m; sourceTree = "<group>"; };
		75BD17C61ADB850700DE6491 /* SMSTOResultParser.h */ = {isa = PBXFileReference; fileEncoding = 4; lastKnownFileType = sourcecode.c.h; path = SMSTOResultParser.h; sourceTree = "<group>"; };
		75BD17C71ADB850700DE6491 /* SMSTOResultParser.m */ = {isa = PBXFileReference; fileEncoding = 4; lastKnownFileType = sourcecode.c.objc; path = SMSTOResultParser.m; sourceTree = "<group>"; };
		75BD17C81ADB850700DE6491 /* SMTPResultParser.h */ = {isa = PBXFileReference; fileEncoding = 4; lastKnownFileType = sourcecode.c.h; path = SMTPResultParser.h; sourceTree = "<group>"; };
		75BD17C91ADB850700DE6491 /* SMTPResultParser.m */ = {isa = PBXFileReference; fileEncoding = 4; lastKnownFileType = sourcecode.c.objc; path = SMTPResultParser.m; sourceTree = "<group>"; };
		75BD17CA1ADB850700DE6491 /* TelResultParser.h */ = {isa = PBXFileReference; fileEncoding = 4; lastKnownFileType = sourcecode.c.h; path = TelResultParser.h; sourceTree = "<group>"; };
		75BD17CB1ADB850700DE6491 /* TelResultParser.m */ = {isa = PBXFileReference; fileEncoding = 4; lastKnownFileType = sourcecode.c.objc; path = TelResultParser.m; sourceTree = "<group>"; };
		75BD17CC1ADB850700DE6491 /* TextResultParser.h */ = {isa = PBXFileReference; fileEncoding = 4; lastKnownFileType = sourcecode.c.h; path = TextResultParser.h; sourceTree = "<group>"; };
		75BD17CD1ADB850700DE6491 /* TextResultParser.m */ = {isa = PBXFileReference; fileEncoding = 4; lastKnownFileType = sourcecode.c.objc; path = TextResultParser.m; sourceTree = "<group>"; };
		75BD17CE1ADB850700DE6491 /* UniversalResultParser.h */ = {isa = PBXFileReference; fileEncoding = 4; lastKnownFileType = sourcecode.c.h; path = UniversalResultParser.h; sourceTree = "<group>"; };
		75BD17CF1ADB850700DE6491 /* UniversalResultParser.m */ = {isa = PBXFileReference; fileEncoding = 4; lastKnownFileType = sourcecode.c.objc; path = UniversalResultParser.m; sourceTree = "<group>"; };
		75BD17D01ADB850700DE6491 /* URLResultParser.h */ = {isa = PBXFileReference; fileEncoding = 4; lastKnownFileType = sourcecode.c.h; path = URLResultParser.h; sourceTree = "<group>"; };
		75BD17D11ADB850700DE6491 /* URLResultParser.m */ = {isa = PBXFileReference; fileEncoding = 4; lastKnownFileType = sourcecode.c.objc; path = URLResultParser.m; sourceTree = "<group>"; };
		75BD17D21ADB850700DE6491 /* URLTOResultParser.h */ = {isa = PBXFileReference; fileEncoding = 4; lastKnownFileType = sourcecode.c.h; path = URLTOResultParser.h; sourceTree = "<group>"; };
		75BD17D31ADB850700DE6491 /* URLTOResultParser.m */ = {isa = PBXFileReference; fileEncoding = 4; lastKnownFileType = sourcecode.c.objc; path = URLTOResultParser.m; sourceTree = "<group>"; };
		75BD17D41ADB850700DE6491 /* VCardResultParser.h */ = {isa = PBXFileReference; fileEncoding = 4; lastKnownFileType = sourcecode.c.h; path = VCardResultParser.h; sourceTree = "<group>"; };
		75BD17D51ADB850700DE6491 /* VCardResultParser.m */ = {isa = PBXFileReference; fileEncoding = 4; lastKnownFileType = sourcecode.c.objc; path = VCardResultParser.m; sourceTree = "<group>"; };
		75BD17D61ADB850700DE6491 /* TwoDDecoderResult.h */ = {isa = PBXFileReference; fileEncoding = 4; lastKnownFileType = sourcecode.c.h; path = TwoDDecoderResult.h; sourceTree = "<group>"; };
		75BD17D71ADB850700DE6491 /* TwoDDecoderResult.m */ = {isa = PBXFileReference; fileEncoding = 4; lastKnownFileType = sourcecode.c.objc; path = TwoDDecoderResult.m; sourceTree = "<group>"; };
		75BD17D81ADB850700DE6491 /* ZXingWidgetController.h */ = {isa = PBXFileReference; fileEncoding = 4; lastKnownFileType = sourcecode.c.h; path = ZXingWidgetController.h; sourceTree = "<group>"; };
		75BD17D91ADB850700DE6491 /* ZXingWidgetController.m */ = {isa = PBXFileReference; fileEncoding = 4; lastKnownFileType = sourcecode.c.objc; path = ZXingWidgetController.m; sourceTree = "<group>"; };
		75BD17DA1ADB850700DE6491 /* ZXingWidgetController1.m */ = {isa = PBXFileReference; fileEncoding = 4; lastKnownFileType = sourcecode.c.objc; path = ZXingWidgetController1.m; sourceTree = "<group>"; };
		75BD17DB1ADB850700DE6491 /* exportList */ = {isa = PBXFileReference; fileEncoding = 4; lastKnownFileType = text; path = exportList; sourceTree = "<group>"; };
		75BD17DD1ADB850700DE6491 /* AddressBookAUResultParserTests.m */ = {isa = PBXFileReference; fileEncoding = 4; lastKnownFileType = sourcecode.c.objc; path = AddressBookAUResultParserTests.m; sourceTree = "<group>"; };
		75BD17DE1ADB850700DE6491 /* BizcardResultParserTests.m */ = {isa = PBXFileReference; fileEncoding = 4; lastKnownFileType = sourcecode.c.objc; path = BizcardResultParserTests.m; sourceTree = "<group>"; };
		75BD17DF1ADB850700DE6491 /* BookmarkDoCoMoTests.m */ = {isa = PBXFileReference; fileEncoding = 4; lastKnownFileType = sourcecode.c.objc; path = BookmarkDoCoMoTests.m; sourceTree = "<group>"; };
		75BD17E01ADB850700DE6491 /* EmailAddressResultParserTests.m */ = {isa = PBXFileReference; fileEncoding = 4; lastKnownFileType = sourcecode.c.objc; path = EmailAddressResultParserTests.m; sourceTree = "<group>"; };
		75BD17E11ADB850700DE6491 /* EmailDoCoMoResultParserTests.m */ = {isa = PBXFileReference; fileEncoding = 4; lastKnownFileType = sourcecode.c.objc; path = EmailDoCoMoResultParserTests.m; sourceTree = "<group>"; };
		75BD17E21ADB850700DE6491 /* ISBNResultParserTests.m */ = {isa = PBXFileReference; fileEncoding = 4; lastKnownFileType = sourcecode.c.objc; path = ISBNResultParserTests.m; sourceTree = "<group>"; };
		75BD17E31ADB850700DE6491 /* MeCardParserTests.m */ = {isa = PBXFileReference; fileEncoding = 4; lastKnownFileType = sourcecode.c.objc; path = MeCardParserTests.m; sourceTree = "<group>"; };
		75BD17E41ADB850700DE6491 /* SMTPResultParserTests.m */ = {isa = PBXFileReference; fileEncoding = 4; lastKnownFileType = sourcecode.c.objc; path = SMTPResultParserTests.m; sourceTree = "<group>"; };
		75BD17E51ADB850700DE6491 /* VCardResultParserTests.m */ = {isa = PBXFileReference; fileEncoding = 4; lastKnownFileType = sourcecode.c.objc; path = VCardResultParserTests.m; sourceTree = "<group>"; };
		75BD17E61ADB850700DE6491 /* ZXingTests-Info.plist */ = {isa = PBXFileReference; fileEncoding = 4; lastKnownFileType = text.plist.xml; path = "ZXingTests-Info.plist"; sourceTree = "<group>"; };
		75BD17E71ADB850700DE6491 /* ZXingWidget.xcodeproj */ = {isa = PBXFileReference; lastKnownFileType = "wrapper.pb-project"; path = ZXingWidget.xcodeproj; sourceTree = "<group>"; };
		75BD17EA1ADB850700DE6491 /* ZXingWidget_Prefix.pch */ = {isa = PBXFileReference; fileEncoding = 4; lastKnownFileType = sourcecode.c.h; path = ZXingWidget_Prefix.pch; sourceTree = "<group>"; };
		75BD18431ADB853D00DE6491 /* TTableView.h */ = {isa = PBXFileReference; fileEncoding = 4; lastKnownFileType = sourcecode.c.h; path = TTableView.h; sourceTree = "<group>"; };
		75BD18441ADB853D00DE6491 /* TTableView.m */ = {isa = PBXFileReference; fileEncoding = 4; lastKnownFileType = sourcecode.c.objc; path = TTableView.m; sourceTree = "<group>"; };
		75BD18461ADB854D00DE6491 /* TGroupTableView.h */ = {isa = PBXFileReference; fileEncoding = 4; lastKnownFileType = sourcecode.c.h; path = TGroupTableView.h; sourceTree = "<group>"; };
		75BD18471ADB854D00DE6491 /* TGroupTableView.m */ = {isa = PBXFileReference; fileEncoding = 4; lastKnownFileType = sourcecode.c.objc; path = TGroupTableView.m; sourceTree = "<group>"; };
		75BD184A1ADB85D600DE6491 /* TViewCell.h */ = {isa = PBXFileReference; fileEncoding = 4; lastKnownFileType = sourcecode.c.h; path = TViewCell.h; sourceTree = "<group>"; };
		75BD184B1ADB85D600DE6491 /* TViewCell.m */ = {isa = PBXFileReference; fileEncoding = 4; lastKnownFileType = sourcecode.c.objc; path = TViewCell.m; sourceTree = "<group>"; };
		75BD18521ADB85F900DE6491 /* TUtils.h */ = {isa = PBXFileReference; fileEncoding = 4; lastKnownFileType = sourcecode.c.h; path = TUtils.h; sourceTree = "<group>"; };
		75BD18531ADB85F900DE6491 /* TUtils.m */ = {isa = PBXFileReference; fileEncoding = 4; lastKnownFileType = sourcecode.c.objc; path = TUtils.m; sourceTree = "<group>"; };
		75BD18561ADB862300DE6491 /* NSData+Util.h */ = {isa = PBXFileReference; fileEncoding = 4; lastKnownFileType = sourcecode.c.h; path = "NSData+Util.h"; sourceTree = "<group>"; };
		75BD18571ADB862300DE6491 /* NSData+Util.m */ = {isa = PBXFileReference; fileEncoding = 4; lastKnownFileType = sourcecode.c.objc; path = "NSData+Util.m"; sourceTree = "<group>"; };
		75BD18581ADB862300DE6491 /* NSString+Util.h */ = {isa = PBXFileReference; fileEncoding = 4; lastKnownFileType = sourcecode.c.h; path = "NSString+Util.h"; sourceTree = "<group>"; };
		75BD18591ADB862300DE6491 /* NSString+Util.m */ = {isa = PBXFileReference; fileEncoding = 4; lastKnownFileType = sourcecode.c.objc; path = "NSString+Util.m"; sourceTree = "<group>"; };
		75BD185A1ADB862300DE6491 /* UIColor+BFPaperColors.h */ = {isa = PBXFileReference; fileEncoding = 4; lastKnownFileType = sourcecode.c.h; path = "UIColor+BFPaperColors.h"; sourceTree = "<group>"; };
		75BD185B1ADB862300DE6491 /* UIColor+BFPaperColors.m */ = {isa = PBXFileReference; fileEncoding = 4; lastKnownFileType = sourcecode.c.objc; path = "UIColor+BFPaperColors.m"; sourceTree = "<group>"; };
		75BD185C1ADB862300DE6491 /* UILabel+DynamicHeight.h */ = {isa = PBXFileReference; fileEncoding = 4; lastKnownFileType = sourcecode.c.h; path = "UILabel+DynamicHeight.h"; sourceTree = "<group>"; };
		75BD185D1ADB862300DE6491 /* UILabel+DynamicHeight.m */ = {isa = PBXFileReference; fileEncoding = 4; lastKnownFileType = sourcecode.c.objc; path = "UILabel+DynamicHeight.m"; sourceTree = "<group>"; };
		75BD185E1ADB862300DE6491 /* UIView+Util.h */ = {isa = PBXFileReference; fileEncoding = 4; lastKnownFileType = sourcecode.c.h; path = "UIView+Util.h"; sourceTree = "<group>"; };
		75BD185F1ADB862300DE6491 /* UIView+Util.m */ = {isa = PBXFileReference; fileEncoding = 4; lastKnownFileType = sourcecode.c.objc; path = "UIView+Util.m"; sourceTree = "<group>"; };
		75BD18651ADB86A000DE6491 /* BFPaperButton.h */ = {isa = PBXFileReference; fileEncoding = 4; lastKnownFileType = sourcecode.c.h; path = BFPaperButton.h; sourceTree = "<group>"; };
		75BD18661ADB86A000DE6491 /* BFPaperButton.m */ = {isa = PBXFileReference; fileEncoding = 4; lastKnownFileType = sourcecode.c.objc; path = BFPaperButton.m; sourceTree = "<group>"; };
		75BD18681ADB86A000DE6491 /* INSInfiniteScrollBackgroundView.h */ = {isa = PBXFileReference; fileEncoding = 4; lastKnownFileType = sourcecode.c.h; path = INSInfiniteScrollBackgroundView.h; sourceTree = "<group>"; };
		75BD18691ADB86A000DE6491 /* INSInfiniteScrollBackgroundView.m */ = {isa = PBXFileReference; fileEncoding = 4; lastKnownFileType = sourcecode.c.objc; path = INSInfiniteScrollBackgroundView.m; sourceTree = "<group>"; };
		75BD186A1ADB86A000DE6491 /* INSPullToRefreshBackgroundView.h */ = {isa = PBXFileReference; fileEncoding = 4; lastKnownFileType = sourcecode.c.h; path = INSPullToRefreshBackgroundView.h; sourceTree = "<group>"; };
		75BD186B1ADB86A000DE6491 /* INSPullToRefreshBackgroundView.m */ = {isa = PBXFileReference; fileEncoding = 4; lastKnownFileType = sourcecode.c.objc; path = INSPullToRefreshBackgroundView.m; sourceTree = "<group>"; };
		75BD186D1ADB86A000DE6491 /* INSAnimatable.h */ = {isa = PBXFileReference; fileEncoding = 4; lastKnownFileType = sourcecode.c.h; path = INSAnimatable.h; sourceTree = "<group>"; };
		75BD186E1ADB86A000DE6491 /* INSPinterestPullToRefresh.h */ = {isa = PBXFileReference; fileEncoding = 4; lastKnownFileType = sourcecode.c.h; path = INSPinterestPullToRefresh.h; sourceTree = "<group>"; };
		75BD186F1ADB86A000DE6491 /* INSPinterestPullToRefresh.m */ = {isa = PBXFileReference; fileEncoding = 4; lastKnownFileType = sourcecode.c.objc; path = INSPinterestPullToRefresh.m; sourceTree = "<group>"; };
		75BD18701ADB86A000DE6491 /* UIScrollView+INSPullToRefresh.h */ = {isa = PBXFileReference; fileEncoding = 4; lastKnownFileType = sourcecode.c.h; path = "UIScrollView+INSPullToRefresh.h"; sourceTree = "<group>"; };
		75BD18711ADB86A000DE6491 /* UIScrollView+INSPullToRefresh.m */ = {isa = PBXFileReference; fileEncoding = 4; lastKnownFileType = sourcecode.c.objc; path = "UIScrollView+INSPullToRefresh.m"; sourceTree = "<group>"; };
		75BD18731ADB86A000DE6491 /* MBProgressHUD.h */ = {isa = PBXFileReference; fileEncoding = 4; lastKnownFileType = sourcecode.c.h; path = MBProgressHUD.h; sourceTree = "<group>"; };
		75BD18741ADB86A000DE6491 /* MBProgressHUD.m */ = {isa = PBXFileReference; fileEncoding = 4; lastKnownFileType = sourcecode.c.objc; path = MBProgressHUD.m; sourceTree = "<group>"; };
		75BD18751ADB86A000DE6491 /* Reachability.h */ = {isa = PBXFileReference; fileEncoding = 4; lastKnownFileType = sourcecode.c.h; path = Reachability.h; sourceTree = "<group>"; };
		75BD18761ADB86A000DE6491 /* Reachability.m */ = {isa = PBXFileReference; fileEncoding = 4; lastKnownFileType = sourcecode.c.objc; path = Reachability.m; sourceTree = "<group>"; };
		75BD187F1ADB87A300DE6491 /* libz.dylib */ = {isa = PBXFileReference; lastKnownFileType = "compiled.mach-o.dylib"; name = libz.dylib; path = usr/lib/libz.dylib; sourceTree = SDKROOT; };
		75BD18811ADB87A900DE6491 /* CoreTelephony.framework */ = {isa = PBXFileReference; lastKnownFileType = wrapper.framework; name = CoreTelephony.framework; path = System/Library/Frameworks/CoreTelephony.framework; sourceTree = SDKROOT; };
		75BD18831ADB87AF00DE6491 /* SystemConfiguration.framework */ = {isa = PBXFileReference; lastKnownFileType = wrapper.framework; name = SystemConfiguration.framework; path = System/Library/Frameworks/SystemConfiguration.framework; sourceTree = SDKROOT; };
		75BD18851ADB87B700DE6491 /* CoreGraphics.framework */ = {isa = PBXFileReference; lastKnownFileType = wrapper.framework; name = CoreGraphics.framework; path = System/Library/Frameworks/CoreGraphics.framework; sourceTree = SDKROOT; };
		75BD18871ADB87BC00DE6491 /* AddressBook.framework */ = {isa = PBXFileReference; lastKnownFileType = wrapper.framework; name = AddressBook.framework; path = System/Library/Frameworks/AddressBook.framework; sourceTree = SDKROOT; };
		75BD18891ADB87C000DE6491 /* AddressBookUI.framework */ = {isa = PBXFileReference; lastKnownFileType = wrapper.framework; name = AddressBookUI.framework; path = System/Library/Frameworks/AddressBookUI.framework; sourceTree = SDKROOT; };
		75BD188B1ADB87C600DE6491 /* CoreMedia.framework */ = {isa = PBXFileReference; lastKnownFileType = wrapper.framework; name = CoreMedia.framework; path = System/Library/Frameworks/CoreMedia.framework; sourceTree = SDKROOT; };
		75BD188D1ADB87D100DE6491 /* libc++.dylib */ = {isa = PBXFileReference; lastKnownFileType = "compiled.mach-o.dylib"; name = "libc++.dylib"; path = "usr/lib/libc++.dylib"; sourceTree = SDKROOT; };
		75BD188F1ADB87D600DE6491 /* libsqlite3.dylib */ = {isa = PBXFileReference; lastKnownFileType = "compiled.mach-o.dylib"; name = libsqlite3.dylib; path = usr/lib/libsqlite3.dylib; sourceTree = SDKROOT; };
		75BD18911ADB87E800DE6491 /* CoreVideo.framework */ = {isa = PBXFileReference; lastKnownFileType = wrapper.framework; name = CoreVideo.framework; path = System/Library/Frameworks/CoreVideo.framework; sourceTree = SDKROOT; };
		75BD18931ADB87ED00DE6491 /* AVFoundation.framework */ = {isa = PBXFileReference; lastKnownFileType = wrapper.framework; name = AVFoundation.framework; path = System/Library/Frameworks/AVFoundation.framework; sourceTree = SDKROOT; };
		75BD18951ADB87F200DE6491 /* UIKit.framework */ = {isa = PBXFileReference; lastKnownFileType = wrapper.framework; name = UIKit.framework; path = System/Library/Frameworks/UIKit.framework; sourceTree = SDKROOT; };
		75BD18981ADBA1CB00DE6491 /* AudioToolbox.framework */ = {isa = PBXFileReference; lastKnownFileType = wrapper.framework; name = AudioToolbox.framework; path = System/Library/Frameworks/AudioToolbox.framework; sourceTree = SDKROOT; };
		75BD1A641ADBA3F500DE6491 /* libstdc++.dylib */ = {isa = PBXFileReference; lastKnownFileType = "compiled.mach-o.dylib"; name = "libstdc++.dylib"; path = "usr/lib/libstdc++.dylib"; sourceTree = SDKROOT; };
		75BD1A661ADBA3FB00DE6491 /* libiconv.dylib */ = {isa = PBXFileReference; lastKnownFileType = "compiled.mach-o.dylib"; name = libiconv.dylib; path = usr/lib/libiconv.dylib; sourceTree = SDKROOT; };
		75BD1A681ADBA40F00DE6491 /* MobileCoreServices.framework */ = {isa = PBXFileReference; lastKnownFileType = wrapper.framework; name = MobileCoreServices.framework; path = System/Library/Frameworks/MobileCoreServices.framework; sourceTree = SDKROOT; };
		75BD1A6A1ADBA41800DE6491 /* Security.framework */ = {isa = PBXFileReference; lastKnownFileType = wrapper.framework; name = Security.framework; path = System/Library/Frameworks/Security.framework; sourceTree = SDKROOT; };
		75BD1A6C1ADBA56B00DE6491 /* ZXingWidget.xcodeproj */ = {isa = PBXFileReference; lastKnownFileType = "wrapper.pb-project"; name = ZXingWidget.xcodeproj; path = TComponents/ThirdParties/ZXingWidget/ZXingWidget.xcodeproj; sourceTree = "<group>"; };
/* End PBXFileReference section */

/* Begin PBXFrameworksBuildPhase section */
		75BD17191ADB80F900DE6491 /* Frameworks */ = {
			isa = PBXFrameworksBuildPhase;
			buildActionMask = 2147483647;
			files = (
				75BD1A6B1ADBA41800DE6491 /* Security.framework in Frameworks */,
				75BD1A691ADBA40F00DE6491 /* MobileCoreServices.framework in Frameworks */,
				75BD1A671ADBA3FB00DE6491 /* libiconv.dylib in Frameworks */,
				75BD1A651ADBA3F500DE6491 /* libstdc++.dylib in Frameworks */,
				75BD18991ADBA1CB00DE6491 /* AudioToolbox.framework in Frameworks */,
				75BD18961ADB87F200DE6491 /* UIKit.framework in Frameworks */,
				75BD18941ADB87ED00DE6491 /* AVFoundation.framework in Frameworks */,
				75BD18921ADB87E800DE6491 /* CoreVideo.framework in Frameworks */,
				75BD188C1ADB87C600DE6491 /* CoreMedia.framework in Frameworks */,
				75BD18901ADB87D600DE6491 /* libsqlite3.dylib in Frameworks */,
				75BD188E1ADB87D100DE6491 /* libc++.dylib in Frameworks */,
				75BD188A1ADB87C000DE6491 /* AddressBookUI.framework in Frameworks */,
				75BD18881ADB87BC00DE6491 /* AddressBook.framework in Frameworks */,
				75BD18861ADB87B700DE6491 /* CoreGraphics.framework in Frameworks */,
				75BD18841ADB87AF00DE6491 /* SystemConfiguration.framework in Frameworks */,
				75BD18821ADB87A900DE6491 /* CoreTelephony.framework in Frameworks */,
				75BD18801ADB87A300DE6491 /* libz.dylib in Frameworks */,
				75BD187E1ADB879C00DE6491 /* libZXingWidget.a in Frameworks */,
			);
			runOnlyForDeploymentPostprocessing = 0;
		};
		75BD17321ADB80F900DE6491 /* Frameworks */ = {
			isa = PBXFrameworksBuildPhase;
			buildActionMask = 2147483647;
			files = (
			);
			runOnlyForDeploymentPostprocessing = 0;
		};
/* End PBXFrameworksBuildPhase section */

/* Begin PBXGroup section */
		75BD17131ADB80F900DE6491 = {
			isa = PBXGroup;
			children = (
				75BD1A6C1ADBA56B00DE6491 /* ZXingWidget.xcodeproj */,
				75BD18971ADB884D00DE6491 /* Frameworks */,
				75BD171E1ADB80F900DE6491 /* TComponents */,
				75BD17381ADB80F900DE6491 /* TComponentsTests */,
				75BD171D1ADB80F900DE6491 /* Products */,
			);
			sourceTree = "<group>";
		};
		75BD171D1ADB80F900DE6491 /* Products */ = {
			isa = PBXGroup;
			children = (
				75BD171C1ADB80F900DE6491 /* TComponents.app */,
				75BD17351ADB80F900DE6491 /* TComponentsTests.xctest */,
			);
			name = Products;
			sourceTree = "<group>";
		};
		75BD171E1ADB80F900DE6491 /* TComponents */ = {
			isa = PBXGroup;
			children = (
				75BD18511ADB85F900DE6491 /* Utils */,
				75BD18491ADB856000DE6491 /* Views */,
				75BD17481ADB813200DE6491 /* Components */,
				75BD17461ADB811300DE6491 /* ThirdParties */,
				75BD17451ADB810700DE6491 /* Connections */,
				75BD17231ADB80F900DE6491 /* AppDelegate.h */,
				75BD17241ADB80F900DE6491 /* AppDelegate.m */,
				75BD17261ADB80F900DE6491 /* ViewController.h */,
				75BD17271ADB80F900DE6491 /* ViewController.m */,
				75BD17291ADB80F900DE6491 /* Main.storyboard */,
				75BD172C1ADB80F900DE6491 /* Images.xcassets */,
				75BD172E1ADB80F900DE6491 /* LaunchScreen.xib */,
				75BD171F1ADB80F900DE6491 /* Supporting Files */,
			);
			path = TComponents;
			sourceTree = "<group>";
		};
		75BD171F1ADB80F900DE6491 /* Supporting Files */ = {
			isa = PBXGroup;
			children = (
				75BD17201ADB80F900DE6491 /* Info.plist */,
				75BD17211ADB80F900DE6491 /* main.m */,
			);
			name = "Supporting Files";
			sourceTree = "<group>";
		};
		75BD17381ADB80F900DE6491 /* TComponentsTests */ = {
			isa = PBXGroup;
			children = (
				75BD173B1ADB80F900DE6491 /* TComponentsTests.m */,
				75BD17391ADB80F900DE6491 /* Supporting Files */,
			);
			path = TComponentsTests;
			sourceTree = "<group>";
		};
		75BD17391ADB80F900DE6491 /* Supporting Files */ = {
			isa = PBXGroup;
			children = (
				75BD173A1ADB80F900DE6491 /* Info.plist */,
			);
			name = "Supporting Files";
			sourceTree = "<group>";
		};
		75BD17451ADB810700DE6491 /* Connections */ = {
			isa = PBXGroup;
			children = (
			);
			path = Connections;
			sourceTree = "<group>";
		};
		75BD17461ADB811300DE6491 /* ThirdParties */ = {
			isa = PBXGroup;
			children = (
				75BD18651ADB86A000DE6491 /* BFPaperButton.h */,
				75BD18661ADB86A000DE6491 /* BFPaperButton.m */,
				75BD18671ADB86A000DE6491 /* INSPullToRefresh */,
				75BD18721ADB86A000DE6491 /* MBProgressHUD */,
				75BD18751ADB86A000DE6491 /* Reachability.h */,
				75BD18761ADB86A000DE6491 /* Reachability.m */,
				75BD17491ADB850700DE6491 /* fmdb */,
				75BD17551ADB850700DE6491 /* FMDB_Migration */,
				75BD175C1ADB850700DE6491 /* FontAwesomeKit */,
				75BD176C1ADB850700DE6491 /* ZXingWidget */,
			);
			path = ThirdParties;
			sourceTree = "<group>";
		};
		75BD17481ADB813200DE6491 /* Components */ = {
			isa = PBXGroup;
			children = (
				75BD18431ADB853D00DE6491 /* TTableView.h */,
				75BD18441ADB853D00DE6491 /* TTableView.m */,
				75BD18461ADB854D00DE6491 /* TGroupTableView.h */,
				75BD18471ADB854D00DE6491 /* TGroupTableView.m */,
			);
			path = Components;
			sourceTree = "<group>";
		};
		75BD17491ADB850700DE6491 /* fmdb */ = {
			isa = PBXGroup;
			children = (
				75BD174A1ADB850700DE6491 /* FMDatabase.h */,
				75BD174B1ADB850700DE6491 /* FMDatabase.m */,
				75BD174C1ADB850700DE6491 /* FMDatabaseAdditions.h */,
				75BD174D1ADB850700DE6491 /* FMDatabaseAdditions.m */,
				75BD174E1ADB850700DE6491 /* FMDatabasePool.h */,
				75BD174F1ADB850700DE6491 /* FMDatabasePool.m */,
				75BD17501ADB850700DE6491 /* FMDatabaseQueue.h */,
				75BD17511ADB850700DE6491 /* FMDatabaseQueue.m */,
				75BD17521ADB850700DE6491 /* FMDB.h */,
				75BD17531ADB850700DE6491 /* FMResultSet.h */,
				75BD17541ADB850700DE6491 /* FMResultSet.m */,
			);
			path = fmdb;
			sourceTree = "<group>";
		};
		75BD17551ADB850700DE6491 /* FMDB_Migration */ = {
			isa = PBXGroup;
			children = (
				75BD17561ADB850700DE6491 /* FBDMMigration.m */,
				75BD17571ADB850700DE6491 /* FMDBMigration.h */,
				75BD17581ADB850700DE6491 /* FMDBMigrationColumn.h */,
				75BD17591ADB850700DE6491 /* FMDBMigrationColumn.m */,
				75BD175A1ADB850700DE6491 /* FMDBMigrationManager.h */,
				75BD175B1ADB850700DE6491 /* FMDBMigrationManager.m */,
			);
			path = FMDB_Migration;
			sourceTree = "<group>";
		};
		75BD175C1ADB850700DE6491 /* FontAwesomeKit */ = {
			isa = PBXGroup;
			children = (
				75BD175D1ADB850700DE6491 /* FAKFontAwesome.h */,
				75BD175E1ADB850700DE6491 /* FAKFontAwesome.m */,
				75BD175F1ADB850700DE6491 /* FAKFoundationIcons.h */,
				75BD17601ADB850700DE6491 /* FAKFoundationIcons.m */,
				75BD17611ADB850700DE6491 /* FAKIcon.h */,
				75BD17621ADB850700DE6491 /* FAKIcon.m */,
				75BD17631ADB850700DE6491 /* FAKIonIcons.h */,
				75BD17641ADB850700DE6491 /* FAKIonIcons.m */,
				75BD17651ADB850700DE6491 /* FAKZocial.h */,
				75BD17661ADB850700DE6491 /* FAKZocial.m */,
				75BD17671ADB850700DE6491 /* FontAwesome.otf */,
				75BD17681ADB850700DE6491 /* FontAwesomeKit.h */,
				75BD17691ADB850700DE6491 /* foundation-icons.ttf */,
				75BD176A1ADB850700DE6491 /* ionicons.ttf */,
				75BD176B1ADB850700DE6491 /* zocial-regular-webfont.ttf */,
			);
			path = FontAwesomeKit;
			sourceTree = "<group>";
		};
		75BD176C1ADB850700DE6491 /* ZXingWidget */ = {
			isa = PBXGroup;
			children = (
				75BD176D1ADB850700DE6491 /* .gitignore */,
				75BD176E1ADB850700DE6491 /* beep-beep.caf */,
				75BD176F1ADB850700DE6491 /* Classes */,
				75BD17DB1ADB850700DE6491 /* exportList */,
				75BD17DC1ADB850700DE6491 /* Tests */,
				75BD17E61ADB850700DE6491 /* ZXingTests-Info.plist */,
				75BD17E71ADB850700DE6491 /* ZXingWidget.xcodeproj */,
				75BD17EA1ADB850700DE6491 /* ZXingWidget_Prefix.pch */,
			);
			path = ZXingWidget;
			sourceTree = "<group>";
		};
		75BD176F1ADB850700DE6491 /* Classes */ = {
			isa = PBXGroup;
			children = (
				75BD17701ADB850700DE6491 /* actions */,
				75BD177F1ADB850700DE6491 /* ArrayAndStringCategories.h */,
				75BD17801ADB850700DE6491 /* ArrayAndStringCategories.m */,
				75BD17811ADB850700DE6491 /* AztecReader.h */,
				75BD17821ADB850700DE6491 /* AztecReader.mm */,
				75BD17831ADB850700DE6491 /* CBarcodeFormat.h */,
				75BD17841ADB850700DE6491 /* CBarcodeFormat.mm */,
				75BD17851ADB850700DE6491 /* DataMatrixReader.h */,
				75BD17861ADB850700DE6491 /* DataMatrixReader.mm */,
				75BD17871ADB850700DE6491 /* Decoder.h */,
				75BD17881ADB850700DE6491 /* Decoder.mm */,
				75BD17891ADB850700DE6491 /* DecoderDelegate.h */,
				75BD178A1ADB850700DE6491 /* FormatReader.h */,
				75BD178B1ADB850700DE6491 /* FormatReader.mm */,
				75BD178C1ADB850700DE6491 /* MultiFormatOneDReader.h */,
				75BD178D1ADB850700DE6491 /* MultiFormatOneDReader.mm */,
				75BD178E1ADB850700DE6491 /* MultiFormatReader.h */,
				75BD178F1ADB850700DE6491 /* MultiFormatReader.mm */,
				75BD17901ADB850700DE6491 /* MultiFormatUPCEANReader.h */,
				75BD17911ADB850700DE6491 /* MultiFormatUPCEANReader.mm */,
				75BD17921ADB850700DE6491 /* NSString+HTML.h */,
				75BD17931ADB850700DE6491 /* NSString+HTML.m */,
				75BD17941ADB850700DE6491 /* OverlayView.h */,
				75BD17951ADB850700DE6491 /* OverlayView.m */,
				75BD17961ADB850700DE6491 /* parsedResults */,
				75BD17AB1ADB850700DE6491 /* QRCodeReader.h */,
				75BD17AC1ADB850700DE6491 /* QRCodeReader.mm */,
				75BD17AD1ADB850700DE6491 /* resultParsers */,
				75BD17D61ADB850700DE6491 /* TwoDDecoderResult.h */,
				75BD17D71ADB850700DE6491 /* TwoDDecoderResult.m */,
				75BD17D81ADB850700DE6491 /* ZXingWidgetController.h */,
				75BD17D91ADB850700DE6491 /* ZXingWidgetController.m */,
				75BD17DA1ADB850700DE6491 /* ZXingWidgetController1.m */,
			);
			path = Classes;
			sourceTree = "<group>";
		};
		75BD17701ADB850700DE6491 /* actions */ = {
			isa = PBXGroup;
			children = (
				75BD17711ADB850700DE6491 /* AddContactAction.h */,
				75BD17721ADB850700DE6491 /* AddContactAction.m */,
				75BD17731ADB850700DE6491 /* CallAction.h */,
				75BD17741ADB850700DE6491 /* CallAction.m */,
				75BD17751ADB850700DE6491 /* EmailAction.h */,
				75BD17761ADB850700DE6491 /* EmailAction.m */,
				75BD17771ADB850700DE6491 /* OpenUrlAction.h */,
				75BD17781ADB850700DE6491 /* OpenUrlAction.m */,
				75BD17791ADB850700DE6491 /* ResultAction.h */,
				75BD177A1ADB850700DE6491 /* ResultAction.m */,
				75BD177B1ADB850700DE6491 /* ShowMapAction.h */,
				75BD177C1ADB850700DE6491 /* ShowMapAction.m */,
				75BD177D1ADB850700DE6491 /* SMSAction.h */,
				75BD177E1ADB850700DE6491 /* SMSAction.m */,
			);
			path = actions;
			sourceTree = "<group>";
		};
		75BD17961ADB850700DE6491 /* parsedResults */ = {
			isa = PBXGroup;
			children = (
				75BD17971ADB850700DE6491 /* BusinessCardParsedResult.h */,
				75BD17981ADB850700DE6491 /* BusinessCardParsedResult.m */,
				75BD17991ADB850700DE6491 /* EmailParsedResult.h */,
				75BD179A1ADB850700DE6491 /* EmailParsedResult.m */,
				75BD179B1ADB850700DE6491 /* GeoParsedResult.h */,
				75BD179C1ADB850700DE6491 /* GeoParsedResult.m */,
				75BD179D1ADB850700DE6491 /* ISBNParsedResult.h */,
				75BD179E1ADB850700DE6491 /* ISBNParsedResult.m */,
				75BD179F1ADB850700DE6491 /* ParsedResult.h */,
				75BD17A01ADB850700DE6491 /* ParsedResult.m */,
				75BD17A11ADB850700DE6491 /* ProductParsedResult.h */,
				75BD17A21ADB850700DE6491 /* ProductParsedResult.m */,
				75BD17A31ADB850700DE6491 /* SMSParsedResult.h */,
				75BD17A41ADB850700DE6491 /* SMSParsedResult.m */,
				75BD17A51ADB850700DE6491 /* TelParsedResult.h */,
				75BD17A61ADB850700DE6491 /* TelParsedResult.m */,
				75BD17A71ADB850700DE6491 /* TextParsedResult.h */,
				75BD17A81ADB850700DE6491 /* TextParsedResult.m */,
				75BD17A91ADB850700DE6491 /* URIParsedResult.h */,
				75BD17AA1ADB850700DE6491 /* URIParsedResult.m */,
			);
			path = parsedResults;
			sourceTree = "<group>";
		};
		75BD17AD1ADB850700DE6491 /* resultParsers */ = {
			isa = PBXGroup;
			children = (
				75BD17AE1ADB850700DE6491 /* AddressBookAUResultParser.h */,
				75BD17AF1ADB850700DE6491 /* AddressBookAUResultParser.m */,
				75BD17B01ADB850700DE6491 /* BizcardResultParser.h */,
				75BD17B11ADB850700DE6491 /* BizcardResultParser.m */,
				75BD17B21ADB850700DE6491 /* BookmarkDoCoMoResultParser.h */,
				75BD17B31ADB850700DE6491 /* BookmarkDoCoMoResultParser.m */,
				75BD17B41ADB850700DE6491 /* EmailAddressResultParser.h */,
				75BD17B51ADB850700DE6491 /* EmailAddressResultParser.m */,
				75BD17B61ADB850700DE6491 /* EmailDoCoMoResultParser.h */,
				75BD17B71ADB850700DE6491 /* EmailDoCoMoResultParser.m */,
				75BD17B81ADB850700DE6491 /* GeoResultParser.h */,
				75BD17B91ADB850700DE6491 /* GeoResultParser.m */,
				75BD17BA1ADB850700DE6491 /* ISBNResultParser.h */,
				75BD17BB1ADB850700DE6491 /* ISBNResultParser.m */,
				75BD17BC1ADB850700DE6491 /* MeCardParser.h */,
				75BD17BD1ADB850700DE6491 /* MeCardParser.m */,
				75BD17BE1ADB850700DE6491 /* PlainEmailResultParser.h */,
				75BD17BF1ADB850700DE6491 /* PlainEmailResultParser.m */,
				75BD17C01ADB850700DE6491 /* ProductResultParser.h */,
				75BD17C11ADB850700DE6491 /* ProductResultParser.mm */,
				75BD17C21ADB850700DE6491 /* ResultParser.h */,
				75BD17C31ADB850700DE6491 /* ResultParser.m */,
				75BD17C41ADB850700DE6491 /* SMSResultParser.h */,
				75BD17C51ADB850700DE6491 /* SMSResultParser.m */,
				75BD17C61ADB850700DE6491 /* SMSTOResultParser.h */,
				75BD17C71ADB850700DE6491 /* SMSTOResultParser.m */,
				75BD17C81ADB850700DE6491 /* SMTPResultParser.h */,
				75BD17C91ADB850700DE6491 /* SMTPResultParser.m */,
				75BD17CA1ADB850700DE6491 /* TelResultParser.h */,
				75BD17CB1ADB850700DE6491 /* TelResultParser.m */,
				75BD17CC1ADB850700DE6491 /* TextResultParser.h */,
				75BD17CD1ADB850700DE6491 /* TextResultParser.m */,
				75BD17CE1ADB850700DE6491 /* UniversalResultParser.h */,
				75BD17CF1ADB850700DE6491 /* UniversalResultParser.m */,
				75BD17D01ADB850700DE6491 /* URLResultParser.h */,
				75BD17D11ADB850700DE6491 /* URLResultParser.m */,
				75BD17D21ADB850700DE6491 /* URLTOResultParser.h */,
				75BD17D31ADB850700DE6491 /* URLTOResultParser.m */,
				75BD17D41ADB850700DE6491 /* VCardResultParser.h */,
				75BD17D51ADB850700DE6491 /* VCardResultParser.m */,
			);
			path = resultParsers;
			sourceTree = "<group>";
		};
		75BD17DC1ADB850700DE6491 /* Tests */ = {
			isa = PBXGroup;
			children = (
				75BD17DD1ADB850700DE6491 /* AddressBookAUResultParserTests.m */,
				75BD17DE1ADB850700DE6491 /* BizcardResultParserTests.m */,
				75BD17DF1ADB850700DE6491 /* BookmarkDoCoMoTests.m */,
				75BD17E01ADB850700DE6491 /* EmailAddressResultParserTests.m */,
				75BD17E11ADB850700DE6491 /* EmailDoCoMoResultParserTests.m */,
				75BD17E21ADB850700DE6491 /* ISBNResultParserTests.m */,
				75BD17E31ADB850700DE6491 /* MeCardParserTests.m */,
				75BD17E41ADB850700DE6491 /* SMTPResultParserTests.m */,
				75BD17E51ADB850700DE6491 /* VCardResultParserTests.m */,
			);
			path = Tests;
			sourceTree = "<group>";
		};
		75BD17E81ADB850700DE6491 /* Products */ = {
			isa = PBXGroup;
			children = (
				75BD18401ADB850700DE6491 /* libZXingWidget.a */,
				75BD18421ADB850700DE6491 /* ZXingTests.octest */,
			);
			name = Products;
			sourceTree = "<group>";
		};
		75BD18491ADB856000DE6491 /* Views */ = {
			isa = PBXGroup;
			children = (
				75BD184A1ADB85D600DE6491 /* TViewCell.h */,
				75BD184B1ADB85D600DE6491 /* TViewCell.m */,
			);
			path = Views;
			sourceTree = "<group>";
		};
		75BD18511ADB85F900DE6491 /* Utils */ = {
			isa = PBXGroup;
			children = (
				75BD18551ADB860200DE6491 /* Categories */,
				75BD18521ADB85F900DE6491 /* TUtils.h */,
				75BD18531ADB85F900DE6491 /* TUtils.m */,
			);
			path = Utils;
			sourceTree = "<group>";
		};
		75BD18551ADB860200DE6491 /* Categories */ = {
			isa = PBXGroup;
			children = (
				75BD18561ADB862300DE6491 /* NSData+Util.h */,
				75BD18571ADB862300DE6491 /* NSData+Util.m */,
				75BD18581ADB862300DE6491 /* NSString+Util.h */,
				75BD18591ADB862300DE6491 /* NSString+Util.m */,
				75BD185A1ADB862300DE6491 /* UIColor+BFPaperColors.h */,
				75BD185B1ADB862300DE6491 /* UIColor+BFPaperColors.m */,
				75BD185C1ADB862300DE6491 /* UILabel+DynamicHeight.h */,
				75BD185D1ADB862300DE6491 /* UILabel+DynamicHeight.m */,
				75BD185E1ADB862300DE6491 /* UIView+Util.h */,
				75BD185F1ADB862300DE6491 /* UIView+Util.m */,
			);
			name = Categories;
			sourceTree = "<group>";
		};
		75BD18671ADB86A000DE6491 /* INSPullToRefresh */ = {
			isa = PBXGroup;
			children = (
				75BD18681ADB86A000DE6491 /* INSInfiniteScrollBackgroundView.h */,
				75BD18691ADB86A000DE6491 /* INSInfiniteScrollBackgroundView.m */,
				75BD186A1ADB86A000DE6491 /* INSPullToRefreshBackgroundView.h */,
				75BD186B1ADB86A000DE6491 /* INSPullToRefreshBackgroundView.m */,
				75BD186C1ADB86A000DE6491 /* Pinterest */,
				75BD18701ADB86A000DE6491 /* UIScrollView+INSPullToRefresh.h */,
				75BD18711ADB86A000DE6491 /* UIScrollView+INSPullToRefresh.m */,
			);
			path = INSPullToRefresh;
			sourceTree = "<group>";
		};
		75BD186C1ADB86A000DE6491 /* Pinterest */ = {
			isa = PBXGroup;
			children = (
				75BD186D1ADB86A000DE6491 /* INSAnimatable.h */,
				75BD186E1ADB86A000DE6491 /* INSPinterestPullToRefresh.h */,
				75BD186F1ADB86A000DE6491 /* INSPinterestPullToRefresh.m */,
			);
			path = Pinterest;
			sourceTree = "<group>";
		};
		75BD18721ADB86A000DE6491 /* MBProgressHUD */ = {
			isa = PBXGroup;
			children = (
				75BD18731ADB86A000DE6491 /* MBProgressHUD.h */,
				75BD18741ADB86A000DE6491 /* MBProgressHUD.m */,
			);
			path = MBProgressHUD;
			sourceTree = "<group>";
		};
		75BD18971ADB884D00DE6491 /* Frameworks */ = {
			isa = PBXGroup;
			children = (
				75BD1A6A1ADBA41800DE6491 /* Security.framework */,
				75BD1A681ADBA40F00DE6491 /* MobileCoreServices.framework */,
				75BD1A661ADBA3FB00DE6491 /* libiconv.dylib */,
				75BD1A641ADBA3F500DE6491 /* libstdc++.dylib */,
				75BD18981ADBA1CB00DE6491 /* AudioToolbox.framework */,
				75BD18951ADB87F200DE6491 /* UIKit.framework */,
				75BD18931ADB87ED00DE6491 /* AVFoundation.framework */,
				75BD18911ADB87E800DE6491 /* CoreVideo.framework */,
				75BD188F1ADB87D600DE6491 /* libsqlite3.dylib */,
				75BD188D1ADB87D100DE6491 /* libc++.dylib */,
				75BD188B1ADB87C600DE6491 /* CoreMedia.framework */,
				75BD18891ADB87C000DE6491 /* AddressBookUI.framework */,
				75BD18871ADB87BC00DE6491 /* AddressBook.framework */,
				75BD18851ADB87B700DE6491 /* CoreGraphics.framework */,
				75BD18831ADB87AF00DE6491 /* SystemConfiguration.framework */,
				75BD18811ADB87A900DE6491 /* CoreTelephony.framework */,
				75BD187F1ADB87A300DE6491 /* libz.dylib */,
			);
			name = Frameworks;
			sourceTree = "<group>";
		};
		75BD1A6D1ADBA56B00DE6491 /* Products */ = {
			isa = PBXGroup;
			children = (
				75BD1A721ADBA56C00DE6491 /* libZXingWidget.a */,
				75BD1A741ADBA56C00DE6491 /* ZXingTests.octest */,
			);
			name = Products;
			sourceTree = "<group>";
		};
/* End PBXGroup section */

/* Begin PBXNativeTarget section */
		75BD171B1ADB80F900DE6491 /* TComponents */ = {
			isa = PBXNativeTarget;
			buildConfigurationList = 75BD173F1ADB80F900DE6491 /* Build configuration list for PBXNativeTarget "TComponents" */;
			buildPhases = (
				75BD17181ADB80F900DE6491 /* Sources */,
				75BD17191ADB80F900DE6491 /* Frameworks */,
				75BD171A1ADB80F900DE6491 /* Resources */,
			);
			buildRules = (
			);
			dependencies = (
				75BD1A761ADBA58000DE6491 /* PBXTargetDependency */,
			);
			name = TComponents;
			productName = TComponents;
			productReference = 75BD171C1ADB80F900DE6491 /* TComponents.app */;
			productType = "com.apple.product-type.application";
		};
		75BD17341ADB80F900DE6491 /* TComponentsTests */ = {
			isa = PBXNativeTarget;
			buildConfigurationList = 75BD17421ADB80F900DE6491 /* Build configuration list for PBXNativeTarget "TComponentsTests" */;
			buildPhases = (
				75BD17311ADB80F900DE6491 /* Sources */,
				75BD17321ADB80F900DE6491 /* Frameworks */,
				75BD17331ADB80F900DE6491 /* Resources */,
			);
			buildRules = (
			);
			dependencies = (
				75BD17371ADB80F900DE6491 /* PBXTargetDependency */,
			);
			name = TComponentsTests;
			productName = TComponentsTests;
			productReference = 75BD17351ADB80F900DE6491 /* TComponentsTests.xctest */;
			productType = "com.apple.product-type.bundle.unit-test";
		};
/* End PBXNativeTarget section */

/* Begin PBXProject section */
		75BD17141ADB80F900DE6491 /* Project object */ = {
			isa = PBXProject;
			attributes = {
				CLASSPREFIX = T;
				LastUpgradeCheck = 0620;
				ORGANIZATIONNAME = "Than Dang";
				TargetAttributes = {
					75BD171B1ADB80F900DE6491 = {
						CreatedOnToolsVersion = 6.2;
					};
					75BD17341ADB80F900DE6491 = {
						CreatedOnToolsVersion = 6.2;
						TestTargetID = 75BD171B1ADB80F900DE6491;
					};
				};
			};
			buildConfigurationList = 75BD17171ADB80F900DE6491 /* Build configuration list for PBXProject "TComponents" */;
			compatibilityVersion = "Xcode 3.2";
			developmentRegion = English;
			hasScannedForEncodings = 0;
			knownRegions = (
				en,
				Base,
			);
			mainGroup = 75BD17131ADB80F900DE6491;
			productRefGroup = 75BD171D1ADB80F900DE6491 /* Products */;
			projectDirPath = "";
			projectReferences = (
				{
					ProductGroup = 75BD17E81ADB850700DE6491 /* Products */;
					ProjectRef = 75BD17E71ADB850700DE6491 /* ZXingWidget.xcodeproj */;
				},
				{
					ProductGroup = 75BD1A6D1ADBA56B00DE6491 /* Products */;
					ProjectRef = 75BD1A6C1ADBA56B00DE6491 /* ZXingWidget.xcodeproj */;
				},
			);
			projectRoot = "";
			targets = (
				75BD171B1ADB80F900DE6491 /* TComponents */,
				75BD17341ADB80F900DE6491 /* TComponentsTests */,
			);
		};
/* End PBXProject section */

/* Begin PBXReferenceProxy section */
		75BD18401ADB850700DE6491 /* libZXingWidget.a */ = {
			isa = PBXReferenceProxy;
			fileType = archive.ar;
			path = libZXingWidget.a;
			remoteRef = 75BD183F1ADB850700DE6491 /* PBXContainerItemProxy */;
			sourceTree = BUILT_PRODUCTS_DIR;
		};
		75BD18421ADB850700DE6491 /* ZXingTests.octest */ = {
			isa = PBXReferenceProxy;
			fileType = wrapper.cfbundle;
			path = ZXingTests.octest;
			remoteRef = 75BD18411ADB850700DE6491 /* PBXContainerItemProxy */;
			sourceTree = BUILT_PRODUCTS_DIR;
		};
		75BD1A721ADBA56C00DE6491 /* libZXingWidget.a */ = {
			isa = PBXReferenceProxy;
			fileType = archive.ar;
			path = libZXingWidget.a;
			remoteRef = 75BD1A711ADBA56C00DE6491 /* PBXContainerItemProxy */;
			sourceTree = BUILT_PRODUCTS_DIR;
		};
		75BD1A741ADBA56C00DE6491 /* ZXingTests.octest */ = {
			isa = PBXReferenceProxy;
			fileType = wrapper.cfbundle;
			path = ZXingTests.octest;
			remoteRef = 75BD1A731ADBA56C00DE6491 /* PBXContainerItemProxy */;
			sourceTree = BUILT_PRODUCTS_DIR;
		};
/* End PBXReferenceProxy section */

/* Begin PBXResourcesBuildPhase section */
		75BD171A1ADB80F900DE6491 /* Resources */ = {
			isa = PBXResourcesBuildPhase;
			buildActionMask = 2147483647;
			files = (
				75BD17FD1ADB850700DE6491 /* beep-beep.caf in Resources */,
				75BD17FC1ADB850700DE6491 /* .gitignore in Resources */,
				75BD17FA1ADB850700DE6491 /* ionicons.ttf in Resources */,
				75BD172B1ADB80F900DE6491 /* Main.storyboard in Resources */,
				75BD17301ADB80F900DE6491 /* LaunchScreen.xib in Resources */,
				75BD17FB1ADB850700DE6491 /* zocial-regular-webfont.ttf in Resources */,
				75BD18321ADB850700DE6491 /* exportList in Resources */,
				75BD17F81ADB850700DE6491 /* FontAwesome.otf in Resources */,
				75BD172D1ADB80F900DE6491 /* Images.xcassets in Resources */,
				75BD183C1ADB850700DE6491 /* ZXingTests-Info.plist in Resources */,
				75BD17F91ADB850700DE6491 /* foundation-icons.ttf in Resources */,
			);
			runOnlyForDeploymentPostprocessing = 0;
		};
		75BD17331ADB80F900DE6491 /* Resources */ = {
			isa = PBXResourcesBuildPhase;
			buildActionMask = 2147483647;
			files = (
			);
			runOnlyForDeploymentPostprocessing = 0;
		};
/* End PBXResourcesBuildPhase section */

/* Begin PBXSourcesBuildPhase section */
		75BD17181ADB80F900DE6491 /* Sources */ = {
			isa = PBXSourcesBuildPhase;
			buildActionMask = 2147483647;
			files = (
				75BD183B1ADB850700DE6491 /* VCardResultParserTests.m in Sources */,
				75BD17F01ADB850700DE6491 /* FBDMMigration.m in Sources */,
				75BD18371ADB850700DE6491 /* EmailDoCoMoResultParserTests.m in Sources */,
				75BD18221ADB850700DE6491 /* MeCardParser.m in Sources */,
				75BD18611ADB862300DE6491 /* NSString+Util.m in Sources */,
				75BD18261ADB850700DE6491 /* SMSResultParser.m in Sources */,
				75BD18071ADB850700DE6491 /* CBarcodeFormat.mm in Sources */,
				75BD18311ADB850700DE6491 /* ZXingWidgetController1.m in Sources */,
				75BD17281ADB80F900DE6491 /* ViewController.m in Sources */,
				75BD187A1ADB86A000DE6491 /* INSPinterestPullToRefresh.m in Sources */,
				75BD18291ADB850700DE6491 /* TelResultParser.m in Sources */,
				75BD18391ADB850700DE6491 /* MeCardParserTests.m in Sources */,
				75BD18181ADB850700DE6491 /* TextParsedResult.m in Sources */,
				75BD17ED1ADB850700DE6491 /* FMDatabasePool.m in Sources */,
				75BD181A1ADB850700DE6491 /* QRCodeReader.mm in Sources */,
				75BD18241ADB850700DE6491 /* ProductResultParser.mm in Sources */,
				75BD18031ADB850700DE6491 /* ShowMapAction.m in Sources */,
				75BD180D1ADB850700DE6491 /* MultiFormatUPCEANReader.mm in Sources */,
				75BD17F11ADB850700DE6491 /* FMDBMigrationColumn.m in Sources */,
				75BD18781ADB86A000DE6491 /* INSInfiniteScrollBackgroundView.m in Sources */,
				75BD17251ADB80F900DE6491 /* AppDelegate.m in Sources */,
				75BD18201ADB850700DE6491 /* GeoResultParser.m in Sources */,
				75BD181D1ADB850700DE6491 /* BookmarkDoCoMoResultParser.m in Sources */,
				75BD18011ADB850700DE6491 /* OpenUrlAction.m in Sources */,
				75BD18211ADB850700DE6491 /* ISBNResultParser.m in Sources */,
				75BD180C1ADB850700DE6491 /* MultiFormatReader.mm in Sources */,
				75BD182E1ADB850700DE6491 /* VCardResultParser.m in Sources */,
				75BD18271ADB850700DE6491 /* SMSTOResultParser.m in Sources */,
				75BD18541ADB85F900DE6491 /* TUtils.m in Sources */,
				75BD18791ADB86A000DE6491 /* INSPullToRefreshBackgroundView.m in Sources */,
				75BD17FF1ADB850700DE6491 /* CallAction.m in Sources */,
				75BD18121ADB850700DE6491 /* GeoParsedResult.m in Sources */,
				75BD181E1ADB850700DE6491 /* EmailAddressResultParser.m in Sources */,
				75BD17F61ADB850700DE6491 /* FAKIonIcons.m in Sources */,
				75BD17F31ADB850700DE6491 /* FAKFontAwesome.m in Sources */,
				75BD180B1ADB850700DE6491 /* MultiFormatOneDReader.mm in Sources */,
				75BD17EE1ADB850700DE6491 /* FMDatabaseQueue.m in Sources */,
				75BD18091ADB850700DE6491 /* Decoder.mm in Sources */,
				75BD18061ADB850700DE6491 /* AztecReader.mm in Sources */,
				75BD18021ADB850700DE6491 /* ResultAction.m in Sources */,
				75BD18051ADB850700DE6491 /* ArrayAndStringCategories.m in Sources */,
				75BD17F51ADB850700DE6491 /* FAKIcon.m in Sources */,
				75BD18191ADB850700DE6491 /* URIParsedResult.m in Sources */,
				75BD18131ADB850700DE6491 /* ISBNParsedResult.m in Sources */,
				75BD18111ADB850700DE6491 /* EmailParsedResult.m in Sources */,
				75BD17221ADB80F900DE6491 /* main.m in Sources */,
				75BD17F71ADB850700DE6491 /* FAKZocial.m in Sources */,
				75BD17F21ADB850700DE6491 /* FMDBMigrationManager.m in Sources */,
				75BD18351ADB850700DE6491 /* BookmarkDoCoMoTests.m in Sources */,
				75BD18451ADB853D00DE6491 /* TTableView.m in Sources */,
				75BD18771ADB86A000DE6491 /* BFPaperButton.m in Sources */,
				75BD17EB1ADB850700DE6491 /* FMDatabase.m in Sources */,
				75BD18341ADB850700DE6491 /* BizcardResultParserTests.m in Sources */,
				75BD180A1ADB850700DE6491 /* FormatReader.mm in Sources */,
				75BD181B1ADB850700DE6491 /* AddressBookAUResultParser.m in Sources */,
				75BD180E1ADB850700DE6491 /* NSString+HTML.m in Sources */,
				75BD18381ADB850700DE6491 /* ISBNResultParserTests.m in Sources */,
				75BD18481ADB854D00DE6491 /* TGroupTableView.m in Sources */,
				75BD18641ADB862300DE6491 /* UIView+Util.m in Sources */,
				75BD18141ADB850700DE6491 /* ParsedResult.m in Sources */,
				75BD184C1ADB85D600DE6491 /* TViewCell.m in Sources */,
				75BD182C1ADB850700DE6491 /* URLResultParser.m in Sources */,
				75BD18301ADB850700DE6491 /* ZXingWidgetController.m in Sources */,
				75BD18231ADB850700DE6491 /* PlainEmailResultParser.m in Sources */,
				75BD18101ADB850700DE6491 /* BusinessCardParsedResult.m in Sources */,
				75BD18171ADB850700DE6491 /* TelParsedResult.m in Sources */,
				75BD18151ADB850700DE6491 /* ProductParsedResult.m in Sources */,
				75BD182D1ADB850700DE6491 /* URLTOResultParser.m in Sources */,
				75BD18601ADB862300DE6491 /* NSData+Util.m in Sources */,
				75BD182B1ADB850700DE6491 /* UniversalResultParser.m in Sources */,
				75BD18361ADB850700DE6491 /* EmailAddressResultParserTests.m in Sources */,
				75BD187C1ADB86A000DE6491 /* MBProgressHUD.m in Sources */,
				75BD18161ADB850700DE6491 /* SMSParsedResult.m in Sources */,
				75BD187D1ADB86A000DE6491 /* Reachability.m in Sources */,
				75BD17F41ADB850700DE6491 /* FAKFoundationIcons.m in Sources */,
				75BD182F1ADB850700DE6491 /* TwoDDecoderResult.m in Sources */,
				75BD18041ADB850700DE6491 /* SMSAction.m in Sources */,
				75BD18281ADB850700DE6491 /* SMTPResultParser.m in Sources */,
				75BD17EF1ADB850700DE6491 /* FMResultSet.m in Sources */,
				75BD18631ADB862300DE6491 /* UILabel+DynamicHeight.m in Sources */,
				75BD18621ADB862300DE6491 /* UIColor+BFPaperColors.m in Sources */,
				75BD18331ADB850700DE6491 /* AddressBookAUResultParserTests.m in Sources */,
				75BD181F1ADB850700DE6491 /* EmailDoCoMoResultParser.m in Sources */,
				75BD18081ADB850700DE6491 /* DataMatrixReader.mm in Sources */,
				75BD17EC1ADB850700DE6491 /* FMDatabaseAdditions.m in Sources */,
				75BD183A1ADB850700DE6491 /* SMTPResultParserTests.m in Sources */,
				75BD17FE1ADB850700DE6491 /* AddContactAction.m in Sources */,
				75BD18001ADB850700DE6491 /* EmailAction.m in Sources */,
				75BD18251ADB850700DE6491 /* ResultParser.m in Sources */,
				75BD181C1ADB850700DE6491 /* BizcardResultParser.m in Sources */,
				75BD180F1ADB850700DE6491 /* OverlayView.m in Sources */,
				75BD187B1ADB86A000DE6491 /* UIScrollView+INSPullToRefresh.m in Sources */,
				75BD182A1ADB850700DE6491 /* TextResultParser.m in Sources */,
			);
			runOnlyForDeploymentPostprocessing = 0;
		};
		75BD17311ADB80F900DE6491 /* Sources */ = {
			isa = PBXSourcesBuildPhase;
			buildActionMask = 2147483647;
			files = (
				75BD173C1ADB80F900DE6491 /* TComponentsTests.m in Sources */,
			);
			runOnlyForDeploymentPostprocessing = 0;
		};
/* End PBXSourcesBuildPhase section */

/* Begin PBXTargetDependency section */
		75BD17371ADB80F900DE6491 /* PBXTargetDependency */ = {
			isa = PBXTargetDependency;
			target = 75BD171B1ADB80F900DE6491 /* TComponents */;
			targetProxy = 75BD17361ADB80F900DE6491 /* PBXContainerItemProxy */;
		};
		75BD1A761ADBA58000DE6491 /* PBXTargetDependency */ = {
			isa = PBXTargetDependency;
			name = ZXingWidget;
			targetProxy = 75BD1A751ADBA58000DE6491 /* PBXContainerItemProxy */;
		};
/* End PBXTargetDependency section */

/* Begin PBXVariantGroup section */
		75BD17291ADB80F900DE6491 /* Main.storyboard */ = {
			isa = PBXVariantGroup;
			children = (
				75BD172A1ADB80F900DE6491 /* Base */,
			);
			name = Main.storyboard;
			sourceTree = "<group>";
		};
		75BD172E1ADB80F900DE6491 /* LaunchScreen.xib */ = {
			isa = PBXVariantGroup;
			children = (
				75BD172F1ADB80F900DE6491 /* Base */,
			);
			name = LaunchScreen.xib;
			sourceTree = "<group>";
		};
/* End PBXVariantGroup section */

/* Begin XCBuildConfiguration section */
		75BD173D1ADB80F900DE6491 /* Debug */ = {
			isa = XCBuildConfiguration;
			buildSettings = {
				ALWAYS_SEARCH_USER_PATHS = NO;
				CLANG_CXX_LANGUAGE_STANDARD = "gnu++0x";
				CLANG_CXX_LIBRARY = "libc++";
				CLANG_ENABLE_MODULES = YES;
				CLANG_ENABLE_OBJC_ARC = YES;
				CLANG_WARN_BOOL_CONVERSION = YES;
				CLANG_WARN_CONSTANT_CONVERSION = YES;
				CLANG_WARN_DIRECT_OBJC_ISA_USAGE = YES_ERROR;
				CLANG_WARN_EMPTY_BODY = YES;
				CLANG_WARN_ENUM_CONVERSION = YES;
				CLANG_WARN_INT_CONVERSION = YES;
				CLANG_WARN_OBJC_ROOT_CLASS = YES_ERROR;
				CLANG_WARN_UNREACHABLE_CODE = YES;
				CLANG_WARN__DUPLICATE_METHOD_MATCH = YES;
				"CODE_SIGN_IDENTITY[sdk=iphoneos*]" = "iPhone Developer";
				COPY_PHASE_STRIP = NO;
				ENABLE_STRICT_OBJC_MSGSEND = YES;
				GCC_C_LANGUAGE_STANDARD = gnu99;
				GCC_DYNAMIC_NO_PIC = NO;
				GCC_OPTIMIZATION_LEVEL = 0;
				GCC_PREPROCESSOR_DEFINITIONS = (
					"DEBUG=1",
					"$(inherited)",
				);
				GCC_SYMBOLS_PRIVATE_EXTERN = NO;
				GCC_WARN_64_TO_32_BIT_CONVERSION = YES;
				GCC_WARN_ABOUT_RETURN_TYPE = YES_ERROR;
				GCC_WARN_UNDECLARED_SELECTOR = YES;
				GCC_WARN_UNINITIALIZED_AUTOS = YES_AGGRESSIVE;
				GCC_WARN_UNUSED_FUNCTION = YES;
				GCC_WARN_UNUSED_VARIABLE = YES;
				IPHONEOS_DEPLOYMENT_TARGET = 8.2;
				MTL_ENABLE_DEBUG_INFO = YES;
				ONLY_ACTIVE_ARCH = YES;
				SDKROOT = iphoneos;
				TARGETED_DEVICE_FAMILY = "1,2";
			};
			name = Debug;
		};
		75BD173E1ADB80F900DE6491 /* Release */ = {
			isa = XCBuildConfiguration;
			buildSettings = {
				ALWAYS_SEARCH_USER_PATHS = NO;
				CLANG_CXX_LANGUAGE_STANDARD = "gnu++0x";
				CLANG_CXX_LIBRARY = "libc++";
				CLANG_ENABLE_MODULES = YES;
				CLANG_ENABLE_OBJC_ARC = YES;
				CLANG_WARN_BOOL_CONVERSION = YES;
				CLANG_WARN_CONSTANT_CONVERSION = YES;
				CLANG_WARN_DIRECT_OBJC_ISA_USAGE = YES_ERROR;
				CLANG_WARN_EMPTY_BODY = YES;
				CLANG_WARN_ENUM_CONVERSION = YES;
				CLANG_WARN_INT_CONVERSION = YES;
				CLANG_WARN_OBJC_ROOT_CLASS = YES_ERROR;
				CLANG_WARN_UNREACHABLE_CODE = YES;
				CLANG_WARN__DUPLICATE_METHOD_MATCH = YES;
				"CODE_SIGN_IDENTITY[sdk=iphoneos*]" = "iPhone Developer";
				COPY_PHASE_STRIP = NO;
				ENABLE_NS_ASSERTIONS = NO;
				ENABLE_STRICT_OBJC_MSGSEND = YES;
				GCC_C_LANGUAGE_STANDARD = gnu99;
				GCC_WARN_64_TO_32_BIT_CONVERSION = YES;
				GCC_WARN_ABOUT_RETURN_TYPE = YES_ERROR;
				GCC_WARN_UNDECLARED_SELECTOR = YES;
				GCC_WARN_UNINITIALIZED_AUTOS = YES_AGGRESSIVE;
				GCC_WARN_UNUSED_FUNCTION = YES;
				GCC_WARN_UNUSED_VARIABLE = YES;
				IPHONEOS_DEPLOYMENT_TARGET = 8.2;
				MTL_ENABLE_DEBUG_INFO = NO;
				SDKROOT = iphoneos;
				TARGETED_DEVICE_FAMILY = "1,2";
				VALIDATE_PRODUCT = YES;
			};
			name = Release;
		};
		75BD17401ADB80F900DE6491 /* Debug */ = {
			isa = XCBuildConfiguration;
			buildSettings = {
				ASSETCATALOG_COMPILER_APPICON_NAME = AppIcon;
				ASSETCATALOG_COMPILER_LAUNCHIMAGE_NAME = LaunchImage;
				CLANG_CXX_LANGUAGE_STANDARD = "compiler-default";
				CLANG_CXX_LIBRARY = "compiler-default";
				FRAMEWORK_SEARCH_PATHS = "$(PROJECT_DIR)/TComponents/ThirdPaties";
				GCC_C_LANGUAGE_STANDARD = "compiler-default";
				HEADER_SEARCH_PATHS = (
					"TComponents/ThirdParties/ZXingWidget/Classes/**",
					"$(inherited)",
					/Applications/Xcode.app/Contents/Developer/Toolchains/XcodeDefault.xctoolchain/usr/include,
					TComponents/cpp/core/src,
				);
				INFOPLIST_FILE = TComponents/Info.plist;
				IPHONEOS_DEPLOYMENT_TARGET = 7.0;
				LD_RUNPATH_SEARCH_PATHS = "$(inherited) @executable_path/Frameworks";
				PRODUCT_NAME = "$(TARGET_NAME)";
			};
			name = Debug;
		};
		75BD17411ADB80F900DE6491 /* Release */ = {
			isa = XCBuildConfiguration;
			buildSettings = {
				ASSETCATALOG_COMPILER_APPICON_NAME = AppIcon;
				ASSETCATALOG_COMPILER_LAUNCHIMAGE_NAME = LaunchImage;
				CLANG_CXX_LANGUAGE_STANDARD = "compiler-default";
				CLANG_CXX_LIBRARY = "compiler-default";
				FRAMEWORK_SEARCH_PATHS = "$(PROJECT_DIR)/TComponents/ThirdPaties";
				GCC_C_LANGUAGE_STANDARD = "compiler-default";
				HEADER_SEARCH_PATHS = (
					"TComponents/ThirdParties/ZXingWidget/Classes/**",
					"$(inherited)",
					/Applications/Xcode.app/Contents/Developer/Toolchains/XcodeDefault.xctoolchain/usr/include,
					TComponents/cpp/core/src,
				);
				INFOPLIST_FILE = TComponents/Info.plist;
				IPHONEOS_DEPLOYMENT_TARGET = 7.0;
				LD_RUNPATH_SEARCH_PATHS = "$(inherited) @executable_path/Frameworks";
				PRODUCT_NAME = "$(TARGET_NAME)";
			};
			name = Release;
		};
		75BD17431ADB80F900DE6491 /* Debug */ = {
			isa = XCBuildConfiguration;
			buildSettings = {
				BUNDLE_LOADER = "$(TEST_HOST)";
				FRAMEWORK_SEARCH_PATHS = (
					"$(SDKROOT)/Developer/Library/Frameworks",
					"$(inherited)",
				);
				GCC_PREPROCESSOR_DEFINITIONS = (
					"DEBUG=1",
					"$(inherited)",
				);
				INFOPLIST_FILE = TComponentsTests/Info.plist;
				LD_RUNPATH_SEARCH_PATHS = "$(inherited) @executable_path/Frameworks @loader_path/Frameworks";
				PRODUCT_NAME = "$(TARGET_NAME)";
				TEST_HOST = "$(BUILT_PRODUCTS_DIR)/TComponents.app/TComponents";
			};
			name = Debug;
		};
		75BD17441ADB80F900DE6491 /* Release */ = {
			isa = XCBuildConfiguration;
			buildSettings = {
				BUNDLE_LOADER = "$(TEST_HOST)";
				FRAMEWORK_SEARCH_PATHS = (
					"$(SDKROOT)/Developer/Library/Frameworks",
					"$(inherited)",
				);
				INFOPLIST_FILE = TComponentsTests/Info.plist;
				LD_RUNPATH_SEARCH_PATHS = "$(inherited) @executable_path/Frameworks @loader_path/Frameworks";
				PRODUCT_NAME = "$(TARGET_NAME)";
				TEST_HOST = "$(BUILT_PRODUCTS_DIR)/TComponents.app/TComponents";
			};
			name = Release;
		};
/* End XCBuildConfiguration section */

/* Begin XCConfigurationList section */
		75BD17171ADB80F900DE6491 /* Build configuration list for PBXProject "TComponents" */ = {
			isa = XCConfigurationList;
			buildConfigurations = (
				75BD173D1ADB80F900DE6491 /* Debug */,
				75BD173E1ADB80F900DE6491 /* Release */,
			);
			defaultConfigurationIsVisible = 0;
			defaultConfigurationName = Release;
		};
		75BD173F1ADB80F900DE6491 /* Build configuration list for PBXNativeTarget "TComponents" */ = {
			isa = XCConfigurationList;
			buildConfigurations = (
				75BD17401ADB80F900DE6491 /* Debug */,
				75BD17411ADB80F900DE6491 /* Release */,
			);
			defaultConfigurationIsVisible = 0;
			defaultConfigurationName = Release;
		};
		75BD17421ADB80F900DE6491 /* Build configuration list for PBXNativeTarget "TComponentsTests" */ = {
			isa = XCConfigurationList;
			buildConfigurations = (
				75BD17431ADB80F900DE6491 /* Debug */,
				75BD17441ADB80F900DE6491 /* Release */,
			);
			defaultConfigurationIsVisible = 0;
			defaultConfigurationName = Release;
		};
/* End XCConfigurationList section */
	};
	rootObject = 75BD17141ADB80F900DE6491 /* Project object */;
}
