// !$*UTF8*$!
{
	archiveVersion = 1;
	classes = {
	};
	objectVersion = 46;
	objects = {

/* Begin PBXBuildFile section */
		753772371ADCBA9400F0B094 /* libZXingWidget.a in Frameworks */ = {isa = PBXBuildFile; fileRef = 753772321ADCBA8600F0B094 /* libZXingWidget.a */; };
		75BD17221ADB80F900DE6491 /* main.m in Sources */ = {isa = PBXBuildFile; fileRef = 75BD17211ADB80F900DE6491 /* main.m */; };
		75BD17251ADB80F900DE6491 /* AppDelegate.m in Sources */ = {isa = PBXBuildFile; fileRef = 75BD17241ADB80F900DE6491 /* AppDelegate.m */; };
		75BD17281ADB80F900DE6491 /* ViewController.m in Sources */ = {isa = PBXBuildFile; fileRef = 75BD17271ADB80F900DE6491 /* ViewController.m */; };
		75BD172B1ADB80F900DE6491 /* Main.storyboard in Resources */ = {isa = PBXBuildFile; fileRef = 75BD17291ADB80F900DE6491 /* Main.storyboard */; };
		75BD172D1ADB80F900DE6491 /* Images.xcassets in Resources */ = {isa = PBXBuildFile; fileRef = 75BD172C1ADB80F900DE6491 /* Images.xcassets */; };
		75BD17301ADB80F900DE6491 /* LaunchScreen.xib in Resources */ = {isa = PBXBuildFile; fileRef = 75BD172E1ADB80F900DE6491 /* LaunchScreen.xib */; };
		75BD173C1ADB80F900DE6491 /* TComponentsTests.m in Sources */ = {isa = PBXBuildFile; fileRef = 75BD173B1ADB80F900DE6491 /* TComponentsTests.m */; };
		75BD17EB1ADB850700DE6491 /* FMDatabase.m in Sources */ = {isa = PBXBuildFile; fileRef = 75BD174B1ADB850700DE6491 /* FMDatabase.m */; };
		75BD17EC1ADB850700DE6491 /* FMDatabaseAdditions.m in Sources */ = {isa = PBXBuildFile; fileRef = 75BD174D1ADB850700DE6491 /* FMDatabaseAdditions.m */; };
		75BD17ED1ADB850700DE6491 /* FMDatabasePool.m in Sources */ = {isa = PBXBuildFile; fileRef = 75BD174F1ADB850700DE6491 /* FMDatabasePool.m */; };
		75BD17EE1ADB850700DE6491 /* FMDatabaseQueue.m in Sources */ = {isa = PBXBuildFile; fileRef = 75BD17511ADB850700DE6491 /* FMDatabaseQueue.m */; };
		75BD17EF1ADB850700DE6491 /* FMResultSet.m in Sources */ = {isa = PBXBuildFile; fileRef = 75BD17541ADB850700DE6491 /* FMResultSet.m */; };
		75BD17F01ADB850700DE6491 /* FBDMMigration.m in Sources */ = {isa = PBXBuildFile; fileRef = 75BD17561ADB850700DE6491 /* FBDMMigration.m */; };
		75BD17F11ADB850700DE6491 /* FMDBMigrationColumn.m in Sources */ = {isa = PBXBuildFile; fileRef = 75BD17591ADB850700DE6491 /* FMDBMigrationColumn.m */; };
		75BD17F21ADB850700DE6491 /* FMDBMigrationManager.m in Sources */ = {isa = PBXBuildFile; fileRef = 75BD175B1ADB850700DE6491 /* FMDBMigrationManager.m */; };
		75BD17F31ADB850700DE6491 /* FAKFontAwesome.m in Sources */ = {isa = PBXBuildFile; fileRef = 75BD175E1ADB850700DE6491 /* FAKFontAwesome.m */; };
		75BD17F41ADB850700DE6491 /* FAKFoundationIcons.m in Sources */ = {isa = PBXBuildFile; fileRef = 75BD17601ADB850700DE6491 /* FAKFoundationIcons.m */; };
		75BD17F51ADB850700DE6491 /* FAKIcon.m in Sources */ = {isa = PBXBuildFile; fileRef = 75BD17621ADB850700DE6491 /* FAKIcon.m */; };
		75BD17F61ADB850700DE6491 /* FAKIonIcons.m in Sources */ = {isa = PBXBuildFile; fileRef = 75BD17641ADB850700DE6491 /* FAKIonIcons.m */; };
		75BD17F71ADB850700DE6491 /* FAKZocial.m in Sources */ = {isa = PBXBuildFile; fileRef = 75BD17661ADB850700DE6491 /* FAKZocial.m */; };
		75BD17F81ADB850700DE6491 /* FontAwesome.otf in Resources */ = {isa = PBXBuildFile; fileRef = 75BD17671ADB850700DE6491 /* FontAwesome.otf */; };
		75BD17F91ADB850700DE6491 /* foundation-icons.ttf in Resources */ = {isa = PBXBuildFile; fileRef = 75BD17691ADB850700DE6491 /* foundation-icons.ttf */; };
		75BD17FA1ADB850700DE6491 /* ionicons.ttf in Resources */ = {isa = PBXBuildFile; fileRef = 75BD176A1ADB850700DE6491 /* ionicons.ttf */; };
		75BD17FB1ADB850700DE6491 /* zocial-regular-webfont.ttf in Resources */ = {isa = PBXBuildFile; fileRef = 75BD176B1ADB850700DE6491 /* zocial-regular-webfont.ttf */; };
		75BD18451ADB853D00DE6491 /* TTableView.m in Sources */ = {isa = PBXBuildFile; fileRef = 75BD18441ADB853D00DE6491 /* TTableView.m */; };
		75BD18481ADB854D00DE6491 /* TGroupTableView.m in Sources */ = {isa = PBXBuildFile; fileRef = 75BD18471ADB854D00DE6491 /* TGroupTableView.m */; };
		75BD184C1ADB85D600DE6491 /* TViewCell.m in Sources */ = {isa = PBXBuildFile; fileRef = 75BD184B1ADB85D600DE6491 /* TViewCell.m */; };
		75BD18541ADB85F900DE6491 /* TUtils.m in Sources */ = {isa = PBXBuildFile; fileRef = 75BD18531ADB85F900DE6491 /* TUtils.m */; };
		75BD18601ADB862300DE6491 /* NSData+Util.m in Sources */ = {isa = PBXBuildFile; fileRef = 75BD18571ADB862300DE6491 /* NSData+Util.m */; };
		75BD18611ADB862300DE6491 /* NSString+Util.m in Sources */ = {isa = PBXBuildFile; fileRef = 75BD18591ADB862300DE6491 /* NSString+Util.m */; };
		75BD18621ADB862300DE6491 /* UIColor+BFPaperColors.m in Sources */ = {isa = PBXBuildFile; fileRef = 75BD185B1ADB862300DE6491 /* UIColor+BFPaperColors.m */; };
		75BD18631ADB862300DE6491 /* UILabel+DynamicHeight.m in Sources */ = {isa = PBXBuildFile; fileRef = 75BD185D1ADB862300DE6491 /* UILabel+DynamicHeight.m */; };
		75BD18641ADB862300DE6491 /* UIView+Util.m in Sources */ = {isa = PBXBuildFile; fileRef = 75BD185F1ADB862300DE6491 /* UIView+Util.m */; };
		75BD18771ADB86A000DE6491 /* BFPaperButton.m in Sources */ = {isa = PBXBuildFile; fileRef = 75BD18661ADB86A000DE6491 /* BFPaperButton.m */; };
		75BD18781ADB86A000DE6491 /* INSInfiniteScrollBackgroundView.m in Sources */ = {isa = PBXBuildFile; fileRef = 75BD18691ADB86A000DE6491 /* INSInfiniteScrollBackgroundView.m */; };
		75BD18791ADB86A000DE6491 /* INSPullToRefreshBackgroundView.m in Sources */ = {isa = PBXBuildFile; fileRef = 75BD186B1ADB86A000DE6491 /* INSPullToRefreshBackgroundView.m */; };
		75BD187A1ADB86A000DE6491 /* INSPinterestPullToRefresh.m in Sources */ = {isa = PBXBuildFile; fileRef = 75BD186F1ADB86A000DE6491 /* INSPinterestPullToRefresh.m */; };
		75BD187B1ADB86A000DE6491 /* UIScrollView+INSPullToRefresh.m in Sources */ = {isa = PBXBuildFile; fileRef = 75BD18711ADB86A000DE6491 /* UIScrollView+INSPullToRefresh.m */; };
		75BD187C1ADB86A000DE6491 /* MBProgressHUD.m in Sources */ = {isa = PBXBuildFile; fileRef = 75BD18741ADB86A000DE6491 /* MBProgressHUD.m */; };
		75BD18801ADB87A300DE6491 /* libz.dylib in Frameworks */ = {isa = PBXBuildFile; fileRef = 75BD187F1ADB87A300DE6491 /* libz.dylib */; };
		75BD18821ADB87A900DE6491 /* CoreTelephony.framework in Frameworks */ = {isa = PBXBuildFile; fileRef = 75BD18811ADB87A900DE6491 /* CoreTelephony.framework */; };
		75BD18841ADB87AF00DE6491 /* SystemConfiguration.framework in Frameworks */ = {isa = PBXBuildFile; fileRef = 75BD18831ADB87AF00DE6491 /* SystemConfiguration.framework */; };
		75BD18861ADB87B700DE6491 /* CoreGraphics.framework in Frameworks */ = {isa = PBXBuildFile; fileRef = 75BD18851ADB87B700DE6491 /* CoreGraphics.framework */; };
		75BD18881ADB87BC00DE6491 /* AddressBook.framework in Frameworks */ = {isa = PBXBuildFile; fileRef = 75BD18871ADB87BC00DE6491 /* AddressBook.framework */; };
		75BD188A1ADB87C000DE6491 /* AddressBookUI.framework in Frameworks */ = {isa = PBXBuildFile; fileRef = 75BD18891ADB87C000DE6491 /* AddressBookUI.framework */; };
		75BD188C1ADB87C600DE6491 /* CoreMedia.framework in Frameworks */ = {isa = PBXBuildFile; fileRef = 75BD188B1ADB87C600DE6491 /* CoreMedia.framework */; };
		75BD188E1ADB87D100DE6491 /* libc++.dylib in Frameworks */ = {isa = PBXBuildFile; fileRef = 75BD188D1ADB87D100DE6491 /* libc++.dylib */; };
		75BD18901ADB87D600DE6491 /* libsqlite3.dylib in Frameworks */ = {isa = PBXBuildFile; fileRef = 75BD188F1ADB87D600DE6491 /* libsqlite3.dylib */; };
		75BD18921ADB87E800DE6491 /* CoreVideo.framework in Frameworks */ = {isa = PBXBuildFile; fileRef = 75BD18911ADB87E800DE6491 /* CoreVideo.framework */; };
		75BD18941ADB87ED00DE6491 /* AVFoundation.framework in Frameworks */ = {isa = PBXBuildFile; fileRef = 75BD18931ADB87ED00DE6491 /* AVFoundation.framework */; };
		75BD18961ADB87F200DE6491 /* UIKit.framework in Frameworks */ = {isa = PBXBuildFile; fileRef = 75BD18951ADB87F200DE6491 /* UIKit.framework */; };
		75BD18991ADBA1CB00DE6491 /* AudioToolbox.framework in Frameworks */ = {isa = PBXBuildFile; fileRef = 75BD18981ADBA1CB00DE6491 /* AudioToolbox.framework */; };
		75BD1A651ADBA3F500DE6491 /* libstdc++.dylib in Frameworks */ = {isa = PBXBuildFile; fileRef = 75BD1A641ADBA3F500DE6491 /* libstdc++.dylib */; };
		75BD1A671ADBA3FB00DE6491 /* libiconv.dylib in Frameworks */ = {isa = PBXBuildFile; fileRef = 75BD1A661ADBA3FB00DE6491 /* libiconv.dylib */; };
		75BD1A691ADBA40F00DE6491 /* MobileCoreServices.framework in Frameworks */ = {isa = PBXBuildFile; fileRef = 75BD1A681ADBA40F00DE6491 /* MobileCoreServices.framework */; };
		75BD1A6B1ADBA41800DE6491 /* Security.framework in Frameworks */ = {isa = PBXBuildFile; fileRef = 75BD1A6A1ADBA41800DE6491 /* Security.framework */; };
		75BD1A7D1ADBC63600DE6491 /* Reachability.m in Sources */ = {isa = PBXBuildFile; fileRef = 75BD1A7C1ADBC63600DE6491 /* Reachability.m */; };
		75BD1A801ADBC65D00DE6491 /* TConnectionBase.m in Sources */ = {isa = PBXBuildFile; fileRef = 75BD1A7F1ADBC65D00DE6491 /* TConnectionBase.m */; };
		75BD1A831ADBC6E400DE6491 /* TAPI.m in Sources */ = {isa = PBXBuildFile; fileRef = 75BD1A821ADBC6E400DE6491 /* TAPI.m */; };
/* End PBXBuildFile section */

/* Begin PBXContainerItemProxy section */
		753772311ADCBA8600F0B094 /* PBXContainerItemProxy */ = {
			isa = PBXContainerItemProxy;
			containerPortal = 7537722C1ADCBA8500F0B094 /* ZXingWidget.xcodeproj */;
			proxyType = 2;
			remoteGlobalIDString = D2AAC07E0554694100DB518D;
			remoteInfo = ZXingWidget;
		};
		753772331ADCBA8600F0B094 /* PBXContainerItemProxy */ = {
			isa = PBXContainerItemProxy;
			containerPortal = 7537722C1ADCBA8500F0B094 /* ZXingWidget.xcodeproj */;
			proxyType = 2;
			remoteGlobalIDString = 1D60398D13DF7CAD006F4B51;
			remoteInfo = ZXingTests;
		};
		753772351ADCBA8C00F0B094 /* PBXContainerItemProxy */ = {
			isa = PBXContainerItemProxy;
			containerPortal = 7537722C1ADCBA8500F0B094 /* ZXingWidget.xcodeproj */;
			proxyType = 1;
			remoteGlobalIDString = D2AAC07D0554694100DB518D;
			remoteInfo = ZXingWidget;
		};
		75BD17361ADB80F900DE6491 /* PBXContainerItemProxy */ = {
			isa = PBXContainerItemProxy;
			containerPortal = 75BD17141ADB80F900DE6491 /* Project object */;
			proxyType = 1;
			remoteGlobalIDString = 75BD171B1ADB80F900DE6491;
			remoteInfo = TComponents;
		};
/* End PBXContainerItemProxy section */

/* Begin PBXFileReference section */
		7537722C1ADCBA8500F0B094 /* ZXingWidget.xcodeproj */ = {isa = PBXFileReference; lastKnownFileType = "wrapper.pb-project"; name = ZXingWidget.xcodeproj; path = TComponents/ThirdParties/ZXingWidget/ZXingWidget.xcodeproj; sourceTree = "<group>"; };
		75BD171C1ADB80F900DE6491 /* TComponents.app */ = {isa = PBXFileReference; explicitFileType = wrapper.application; includeInIndex = 0; path = TComponents.app; sourceTree = BUILT_PRODUCTS_DIR; };
		75BD17201ADB80F900DE6491 /* Info.plist */ = {isa = PBXFileReference; lastKnownFileType = text.plist.xml; path = Info.plist; sourceTree = "<group>"; };
		75BD17211ADB80F900DE6491 /* main.m */ = {isa = PBXFileReference; lastKnownFileType = sourcecode.c.objc; path = main.m; sourceTree = "<group>"; };
		75BD17231ADB80F900DE6491 /* AppDelegate.h */ = {isa = PBXFileReference; lastKnownFileType = sourcecode.c.h; path = AppDelegate.h; sourceTree = "<group>"; };
		75BD17241ADB80F900DE6491 /* AppDelegate.m */ = {isa = PBXFileReference; lastKnownFileType = sourcecode.c.objc; path = AppDelegate.m; sourceTree = "<group>"; };
		75BD17261ADB80F900DE6491 /* ViewController.h */ = {isa = PBXFileReference; lastKnownFileType = sourcecode.c.h; path = ViewController.h; sourceTree = "<group>"; };
		75BD17271ADB80F900DE6491 /* ViewController.m */ = {isa = PBXFileReference; lastKnownFileType = sourcecode.c.objc; path = ViewController.m; sourceTree = "<group>"; };
		75BD172A1ADB80F900DE6491 /* Base */ = {isa = PBXFileReference; lastKnownFileType = file.storyboard; name = Base; path = Base.lproj/Main.storyboard; sourceTree = "<group>"; };
		75BD172C1ADB80F900DE6491 /* Images.xcassets */ = {isa = PBXFileReference; lastKnownFileType = folder.assetcatalog; path = Images.xcassets; sourceTree = "<group>"; };
		75BD172F1ADB80F900DE6491 /* Base */ = {isa = PBXFileReference; lastKnownFileType = file.xib; name = Base; path = Base.lproj/LaunchScreen.xib; sourceTree = "<group>"; };
		75BD17351ADB80F900DE6491 /* TComponentsTests.xctest */ = {isa = PBXFileReference; explicitFileType = wrapper.cfbundle; includeInIndex = 0; path = TComponentsTests.xctest; sourceTree = BUILT_PRODUCTS_DIR; };
		75BD173A1ADB80F900DE6491 /* Info.plist */ = {isa = PBXFileReference; lastKnownFileType = text.plist.xml; path = Info.plist; sourceTree = "<group>"; };
		75BD173B1ADB80F900DE6491 /* TComponentsTests.m */ = {isa = PBXFileReference; lastKnownFileType = sourcecode.c.objc; path = TComponentsTests.m; sourceTree = "<group>"; };
		75BD174A1ADB850700DE6491 /* FMDatabase.h */ = {isa = PBXFileReference; fileEncoding = 4; lastKnownFileType = sourcecode.c.h; path = FMDatabase.h; sourceTree = "<group>"; };
		75BD174B1ADB850700DE6491 /* FMDatabase.m */ = {isa = PBXFileReference; fileEncoding = 4; lastKnownFileType = sourcecode.c.objc; path = FMDatabase.m; sourceTree = "<group>"; };
		75BD174C1ADB850700DE6491 /* FMDatabaseAdditions.h */ = {isa = PBXFileReference; fileEncoding = 4; lastKnownFileType = sourcecode.c.h; path = FMDatabaseAdditions.h; sourceTree = "<group>"; };
		75BD174D1ADB850700DE6491 /* FMDatabaseAdditions.m */ = {isa = PBXFileReference; fileEncoding = 4; lastKnownFileType = sourcecode.c.objc; path = FMDatabaseAdditions.m; sourceTree = "<group>"; };
		75BD174E1ADB850700DE6491 /* FMDatabasePool.h */ = {isa = PBXFileReference; fileEncoding = 4; lastKnownFileType = sourcecode.c.h; path = FMDatabasePool.h; sourceTree = "<group>"; };
		75BD174F1ADB850700DE6491 /* FMDatabasePool.m */ = {isa = PBXFileReference; fileEncoding = 4; lastKnownFileType = sourcecode.c.objc; path = FMDatabasePool.m; sourceTree = "<group>"; };
		75BD17501ADB850700DE6491 /* FMDatabaseQueue.h */ = {isa = PBXFileReference; fileEncoding = 4; lastKnownFileType = sourcecode.c.h; path = FMDatabaseQueue.h; sourceTree = "<group>"; };
		75BD17511ADB850700DE6491 /* FMDatabaseQueue.m */ = {isa = PBXFileReference; fileEncoding = 4; lastKnownFileType = sourcecode.c.objc; path = FMDatabaseQueue.m; sourceTree = "<group>"; };
		75BD17521ADB850700DE6491 /* FMDB.h */ = {isa = PBXFileReference; fileEncoding = 4; lastKnownFileType = sourcecode.c.h; path = FMDB.h; sourceTree = "<group>"; };
		75BD17531ADB850700DE6491 /* FMResultSet.h */ = {isa = PBXFileReference; fileEncoding = 4; lastKnownFileType = sourcecode.c.h; path = FMResultSet.h; sourceTree = "<group>"; };
		75BD17541ADB850700DE6491 /* FMResultSet.m */ = {isa = PBXFileReference; fileEncoding = 4; lastKnownFileType = sourcecode.c.objc; path = FMResultSet.m; sourceTree = "<group>"; };
		75BD17561ADB850700DE6491 /* FBDMMigration.m */ = {isa = PBXFileReference; fileEncoding = 4; lastKnownFileType = sourcecode.c.objc; path = FBDMMigration.m; sourceTree = "<group>"; };
		75BD17571ADB850700DE6491 /* FMDBMigration.h */ = {isa = PBXFileReference; fileEncoding = 4; lastKnownFileType = sourcecode.c.h; path = FMDBMigration.h; sourceTree = "<group>"; };
		75BD17581ADB850700DE6491 /* FMDBMigrationColumn.h */ = {isa = PBXFileReference; fileEncoding = 4; lastKnownFileType = sourcecode.c.h; path = FMDBMigrationColumn.h; sourceTree = "<group>"; };
		75BD17591ADB850700DE6491 /* FMDBMigrationColumn.m */ = {isa = PBXFileReference; fileEncoding = 4; lastKnownFileType = sourcecode.c.objc; path = FMDBMigrationColumn.m; sourceTree = "<group>"; };
		75BD175A1ADB850700DE6491 /* FMDBMigrationManager.h */ = {isa = PBXFileReference; fileEncoding = 4; lastKnownFileType = sourcecode.c.h; path = FMDBMigrationManager.h; sourceTree = "<group>"; };
		75BD175B1ADB850700DE6491 /* FMDBMigrationManager.m */ = {isa = PBXFileReference; fileEncoding = 4; lastKnownFileType = sourcecode.c.objc; path = FMDBMigrationManager.m; sourceTree = "<group>"; };
		75BD175D1ADB850700DE6491 /* FAKFontAwesome.h */ = {isa = PBXFileReference; fileEncoding = 4; lastKnownFileType = sourcecode.c.h; path = FAKFontAwesome.h; sourceTree = "<group>"; };
		75BD175E1ADB850700DE6491 /* FAKFontAwesome.m */ = {isa = PBXFileReference; fileEncoding = 4; lastKnownFileType = sourcecode.c.objc; path = FAKFontAwesome.m; sourceTree = "<group>"; };
		75BD175F1ADB850700DE6491 /* FAKFoundationIcons.h */ = {isa = PBXFileReference; fileEncoding = 4; lastKnownFileType = sourcecode.c.h; path = FAKFoundationIcons.h; sourceTree = "<group>"; };
		75BD17601ADB850700DE6491 /* FAKFoundationIcons.m */ = {isa = PBXFileReference; fileEncoding = 4; lastKnownFileType = sourcecode.c.objc; path = FAKFoundationIcons.m; sourceTree = "<group>"; };
		75BD17611ADB850700DE6491 /* FAKIcon.h */ = {isa = PBXFileReference; fileEncoding = 4; lastKnownFileType = sourcecode.c.h; path = FAKIcon.h; sourceTree = "<group>"; };
		75BD17621ADB850700DE6491 /* FAKIcon.m */ = {isa = PBXFileReference; fileEncoding = 4; lastKnownFileType = sourcecode.c.objc; path = FAKIcon.m; sourceTree = "<group>"; };
		75BD17631ADB850700DE6491 /* FAKIonIcons.h */ = {isa = PBXFileReference; fileEncoding = 4; lastKnownFileType = sourcecode.c.h; path = FAKIonIcons.h; sourceTree = "<group>"; };
		75BD17641ADB850700DE6491 /* FAKIonIcons.m */ = {isa = PBXFileReference; fileEncoding = 4; lastKnownFileType = sourcecode.c.objc; path = FAKIonIcons.m; sourceTree = "<group>"; };
		75BD17651ADB850700DE6491 /* FAKZocial.h */ = {isa = PBXFileReference; fileEncoding = 4; lastKnownFileType = sourcecode.c.h; path = FAKZocial.h; sourceTree = "<group>"; };
		75BD17661ADB850700DE6491 /* FAKZocial.m */ = {isa = PBXFileReference; fileEncoding = 4; lastKnownFileType = sourcecode.c.objc; path = FAKZocial.m; sourceTree = "<group>"; };
		75BD17671ADB850700DE6491 /* FontAwesome.otf */ = {isa = PBXFileReference; lastKnownFileType = file; path = FontAwesome.otf; sourceTree = "<group>"; };
		75BD17681ADB850700DE6491 /* FontAwesomeKit.h */ = {isa = PBXFileReference; fileEncoding = 4; lastKnownFileType = sourcecode.c.h; path = FontAwesomeKit.h; sourceTree = "<group>"; };
		75BD17691ADB850700DE6491 /* foundation-icons.ttf */ = {isa = PBXFileReference; lastKnownFileType = file; path = "foundation-icons.ttf"; sourceTree = "<group>"; };
		75BD176A1ADB850700DE6491 /* ionicons.ttf */ = {isa = PBXFileReference; lastKnownFileType = file; path = ionicons.ttf; sourceTree = "<group>"; };
		75BD176B1ADB850700DE6491 /* zocial-regular-webfont.ttf */ = {isa = PBXFileReference; lastKnownFileType = file; path = "zocial-regular-webfont.ttf"; sourceTree = "<group>"; };
		75BD18431ADB853D00DE6491 /* TTableView.h */ = {isa = PBXFileReference; fileEncoding = 4; lastKnownFileType = sourcecode.c.h; path = TTableView.h; sourceTree = "<group>"; };
		75BD18441ADB853D00DE6491 /* TTableView.m */ = {isa = PBXFileReference; fileEncoding = 4; lastKnownFileType = sourcecode.c.objc; path = TTableView.m; sourceTree = "<group>"; };
		75BD18461ADB854D00DE6491 /* TGroupTableView.h */ = {isa = PBXFileReference; fileEncoding = 4; lastKnownFileType = sourcecode.c.h; path = TGroupTableView.h; sourceTree = "<group>"; };
		75BD18471ADB854D00DE6491 /* TGroupTableView.m */ = {isa = PBXFileReference; fileEncoding = 4; lastKnownFileType = sourcecode.c.objc; path = TGroupTableView.m; sourceTree = "<group>"; };
		75BD184A1ADB85D600DE6491 /* TViewCell.h */ = {isa = PBXFileReference; fileEncoding = 4; lastKnownFileType = sourcecode.c.h; path = TViewCell.h; sourceTree = "<group>"; };
		75BD184B1ADB85D600DE6491 /* TViewCell.m */ = {isa = PBXFileReference; fileEncoding = 4; lastKnownFileType = sourcecode.c.objc; path = TViewCell.m; sourceTree = "<group>"; };
		75BD18521ADB85F900DE6491 /* TUtils.h */ = {isa = PBXFileReference; fileEncoding = 4; lastKnownFileType = sourcecode.c.h; path = TUtils.h; sourceTree = "<group>"; };
		75BD18531ADB85F900DE6491 /* TUtils.m */ = {isa = PBXFileReference; fileEncoding = 4; lastKnownFileType = sourcecode.c.objc; path = TUtils.m; sourceTree = "<group>"; };
		75BD18561ADB862300DE6491 /* NSData+Util.h */ = {isa = PBXFileReference; fileEncoding = 4; lastKnownFileType = sourcecode.c.h; path = "NSData+Util.h"; sourceTree = "<group>"; };
		75BD18571ADB862300DE6491 /* NSData+Util.m */ = {isa = PBXFileReference; fileEncoding = 4; lastKnownFileType = sourcecode.c.objc; path = "NSData+Util.m"; sourceTree = "<group>"; };
		75BD18581ADB862300DE6491 /* NSString+Util.h */ = {isa = PBXFileReference; fileEncoding = 4; lastKnownFileType = sourcecode.c.h; path = "NSString+Util.h"; sourceTree = "<group>"; };
		75BD18591ADB862300DE6491 /* NSString+Util.m */ = {isa = PBXFileReference; fileEncoding = 4; lastKnownFileType = sourcecode.c.objc; path = "NSString+Util.m"; sourceTree = "<group>"; };
		75BD185A1ADB862300DE6491 /* UIColor+BFPaperColors.h */ = {isa = PBXFileReference; fileEncoding = 4; lastKnownFileType = sourcecode.c.h; path = "UIColor+BFPaperColors.h"; sourceTree = "<group>"; };
		75BD185B1ADB862300DE6491 /* UIColor+BFPaperColors.m */ = {isa = PBXFileReference; fileEncoding = 4; lastKnownFileType = sourcecode.c.objc; path = "UIColor+BFPaperColors.m"; sourceTree = "<group>"; };
		75BD185C1ADB862300DE6491 /* UILabel+DynamicHeight.h */ = {isa = PBXFileReference; fileEncoding = 4; lastKnownFileType = sourcecode.c.h; path = "UILabel+DynamicHeight.h"; sourceTree = "<group>"; };
		75BD185D1ADB862300DE6491 /* UILabel+DynamicHeight.m */ = {isa = PBXFileReference; fileEncoding = 4; lastKnownFileType = sourcecode.c.objc; path = "UILabel+DynamicHeight.m"; sourceTree = "<group>"; };
		75BD185E1ADB862300DE6491 /* UIView+Util.h */ = {isa = PBXFileReference; fileEncoding = 4; lastKnownFileType = sourcecode.c.h; path = "UIView+Util.h"; sourceTree = "<group>"; };
		75BD185F1ADB862300DE6491 /* UIView+Util.m */ = {isa = PBXFileReference; fileEncoding = 4; lastKnownFileType = sourcecode.c.objc; path = "UIView+Util.m"; sourceTree = "<group>"; };
		75BD18651ADB86A000DE6491 /* BFPaperButton.h */ = {isa = PBXFileReference; fileEncoding = 4; lastKnownFileType = sourcecode.c.h; path = BFPaperButton.h; sourceTree = "<group>"; };
		75BD18661ADB86A000DE6491 /* BFPaperButton.m */ = {isa = PBXFileReference; fileEncoding = 4; lastKnownFileType = sourcecode.c.objc; path = BFPaperButton.m; sourceTree = "<group>"; };
		75BD18681ADB86A000DE6491 /* INSInfiniteScrollBackgroundView.h */ = {isa = PBXFileReference; fileEncoding = 4; lastKnownFileType = sourcecode.c.h; path = INSInfiniteScrollBackgroundView.h; sourceTree = "<group>"; };
		75BD18691ADB86A000DE6491 /* INSInfiniteScrollBackgroundView.m */ = {isa = PBXFileReference; fileEncoding = 4; lastKnownFileType = sourcecode.c.objc; path = INSInfiniteScrollBackgroundView.m; sourceTree = "<group>"; };
		75BD186A1ADB86A000DE6491 /* INSPullToRefreshBackgroundView.h */ = {isa = PBXFileReference; fileEncoding = 4; lastKnownFileType = sourcecode.c.h; path = INSPullToRefreshBackgroundView.h; sourceTree = "<group>"; };
		75BD186B1ADB86A000DE6491 /* INSPullToRefreshBackgroundView.m */ = {isa = PBXFileReference; fileEncoding = 4; lastKnownFileType = sourcecode.c.objc; path = INSPullToRefreshBackgroundView.m; sourceTree = "<group>"; };
		75BD186D1ADB86A000DE6491 /* INSAnimatable.h */ = {isa = PBXFileReference; fileEncoding = 4; lastKnownFileType = sourcecode.c.h; path = INSAnimatable.h; sourceTree = "<group>"; };
		75BD186E1ADB86A000DE6491 /* INSPinterestPullToRefresh.h */ = {isa = PBXFileReference; fileEncoding = 4; lastKnownFileType = sourcecode.c.h; path = INSPinterestPullToRefresh.h; sourceTree = "<group>"; };
		75BD186F1ADB86A000DE6491 /* INSPinterestPullToRefresh.m */ = {isa = PBXFileReference; fileEncoding = 4; lastKnownFileType = sourcecode.c.objc; path = INSPinterestPullToRefresh.m; sourceTree = "<group>"; };
		75BD18701ADB86A000DE6491 /* UIScrollView+INSPullToRefresh.h */ = {isa = PBXFileReference; fileEncoding = 4; lastKnownFileType = sourcecode.c.h; path = "UIScrollView+INSPullToRefresh.h"; sourceTree = "<group>"; };
		75BD18711ADB86A000DE6491 /* UIScrollView+INSPullToRefresh.m */ = {isa = PBXFileReference; fileEncoding = 4; lastKnownFileType = sourcecode.c.objc; path = "UIScrollView+INSPullToRefresh.m"; sourceTree = "<group>"; };
		75BD18731ADB86A000DE6491 /* MBProgressHUD.h */ = {isa = PBXFileReference; fileEncoding = 4; lastKnownFileType = sourcecode.c.h; path = MBProgressHUD.h; sourceTree = "<group>"; };
		75BD18741ADB86A000DE6491 /* MBProgressHUD.m */ = {isa = PBXFileReference; fileEncoding = 4; lastKnownFileType = sourcecode.c.objc; path = MBProgressHUD.m; sourceTree = "<group>"; };
		75BD187F1ADB87A300DE6491 /* libz.dylib */ = {isa = PBXFileReference; lastKnownFileType = "compiled.mach-o.dylib"; name = libz.dylib; path = usr/lib/libz.dylib; sourceTree = SDKROOT; };
		75BD18811ADB87A900DE6491 /* CoreTelephony.framework */ = {isa = PBXFileReference; lastKnownFileType = wrapper.framework; name = CoreTelephony.framework; path = System/Library/Frameworks/CoreTelephony.framework; sourceTree = SDKROOT; };
		75BD18831ADB87AF00DE6491 /* SystemConfiguration.framework */ = {isa = PBXFileReference; lastKnownFileType = wrapper.framework; name = SystemConfiguration.framework; path = System/Library/Frameworks/SystemConfiguration.framework; sourceTree = SDKROOT; };
		75BD18851ADB87B700DE6491 /* CoreGraphics.framework */ = {isa = PBXFileReference; lastKnownFileType = wrapper.framework; name = CoreGraphics.framework; path = System/Library/Frameworks/CoreGraphics.framework; sourceTree = SDKROOT; };
		75BD18871ADB87BC00DE6491 /* AddressBook.framework */ = {isa = PBXFileReference; lastKnownFileType = wrapper.framework; name = AddressBook.framework; path = System/Library/Frameworks/AddressBook.framework; sourceTree = SDKROOT; };
		75BD18891ADB87C000DE6491 /* AddressBookUI.framework */ = {isa = PBXFileReference; lastKnownFileType = wrapper.framework; name = AddressBookUI.framework; path = System/Library/Frameworks/AddressBookUI.framework; sourceTree = SDKROOT; };
		75BD188B1ADB87C600DE6491 /* CoreMedia.framework */ = {isa = PBXFileReference; lastKnownFileType = wrapper.framework; name = CoreMedia.framework; path = System/Library/Frameworks/CoreMedia.framework; sourceTree = SDKROOT; };
		75BD188D1ADB87D100DE6491 /* libc++.dylib */ = {isa = PBXFileReference; lastKnownFileType = "compiled.mach-o.dylib"; name = "libc++.dylib"; path = "usr/lib/libc++.dylib"; sourceTree = SDKROOT; };
		75BD188F1ADB87D600DE6491 /* libsqlite3.dylib */ = {isa = PBXFileReference; lastKnownFileType = "compiled.mach-o.dylib"; name = libsqlite3.dylib; path = usr/lib/libsqlite3.dylib; sourceTree = SDKROOT; };
		75BD18911ADB87E800DE6491 /* CoreVideo.framework */ = {isa = PBXFileReference; lastKnownFileType = wrapper.framework; name = CoreVideo.framework; path = System/Library/Frameworks/CoreVideo.framework; sourceTree = SDKROOT; };
		75BD18931ADB87ED00DE6491 /* AVFoundation.framework */ = {isa = PBXFileReference; lastKnownFileType = wrapper.framework; name = AVFoundation.framework; path = System/Library/Frameworks/AVFoundation.framework; sourceTree = SDKROOT; };
		75BD18951ADB87F200DE6491 /* UIKit.framework */ = {isa = PBXFileReference; lastKnownFileType = wrapper.framework; name = UIKit.framework; path = System/Library/Frameworks/UIKit.framework; sourceTree = SDKROOT; };
		75BD18981ADBA1CB00DE6491 /* AudioToolbox.framework */ = {isa = PBXFileReference; lastKnownFileType = wrapper.framework; name = AudioToolbox.framework; path = System/Library/Frameworks/AudioToolbox.framework; sourceTree = SDKROOT; };
		75BD1A641ADBA3F500DE6491 /* libstdc++.dylib */ = {isa = PBXFileReference; lastKnownFileType = "compiled.mach-o.dylib"; name = "libstdc++.dylib"; path = "usr/lib/libstdc++.dylib"; sourceTree = SDKROOT; };
		75BD1A661ADBA3FB00DE6491 /* libiconv.dylib */ = {isa = PBXFileReference; lastKnownFileType = "compiled.mach-o.dylib"; name = libiconv.dylib; path = usr/lib/libiconv.dylib; sourceTree = SDKROOT; };
		75BD1A681ADBA40F00DE6491 /* MobileCoreServices.framework */ = {isa = PBXFileReference; lastKnownFileType = wrapper.framework; name = MobileCoreServices.framework; path = System/Library/Frameworks/MobileCoreServices.framework; sourceTree = SDKROOT; };
		75BD1A6A1ADBA41800DE6491 /* Security.framework */ = {isa = PBXFileReference; lastKnownFileType = wrapper.framework; name = Security.framework; path = System/Library/Frameworks/Security.framework; sourceTree = SDKROOT; };
		75BD1A7B1ADBC63600DE6491 /* Reachability.h */ = {isa = PBXFileReference; fileEncoding = 4; lastKnownFileType = sourcecode.c.h; path = Reachability.h; sourceTree = "<group>"; };
		75BD1A7C1ADBC63600DE6491 /* Reachability.m */ = {isa = PBXFileReference; fileEncoding = 4; lastKnownFileType = sourcecode.c.objc; path = Reachability.m; sourceTree = "<group>"; };
		75BD1A7E1ADBC65D00DE6491 /* TConnectionBase.h */ = {isa = PBXFileReference; fileEncoding = 4; lastKnownFileType = sourcecode.c.h; path = TConnectionBase.h; sourceTree = "<group>"; };
		75BD1A7F1ADBC65D00DE6491 /* TConnectionBase.m */ = {isa = PBXFileReference; fileEncoding = 4; lastKnownFileType = sourcecode.c.objc; path = TConnectionBase.m; sourceTree = "<group>"; };
		75BD1A811ADBC6E300DE6491 /* TAPI.h */ = {isa = PBXFileReference; fileEncoding = 4; lastKnownFileType = sourcecode.c.h; path = TAPI.h; sourceTree = "<group>"; };
		75BD1A821ADBC6E400DE6491 /* TAPI.m */ = {isa = PBXFileReference; fileEncoding = 4; lastKnownFileType = sourcecode.c.objc; path = TAPI.m; sourceTree = "<group>"; };
		75BD1A841ADBC7B000DE6491 /* TConstants.h */ = {isa = PBXFileReference; lastKnownFileType = sourcecode.c.h; path = TConstants.h; sourceTree = "<group>"; };
		75BD1A851ADBC92400DE6491 /* TComponents-Prefix.pch */ = {isa = PBXFileReference; lastKnownFileType = sourcecode.c.h; path = "TComponents-Prefix.pch"; sourceTree = "<group>"; };
/* End PBXFileReference section */

/* Begin PBXFrameworksBuildPhase section */
		75BD17191ADB80F900DE6491 /* Frameworks */ = {
			isa = PBXFrameworksBuildPhase;
			buildActionMask = 2147483647;
			files = (
				753772371ADCBA9400F0B094 /* libZXingWidget.a in Frameworks */,
				75BD1A6B1ADBA41800DE6491 /* Security.framework in Frameworks */,
				75BD1A691ADBA40F00DE6491 /* MobileCoreServices.framework in Frameworks */,
				75BD1A671ADBA3FB00DE6491 /* libiconv.dylib in Frameworks */,
				75BD1A651ADBA3F500DE6491 /* libstdc++.dylib in Frameworks */,
				75BD18991ADBA1CB00DE6491 /* AudioToolbox.framework in Frameworks */,
				75BD18961ADB87F200DE6491 /* UIKit.framework in Frameworks */,
				75BD18941ADB87ED00DE6491 /* AVFoundation.framework in Frameworks */,
				75BD18921ADB87E800DE6491 /* CoreVideo.framework in Frameworks */,
				75BD188C1ADB87C600DE6491 /* CoreMedia.framework in Frameworks */,
				75BD18901ADB87D600DE6491 /* libsqlite3.dylib in Frameworks */,
				75BD188E1ADB87D100DE6491 /* libc++.dylib in Frameworks */,
				75BD188A1ADB87C000DE6491 /* AddressBookUI.framework in Frameworks */,
				75BD18881ADB87BC00DE6491 /* AddressBook.framework in Frameworks */,
				75BD18861ADB87B700DE6491 /* CoreGraphics.framework in Frameworks */,
				75BD18841ADB87AF00DE6491 /* SystemConfiguration.framework in Frameworks */,
				75BD18821ADB87A900DE6491 /* CoreTelephony.framework in Frameworks */,
				75BD18801ADB87A300DE6491 /* libz.dylib in Frameworks */,
			);
			runOnlyForDeploymentPostprocessing = 0;
		};
		75BD17321ADB80F900DE6491 /* Frameworks */ = {
			isa = PBXFrameworksBuildPhase;
			buildActionMask = 2147483647;
			files = (
			);
			runOnlyForDeploymentPostprocessing = 0;
		};
/* End PBXFrameworksBuildPhase section */

/* Begin PBXGroup section */
		7537722D1ADCBA8500F0B094 /* Products */ = {
			isa = PBXGroup;
			children = (
				753772321ADCBA8600F0B094 /* libZXingWidget.a */,
				753772341ADCBA8600F0B094 /* ZXingTests.octest */,
			);
			name = Products;
			sourceTree = "<group>";
		};
		75BD17131ADB80F900DE6491 = {
			isa = PBXGroup;
			children = (
				7537722C1ADCBA8500F0B094 /* ZXingWidget.xcodeproj */,
				75BD18971ADB884D00DE6491 /* Frameworks */,
				75BD171E1ADB80F900DE6491 /* TComponents */,
				75BD17381ADB80F900DE6491 /* TComponentsTests */,
				75BD171D1ADB80F900DE6491 /* Products */,
			);
			sourceTree = "<group>";
		};
		75BD171D1ADB80F900DE6491 /* Products */ = {
			isa = PBXGroup;
			children = (
				75BD171C1ADB80F900DE6491 /* TComponents.app */,
				75BD17351ADB80F900DE6491 /* TComponentsTests.xctest */,
			);
			name = Products;
			sourceTree = "<group>";
		};
		75BD171E1ADB80F900DE6491 /* TComponents */ = {
			isa = PBXGroup;
			children = (
				75BD18511ADB85F900DE6491 /* Utils */,
				75BD18491ADB856000DE6491 /* Views */,
				75BD17481ADB813200DE6491 /* Components */,
				75BD17461ADB811300DE6491 /* ThirdParties */,
				75BD17451ADB810700DE6491 /* Connections */,
				75BD17231ADB80F900DE6491 /* AppDelegate.h */,
				75BD17241ADB80F900DE6491 /* AppDelegate.m */,
				75BD17261ADB80F900DE6491 /* ViewController.h */,
				75BD17271ADB80F900DE6491 /* ViewController.m */,
				75BD17291ADB80F900DE6491 /* Main.storyboard */,
				75BD172C1ADB80F900DE6491 /* Images.xcassets */,
				75BD172E1ADB80F900DE6491 /* LaunchScreen.xib */,
				75BD171F1ADB80F900DE6491 /* Supporting Files */,
			);
			path = TComponents;
			sourceTree = "<group>";
		};
		75BD171F1ADB80F900DE6491 /* Supporting Files */ = {
			isa = PBXGroup;
			children = (
				75BD17201ADB80F900DE6491 /* Info.plist */,
				75BD17211ADB80F900DE6491 /* main.m */,
				75BD1A851ADBC92400DE6491 /* TComponents-Prefix.pch */,
			);
			name = "Supporting Files";
			sourceTree = "<group>";
		};
		75BD17381ADB80F900DE6491 /* TComponentsTests */ = {
			isa = PBXGroup;
			children = (
				75BD173B1ADB80F900DE6491 /* TComponentsTests.m */,
				75BD17391ADB80F900DE6491 /* Supporting Files */,
			);
			path = TComponentsTests;
			sourceTree = "<group>";
		};
		75BD17391ADB80F900DE6491 /* Supporting Files */ = {
			isa = PBXGroup;
			children = (
				75BD173A1ADB80F900DE6491 /* Info.plist */,
			);
			name = "Supporting Files";
			sourceTree = "<group>";
		};
		75BD17451ADB810700DE6491 /* Connections */ = {
			isa = PBXGroup;
			children = (
				75BD1A7B1ADBC63600DE6491 /* Reachability.h */,
				75BD1A7C1ADBC63600DE6491 /* Reachability.m */,
				75BD1A7E1ADBC65D00DE6491 /* TConnectionBase.h */,
				75BD1A7F1ADBC65D00DE6491 /* TConnectionBase.m */,
				75BD1A811ADBC6E300DE6491 /* TAPI.h */,
				75BD1A821ADBC6E400DE6491 /* TAPI.m */,
			);
			path = Connections;
			sourceTree = "<group>";
		};
		75BD17461ADB811300DE6491 /* ThirdParties */ = {
			isa = PBXGroup;
			children = (
				75BD18651ADB86A000DE6491 /* BFPaperButton.h */,
				75BD18661ADB86A000DE6491 /* BFPaperButton.m */,
				75BD18671ADB86A000DE6491 /* INSPullToRefresh */,
				75BD18721ADB86A000DE6491 /* MBProgressHUD */,
				75BD17491ADB850700DE6491 /* fmdb */,
				75BD17551ADB850700DE6491 /* FMDB_Migration */,
				75BD175C1ADB850700DE6491 /* FontAwesomeKit */,
			);
			path = ThirdParties;
			sourceTree = "<group>";
		};
		75BD17481ADB813200DE6491 /* Components */ = {
			isa = PBXGroup;
			children = (
				75BD18431ADB853D00DE6491 /* TTableView.h */,
				75BD18441ADB853D00DE6491 /* TTableView.m */,
				75BD18461ADB854D00DE6491 /* TGroupTableView.h */,
				75BD18471ADB854D00DE6491 /* TGroupTableView.m */,
			);
			path = Components;
			sourceTree = "<group>";
		};
		75BD17491ADB850700DE6491 /* fmdb */ = {
			isa = PBXGroup;
			children = (
				75BD174A1ADB850700DE6491 /* FMDatabase.h */,
				75BD174B1ADB850700DE6491 /* FMDatabase.m */,
				75BD174C1ADB850700DE6491 /* FMDatabaseAdditions.h */,
				75BD174D1ADB850700DE6491 /* FMDatabaseAdditions.m */,
				75BD174E1ADB850700DE6491 /* FMDatabasePool.h */,
				75BD174F1ADB850700DE6491 /* FMDatabasePool.m */,
				75BD17501ADB850700DE6491 /* FMDatabaseQueue.h */,
				75BD17511ADB850700DE6491 /* FMDatabaseQueue.m */,
				75BD17521ADB850700DE6491 /* FMDB.h */,
				75BD17531ADB850700DE6491 /* FMResultSet.h */,
				75BD17541ADB850700DE6491 /* FMResultSet.m */,
			);
			path = fmdb;
			sourceTree = "<group>";
		};
		75BD17551ADB850700DE6491 /* FMDB_Migration */ = {
			isa = PBXGroup;
			children = (
				75BD17561ADB850700DE6491 /* FBDMMigration.m */,
				75BD17571ADB850700DE6491 /* FMDBMigration.h */,
				75BD17581ADB850700DE6491 /* FMDBMigrationColumn.h */,
				75BD17591ADB850700DE6491 /* FMDBMigrationColumn.m */,
				75BD175A1ADB850700DE6491 /* FMDBMigrationManager.h */,
				75BD175B1ADB850700DE6491 /* FMDBMigrationManager.m */,
			);
			path = FMDB_Migration;
			sourceTree = "<group>";
		};
		75BD175C1ADB850700DE6491 /* FontAwesomeKit */ = {
			isa = PBXGroup;
			children = (
				75BD175D1ADB850700DE6491 /* FAKFontAwesome.h */,
				75BD175E1ADB850700DE6491 /* FAKFontAwesome.m */,
				75BD175F1ADB850700DE6491 /* FAKFoundationIcons.h */,
				75BD17601ADB850700DE6491 /* FAKFoundationIcons.m */,
				75BD17611ADB850700DE6491 /* FAKIcon.h */,
				75BD17621ADB850700DE6491 /* FAKIcon.m */,
				75BD17631ADB850700DE6491 /* FAKIonIcons.h */,
				75BD17641ADB850700DE6491 /* FAKIonIcons.m */,
				75BD17651ADB850700DE6491 /* FAKZocial.h */,
				75BD17661ADB850700DE6491 /* FAKZocial.m */,
				75BD17671ADB850700DE6491 /* FontAwesome.otf */,
				75BD17681ADB850700DE6491 /* FontAwesomeKit.h */,
				75BD17691ADB850700DE6491 /* foundation-icons.ttf */,
				75BD176A1ADB850700DE6491 /* ionicons.ttf */,
				75BD176B1ADB850700DE6491 /* zocial-regular-webfont.ttf */,
			);
			path = FontAwesomeKit;
			sourceTree = "<group>";
		};
		75BD18491ADB856000DE6491 /* Views */ = {
			isa = PBXGroup;
			children = (
				75BD184A1ADB85D600DE6491 /* TViewCell.h */,
				75BD184B1ADB85D600DE6491 /* TViewCell.m */,
			);
			path = Views;
			sourceTree = "<group>";
		};
		75BD18511ADB85F900DE6491 /* Utils */ = {
			isa = PBXGroup;
			children = (
				75BD18551ADB860200DE6491 /* Categories */,
				75BD18521ADB85F900DE6491 /* TUtils.h */,
				75BD18531ADB85F900DE6491 /* TUtils.m */,
				75BD1A841ADBC7B000DE6491 /* TConstants.h */,
			);
			path = Utils;
			sourceTree = "<group>";
		};
		75BD18551ADB860200DE6491 /* Categories */ = {
			isa = PBXGroup;
			children = (
				75BD18561ADB862300DE6491 /* NSData+Util.h */,
				75BD18571ADB862300DE6491 /* NSData+Util.m */,
				75BD18581ADB862300DE6491 /* NSString+Util.h */,
				75BD18591ADB862300DE6491 /* NSString+Util.m */,
				75BD185A1ADB862300DE6491 /* UIColor+BFPaperColors.h */,
				75BD185B1ADB862300DE6491 /* UIColor+BFPaperColors.m */,
				75BD185C1ADB862300DE6491 /* UILabel+DynamicHeight.h */,
				75BD185D1ADB862300DE6491 /* UILabel+DynamicHeight.m */,
				75BD185E1ADB862300DE6491 /* UIView+Util.h */,
				75BD185F1ADB862300DE6491 /* UIView+Util.m */,
			);
			name = Categories;
			sourceTree = "<group>";
		};
		75BD18671ADB86A000DE6491 /* INSPullToRefresh */ = {
			isa = PBXGroup;
			children = (
				75BD18681ADB86A000DE6491 /* INSInfiniteScrollBackgroundView.h */,
				75BD18691ADB86A000DE6491 /* INSInfiniteScrollBackgroundView.m */,
				75BD186A1ADB86A000DE6491 /* INSPullToRefreshBackgroundView.h */,
				75BD186B1ADB86A000DE6491 /* INSPullToRefreshBackgroundView.m */,
				75BD186C1ADB86A000DE6491 /* Pinterest */,
				75BD18701ADB86A000DE6491 /* UIScrollView+INSPullToRefresh.h */,
				75BD18711ADB86A000DE6491 /* UIScrollView+INSPullToRefresh.m */,
			);
			path = INSPullToRefresh;
			sourceTree = "<group>";
		};
		75BD186C1ADB86A000DE6491 /* Pinterest */ = {
			isa = PBXGroup;
			children = (
				75BD186D1ADB86A000DE6491 /* INSAnimatable.h */,
				75BD186E1ADB86A000DE6491 /* INSPinterestPullToRefresh.h */,
				75BD186F1ADB86A000DE6491 /* INSPinterestPullToRefresh.m */,
			);
			path = Pinterest;
			sourceTree = "<group>";
		};
		75BD18721ADB86A000DE6491 /* MBProgressHUD */ = {
			isa = PBXGroup;
			children = (
				75BD18731ADB86A000DE6491 /* MBProgressHUD.h */,
				75BD18741ADB86A000DE6491 /* MBProgressHUD.m */,
			);
			path = MBProgressHUD;
			sourceTree = "<group>";
		};
		75BD18971ADB884D00DE6491 /* Frameworks */ = {
			isa = PBXGroup;
			children = (
				75BD1A6A1ADBA41800DE6491 /* Security.framework */,
				75BD1A681ADBA40F00DE6491 /* MobileCoreServices.framework */,
				75BD1A661ADBA3FB00DE6491 /* libiconv.dylib */,
				75BD1A641ADBA3F500DE6491 /* libstdc++.dylib */,
				75BD18981ADBA1CB00DE6491 /* AudioToolbox.framework */,
				75BD18951ADB87F200DE6491 /* UIKit.framework */,
				75BD18931ADB87ED00DE6491 /* AVFoundation.framework */,
				75BD18911ADB87E800DE6491 /* CoreVideo.framework */,
				75BD188F1ADB87D600DE6491 /* libsqlite3.dylib */,
				75BD188D1ADB87D100DE6491 /* libc++.dylib */,
				75BD188B1ADB87C600DE6491 /* CoreMedia.framework */,
				75BD18891ADB87C000DE6491 /* AddressBookUI.framework */,
				75BD18871ADB87BC00DE6491 /* AddressBook.framework */,
				75BD18851ADB87B700DE6491 /* CoreGraphics.framework */,
				75BD18831ADB87AF00DE6491 /* SystemConfiguration.framework */,
				75BD18811ADB87A900DE6491 /* CoreTelephony.framework */,
				75BD187F1ADB87A300DE6491 /* libz.dylib */,
			);
			name = Frameworks;
			sourceTree = "<group>";
		};
/* End PBXGroup section */

/* Begin PBXNativeTarget section */
		75BD171B1ADB80F900DE6491 /* TComponents */ = {
			isa = PBXNativeTarget;
			buildConfigurationList = 75BD173F1ADB80F900DE6491 /* Build configuration list for PBXNativeTarget "TComponents" */;
			buildPhases = (
				75BD17181ADB80F900DE6491 /* Sources */,
				75BD17191ADB80F900DE6491 /* Frameworks */,
				75BD171A1ADB80F900DE6491 /* Resources */,
			);
			buildRules = (
			);
			dependencies = (
				753772361ADCBA8C00F0B094 /* PBXTargetDependency */,
			);
			name = TComponents;
			productName = TComponents;
			productReference = 75BD171C1ADB80F900DE6491 /* TComponents.app */;
			productType = "com.apple.product-type.application";
		};
		75BD17341ADB80F900DE6491 /* TComponentsTests */ = {
			isa = PBXNativeTarget;
			buildConfigurationList = 75BD17421ADB80F900DE6491 /* Build configuration list for PBXNativeTarget "TComponentsTests" */;
			buildPhases = (
				75BD17311ADB80F900DE6491 /* Sources */,
				75BD17321ADB80F900DE6491 /* Frameworks */,
				75BD17331ADB80F900DE6491 /* Resources */,
			);
			buildRules = (
			);
			dependencies = (
				75BD17371ADB80F900DE6491 /* PBXTargetDependency */,
			);
			name = TComponentsTests;
			productName = TComponentsTests;
			productReference = 75BD17351ADB80F900DE6491 /* TComponentsTests.xctest */;
			productType = "com.apple.product-type.bundle.unit-test";
		};
/* End PBXNativeTarget section */

/* Begin PBXProject section */
		75BD17141ADB80F900DE6491 /* Project object */ = {
			isa = PBXProject;
			attributes = {
				CLASSPREFIX = T;
				LastUpgradeCheck = 0620;
				ORGANIZATIONNAME = "Than Dang";
				TargetAttributes = {
					75BD171B1ADB80F900DE6491 = {
						CreatedOnToolsVersion = 6.2;
					};
					75BD17341ADB80F900DE6491 = {
						CreatedOnToolsVersion = 6.2;
						TestTargetID = 75BD171B1ADB80F900DE6491;
					};
				};
			};
			buildConfigurationList = 75BD17171ADB80F900DE6491 /* Build configuration list for PBXProject "TComponents" */;
			compatibilityVersion = "Xcode 3.2";
			developmentRegion = English;
			hasScannedForEncodings = 0;
			knownRegions = (
				en,
				Base,
			);
			mainGroup = 75BD17131ADB80F900DE6491;
			productRefGroup = 75BD171D1ADB80F900DE6491 /* Products */;
			projectDirPath = "";
			projectReferences = (
				{
					ProductGroup = 7537722D1ADCBA8500F0B094 /* Products */;
					ProjectRef = 7537722C1ADCBA8500F0B094 /* ZXingWidget.xcodeproj */;
				},
			);
			projectRoot = "";
			targets = (
				75BD171B1ADB80F900DE6491 /* TComponents */,
				75BD17341ADB80F900DE6491 /* TComponentsTests */,
			);
		};
/* End PBXProject section */

/* Begin PBXReferenceProxy section */
		753772321ADCBA8600F0B094 /* libZXingWidget.a */ = {
			isa = PBXReferenceProxy;
			fileType = archive.ar;
			path = libZXingWidget.a;
			remoteRef = 753772311ADCBA8600F0B094 /* PBXContainerItemProxy */;
			sourceTree = BUILT_PRODUCTS_DIR;
		};
		753772341ADCBA8600F0B094 /* ZXingTests.octest */ = {
			isa = PBXReferenceProxy;
			fileType = wrapper.cfbundle;
			path = ZXingTests.octest;
			remoteRef = 753772331ADCBA8600F0B094 /* PBXContainerItemProxy */;
			sourceTree = BUILT_PRODUCTS_DIR;
		};
/* End PBXReferenceProxy section */

/* Begin PBXResourcesBuildPhase section */
		75BD171A1ADB80F900DE6491 /* Resources */ = {
			isa = PBXResourcesBuildPhase;
			buildActionMask = 2147483647;
			files = (
				75BD17FA1ADB850700DE6491 /* ionicons.ttf in Resources */,
				75BD172B1ADB80F900DE6491 /* Main.storyboard in Resources */,
				75BD17301ADB80F900DE6491 /* LaunchScreen.xib in Resources */,
				75BD17FB1ADB850700DE6491 /* zocial-regular-webfont.ttf in Resources */,
				75BD17F81ADB850700DE6491 /* FontAwesome.otf in Resources */,
				75BD172D1ADB80F900DE6491 /* Images.xcassets in Resources */,
				75BD17F91ADB850700DE6491 /* foundation-icons.ttf in Resources */,
			);
			runOnlyForDeploymentPostprocessing = 0;
		};
		75BD17331ADB80F900DE6491 /* Resources */ = {
			isa = PBXResourcesBuildPhase;
			buildActionMask = 2147483647;
			files = (
			);
			runOnlyForDeploymentPostprocessing = 0;
		};
/* End PBXResourcesBuildPhase section */

/* Begin PBXSourcesBuildPhase section */
		75BD17181ADB80F900DE6491 /* Sources */ = {
			isa = PBXSourcesBuildPhase;
			buildActionMask = 2147483647;
			files = (
				75BD17F01ADB850700DE6491 /* FBDMMigration.m in Sources */,
				75BD18611ADB862300DE6491 /* NSString+Util.m in Sources */,
				75BD17281ADB80F900DE6491 /* ViewController.m in Sources */,
				75BD187A1ADB86A000DE6491 /* INSPinterestPullToRefresh.m in Sources */,
				75BD17ED1ADB850700DE6491 /* FMDatabasePool.m in Sources */,
				75BD1A831ADBC6E400DE6491 /* TAPI.m in Sources */,
				75BD17F11ADB850700DE6491 /* FMDBMigrationColumn.m in Sources */,
				75BD18781ADB86A000DE6491 /* INSInfiniteScrollBackgroundView.m in Sources */,
				75BD17251ADB80F900DE6491 /* AppDelegate.m in Sources */,
				75BD18541ADB85F900DE6491 /* TUtils.m in Sources */,
				75BD18791ADB86A000DE6491 /* INSPullToRefreshBackgroundView.m in Sources */,
				75BD17F61ADB850700DE6491 /* FAKIonIcons.m in Sources */,
				75BD17F31ADB850700DE6491 /* FAKFontAwesome.m in Sources */,
				75BD17EE1ADB850700DE6491 /* FMDatabaseQueue.m in Sources */,
				75BD17F51ADB850700DE6491 /* FAKIcon.m in Sources */,
				75BD17221ADB80F900DE6491 /* main.m in Sources */,
				75BD17F71ADB850700DE6491 /* FAKZocial.m in Sources */,
				75BD17F21ADB850700DE6491 /* FMDBMigrationManager.m in Sources */,
				75BD18451ADB853D00DE6491 /* TTableView.m in Sources */,
				75BD18771ADB86A000DE6491 /* BFPaperButton.m in Sources */,
				75BD17EB1ADB850700DE6491 /* FMDatabase.m in Sources */,
				75BD18481ADB854D00DE6491 /* TGroupTableView.m in Sources */,
				75BD18641ADB862300DE6491 /* UIView+Util.m in Sources */,
				75BD184C1ADB85D600DE6491 /* TViewCell.m in Sources */,
				75BD18601ADB862300DE6491 /* NSData+Util.m in Sources */,
				75BD187C1ADB86A000DE6491 /* MBProgressHUD.m in Sources */,
				75BD1A7D1ADBC63600DE6491 /* Reachability.m in Sources */,
				75BD17F41ADB850700DE6491 /* FAKFoundationIcons.m in Sources */,
				75BD1A801ADBC65D00DE6491 /* TConnectionBase.m in Sources */,
				75BD17EF1ADB850700DE6491 /* FMResultSet.m in Sources */,
				75BD18631ADB862300DE6491 /* UILabel+DynamicHeight.m in Sources */,
				75BD18621ADB862300DE6491 /* UIColor+BFPaperColors.m in Sources */,
				75BD17EC1ADB850700DE6491 /* FMDatabaseAdditions.m in Sources */,
				75BD187B1ADB86A000DE6491 /* UIScrollView+INSPullToRefresh.m in Sources */,
			);
			runOnlyForDeploymentPostprocessing = 0;
		};
		75BD17311ADB80F900DE6491 /* Sources */ = {
			isa = PBXSourcesBuildPhase;
			buildActionMask = 2147483647;
			files = (
				75BD173C1ADB80F900DE6491 /* TComponentsTests.m in Sources */,
			);
			runOnlyForDeploymentPostprocessing = 0;
		};
/* End PBXSourcesBuildPhase section */

/* Begin PBXTargetDependency section */
		753772361ADCBA8C00F0B094 /* PBXTargetDependency */ = {
			isa = PBXTargetDependency;
			name = ZXingWidget;
			targetProxy = 753772351ADCBA8C00F0B094 /* PBXContainerItemProxy */;
		};
		75BD17371ADB80F900DE6491 /* PBXTargetDependency */ = {
			isa = PBXTargetDependency;
			target = 75BD171B1ADB80F900DE6491 /* TComponents */;
			targetProxy = 75BD17361ADB80F900DE6491 /* PBXContainerItemProxy */;
		};
/* End PBXTargetDependency section */

/* Begin PBXVariantGroup section */
		75BD17291ADB80F900DE6491 /* Main.storyboard */ = {
			isa = PBXVariantGroup;
			children = (
				75BD172A1ADB80F900DE6491 /* Base */,
			);
			name = Main.storyboard;
			sourceTree = "<group>";
		};
		75BD172E1ADB80F900DE6491 /* LaunchScreen.xib */ = {
			isa = PBXVariantGroup;
			children = (
				75BD172F1ADB80F900DE6491 /* Base */,
			);
			name = LaunchScreen.xib;
			sourceTree = "<group>";
		};
/* End PBXVariantGroup section */

/* Begin XCBuildConfiguration section */
		75BD173D1ADB80F900DE6491 /* Debug */ = {
			isa = XCBuildConfiguration;
			buildSettings = {
				ALWAYS_SEARCH_USER_PATHS = NO;
				CLANG_CXX_LANGUAGE_STANDARD = "gnu++0x";
				CLANG_CXX_LIBRARY = "libc++";
				CLANG_ENABLE_MODULES = YES;
				CLANG_ENABLE_OBJC_ARC = YES;
				CLANG_WARN_BOOL_CONVERSION = YES;
				CLANG_WARN_CONSTANT_CONVERSION = YES;
				CLANG_WARN_DIRECT_OBJC_ISA_USAGE = YES_ERROR;
				CLANG_WARN_EMPTY_BODY = YES;
				CLANG_WARN_ENUM_CONVERSION = YES;
				CLANG_WARN_INT_CONVERSION = YES;
				CLANG_WARN_OBJC_ROOT_CLASS = YES_ERROR;
				CLANG_WARN_UNREACHABLE_CODE = YES;
				CLANG_WARN__DUPLICATE_METHOD_MATCH = YES;
				"CODE_SIGN_IDENTITY[sdk=iphoneos*]" = "iPhone Developer";
				COPY_PHASE_STRIP = NO;
				ENABLE_STRICT_OBJC_MSGSEND = YES;
				GCC_C_LANGUAGE_STANDARD = gnu99;
				GCC_DYNAMIC_NO_PIC = NO;
				GCC_OPTIMIZATION_LEVEL = 0;
				GCC_PREPROCESSOR_DEFINITIONS = (
					"DEBUG=1",
					"$(inherited)",
				);
				GCC_SYMBOLS_PRIVATE_EXTERN = NO;
				GCC_WARN_64_TO_32_BIT_CONVERSION = YES;
				GCC_WARN_ABOUT_RETURN_TYPE = YES_ERROR;
				GCC_WARN_UNDECLARED_SELECTOR = YES;
				GCC_WARN_UNINITIALIZED_AUTOS = YES_AGGRESSIVE;
				GCC_WARN_UNUSED_FUNCTION = YES;
				GCC_WARN_UNUSED_VARIABLE = YES;
				IPHONEOS_DEPLOYMENT_TARGET = 8.2;
				MTL_ENABLE_DEBUG_INFO = YES;
				ONLY_ACTIVE_ARCH = YES;
				SDKROOT = iphoneos;
				TARGETED_DEVICE_FAMILY = "1,2";
			};
			name = Debug;
		};
		75BD173E1ADB80F900DE6491 /* Release */ = {
			isa = XCBuildConfiguration;
			buildSettings = {
				ALWAYS_SEARCH_USER_PATHS = NO;
				CLANG_CXX_LANGUAGE_STANDARD = "gnu++0x";
				CLANG_CXX_LIBRARY = "libc++";
				CLANG_ENABLE_MODULES = YES;
				CLANG_ENABLE_OBJC_ARC = YES;
				CLANG_WARN_BOOL_CONVERSION = YES;
				CLANG_WARN_CONSTANT_CONVERSION = YES;
				CLANG_WARN_DIRECT_OBJC_ISA_USAGE = YES_ERROR;
				CLANG_WARN_EMPTY_BODY = YES;
				CLANG_WARN_ENUM_CONVERSION = YES;
				CLANG_WARN_INT_CONVERSION = YES;
				CLANG_WARN_OBJC_ROOT_CLASS = YES_ERROR;
				CLANG_WARN_UNREACHABLE_CODE = YES;
				CLANG_WARN__DUPLICATE_METHOD_MATCH = YES;
				"CODE_SIGN_IDENTITY[sdk=iphoneos*]" = "iPhone Developer";
				COPY_PHASE_STRIP = NO;
				ENABLE_NS_ASSERTIONS = NO;
				ENABLE_STRICT_OBJC_MSGSEND = YES;
				GCC_C_LANGUAGE_STANDARD = gnu99;
				GCC_WARN_64_TO_32_BIT_CONVERSION = YES;
				GCC_WARN_ABOUT_RETURN_TYPE = YES_ERROR;
				GCC_WARN_UNDECLARED_SELECTOR = YES;
				GCC_WARN_UNINITIALIZED_AUTOS = YES_AGGRESSIVE;
				GCC_WARN_UNUSED_FUNCTION = YES;
				GCC_WARN_UNUSED_VARIABLE = YES;
				IPHONEOS_DEPLOYMENT_TARGET = 8.2;
				MTL_ENABLE_DEBUG_INFO = NO;
				SDKROOT = iphoneos;
				TARGETED_DEVICE_FAMILY = "1,2";
				VALIDATE_PRODUCT = YES;
			};
			name = Release;
		};
		75BD17401ADB80F900DE6491 /* Debug */ = {
			isa = XCBuildConfiguration;
			buildSettings = {
				ASSETCATALOG_COMPILER_APPICON_NAME = AppIcon;
				ASSETCATALOG_COMPILER_LAUNCHIMAGE_NAME = LaunchImage;
				CLANG_CXX_LANGUAGE_STANDARD = "compiler-default";
				CLANG_CXX_LIBRARY = "compiler-default";
				FRAMEWORK_SEARCH_PATHS = "$(PROJECT_DIR)/TComponents/ThirdParties";
				GCC_C_LANGUAGE_STANDARD = "compiler-default";
				GCC_PREFIX_HEADER = "TComponents/TComponents-Prefix.pch";
				HEADER_SEARCH_PATHS = (
					"TComponents/ThirdParties/ZXingWidget/Classes/**",
					"$(inherited)",
					/Applications/Xcode.app/Contents/Developer/Toolchains/XcodeDefault.xctoolchain/usr/include,
					TComponents/cpp/core/src,
				);
				INFOPLIST_FILE = TComponents/Info.plist;
				IPHONEOS_DEPLOYMENT_TARGET = 7.0;
				LD_RUNPATH_SEARCH_PATHS = "$(inherited) @executable_path/Frameworks";
				PRODUCT_NAME = "$(TARGET_NAME)";
			};
			name = Debug;
		};
		75BD17411ADB80F900DE6491 /* Release */ = {
			isa = XCBuildConfiguration;
			buildSettings = {
				ASSETCATALOG_COMPILER_APPICON_NAME = AppIcon;
				ASSETCATALOG_COMPILER_LAUNCHIMAGE_NAME = LaunchImage;
				CLANG_CXX_LANGUAGE_STANDARD = "compiler-default";
				CLANG_CXX_LIBRARY = "compiler-default";
				FRAMEWORK_SEARCH_PATHS = "$(PROJECT_DIR)/TComponents/ThirdParties";
				GCC_C_LANGUAGE_STANDARD = "compiler-default";
				GCC_PREFIX_HEADER = "TComponents/TComponents-Prefix.pch";
				HEADER_SEARCH_PATHS = (
					"TComponents/ThirdParties/ZXingWidget/Classes/**",
					"$(inherited)",
					/Applications/Xcode.app/Contents/Developer/Toolchains/XcodeDefault.xctoolchain/usr/include,
					TComponents/cpp/core/src,
				);
				INFOPLIST_FILE = TComponents/Info.plist;
				IPHONEOS_DEPLOYMENT_TARGET = 7.0;
				LD_RUNPATH_SEARCH_PATHS = "$(inherited) @executable_path/Frameworks";
				PRODUCT_NAME = "$(TARGET_NAME)";
			};
			name = Release;
		};
		75BD17431ADB80F900DE6491 /* Debug */ = {
			isa = XCBuildConfiguration;
			buildSettings = {
				BUNDLE_LOADER = "$(TEST_HOST)";
				FRAMEWORK_SEARCH_PATHS = (
					"$(SDKROOT)/Developer/Library/Frameworks",
					"$(inherited)",
				);
				GCC_PREPROCESSOR_DEFINITIONS = (
					"DEBUG=1",
					"$(inherited)",
				);
				INFOPLIST_FILE = TComponentsTests/Info.plist;
				LD_RUNPATH_SEARCH_PATHS = "$(inherited) @executable_path/Frameworks @loader_path/Frameworks";
				PRODUCT_NAME = "$(TARGET_NAME)";
				TEST_HOST = "$(BUILT_PRODUCTS_DIR)/TComponents.app/TComponents";
			};
			name = Debug;
		};
		75BD17441ADB80F900DE6491 /* Release */ = {
			isa = XCBuildConfiguration;
			buildSettings = {
				BUNDLE_LOADER = "$(TEST_HOST)";
				FRAMEWORK_SEARCH_PATHS = (
					"$(SDKROOT)/Developer/Library/Frameworks",
					"$(inherited)",
				);
				INFOPLIST_FILE = TComponentsTests/Info.plist;
				LD_RUNPATH_SEARCH_PATHS = "$(inherited) @executable_path/Frameworks @loader_path/Frameworks";
				PRODUCT_NAME = "$(TARGET_NAME)";
				TEST_HOST = "$(BUILT_PRODUCTS_DIR)/TComponents.app/TComponents";
			};
			name = Release;
		};
/* End XCBuildConfiguration section */

/* Begin XCConfigurationList section */
		75BD17171ADB80F900DE6491 /* Build configuration list for PBXProject "TComponents" */ = {
			isa = XCConfigurationList;
			buildConfigurations = (
				75BD173D1ADB80F900DE6491 /* Debug */,
				75BD173E1ADB80F900DE6491 /* Release */,
			);
			defaultConfigurationIsVisible = 0;
			defaultConfigurationName = Release;
		};
		75BD173F1ADB80F900DE6491 /* Build configuration list for PBXNativeTarget "TComponents" */ = {
			isa = XCConfigurationList;
			buildConfigurations = (
				75BD17401ADB80F900DE6491 /* Debug */,
				75BD17411ADB80F900DE6491 /* Release */,
			);
			defaultConfigurationIsVisible = 0;
			defaultConfigurationName = Release;
		};
		75BD17421ADB80F900DE6491 /* Build configuration list for PBXNativeTarget "TComponentsTests" */ = {
			isa = XCConfigurationList;
			buildConfigurations = (
				75BD17431ADB80F900DE6491 /* Debug */,
				75BD17441ADB80F900DE6491 /* Release */,
			);
			defaultConfigurationIsVisible = 0;
			defaultConfigurationName = Release;
		};
/* End XCConfigurationList section */
	};
	rootObject = 75BD17141ADB80F900DE6491 /* Project object */;
}
